
Microsoft Visual Studio Solution File, Format Version 12.00
# Visual Studio 15
VisualStudioVersion = 15.0.27130.2026
MinimumVisualStudioVersion = 10.0.40219.1
Project("{2150E333-8FDC-42A3-9474-1A3956D46DE8}") = "0-类库、单元测试", "0-类库、单元测试", "{9E780084-EC6A-4CF0-AF28-324710C6D702}"
EndProject
Project("{2150E333-8FDC-42A3-9474-1A3956D46DE8}") = "1-基础题（2.2.1~2.2.9）", "1-基础题（2.2.1~2.2.9）", "{4FCC4BCB-3192-4153-B45D-597CFD2CF8F3}"
EndProject
Project("{2150E333-8FDC-42A3-9474-1A3956D46DE8}") = "2-提高题（2.2.10~2.2.22）", "2-提高题（2.2.10~2.2.22）", "{80A6F261-73A2-4B56-801B-FA96686CFB4F}"
EndProject
Project("{2150E333-8FDC-42A3-9474-1A3956D46DE8}") = "3-实验题（2.2.23~2.2.29）", "3-实验题（2.2.23~2.2.29）", "{564EAFEA-FD6D-43EA-B766-76826F90327E}"
EndProject
Project("{FAE04EC0-301F-11D3-BF4B-00C04F79EFBC}") = "Merge", "Merge\Merge.csproj", "{86319415-44D5-4BEB-9BD9-87D7E1EFA36E}"
EndProject
Project("{FAE04EC0-301F-11D3-BF4B-00C04F79EFBC}") = "2.2.1", "2.2.1\2.2.1.csproj", "{09954005-E9F6-4D9D-A1BF-14538920ED0E}"
EndProject
Project("{FAE04EC0-301F-11D3-BF4B-00C04F79EFBC}") = "2.2.2", "2.2.2\2.2.2.csproj", "{806BE649-1EE5-42C1-B4CD-9A1D534AF222}"
EndProject
Project("{FAE04EC0-301F-11D3-BF4B-00C04F79EFBC}") = "2.2.3", "2.2.3\2.2.3.csproj", "{2C7A44A0-AEC2-4EDF-B819-806C716D254A}"
EndProject
Project("{FAE04EC0-301F-11D3-BF4B-00C04F79EFBC}") = "2.2.4", "2.2.4\2.2.4.csproj", "{40C2B823-D0CF-4A7A-85B8-2EDC67EA0CA4}"
EndProject
Project("{FAE04EC0-301F-11D3-BF4B-00C04F79EFBC}") = "2.2.6", "2.2.6\2.2.6.csproj", "{7F99D7C6-AB0B-4D35-9634-D40AFA80B569}"
EndProject
Project("{FAE04EC0-301F-11D3-BF4B-00C04F79EFBC}") = "2.2.5", "2.2.5\2.2.5.csproj", "{3CBB3304-AAB9-41D1-BFDC-75887E9385AA}"
EndProject
Project("{FAE04EC0-301F-11D3-BF4B-00C04F79EFBC}") = "2.2.7", "2.2.7\2.2.7.csproj", "{9ACCE518-E664-45A8-A1B7-D9A47E9C8089}"
EndProject
Project("{FAE04EC0-301F-11D3-BF4B-00C04F79EFBC}") = "2.2.8", "2.2.8\2.2.8.csproj", "{DCC687E5-86F4-4E54-951B-6CBA447C06DF}"
EndProject
Project("{FAE04EC0-301F-11D3-BF4B-00C04F79EFBC}") = "2.2.9", "2.2.9\2.2.9.csproj", "{B25C61A0-6D4D-4E80-A06F-368527E2CDF2}"
EndProject
Project("{FAE04EC0-301F-11D3-BF4B-00C04F79EFBC}") = "2.2.10", "2.2.10\2.2.10.csproj", "{D0137B20-F6B1-4129-8C22-6DC4203FACDB}"
EndProject
Project("{FAE04EC0-301F-11D3-BF4B-00C04F79EFBC}") = "2.2.11", "2.2.11\2.2.11.csproj", "{83B60AB5-2B5C-4160-82A9-BD114CAC5D57}"
EndProject
Project("{FAE04EC0-301F-11D3-BF4B-00C04F79EFBC}") = "2.2.12", "2.2.12\2.2.12.csproj", "{49343F2D-6788-4C86-ACEA-E9F743CE350C}"
EndProject
Project("{FAE04EC0-301F-11D3-BF4B-00C04F79EFBC}") = "2.2.13", "2.2.13\2.2.13.csproj", "{1B1D2AFC-EE8A-44EE-B373-D22146FCC80A}"
EndProject
Project("{FAE04EC0-301F-11D3-BF4B-00C04F79EFBC}") = "2.2.14", "2.2.14\2.2.14.csproj", "{36D88925-0B3E-4CC6-9DB1-ADD1B62041B5}"
EndProject
Project("{FAE04EC0-301F-11D3-BF4B-00C04F79EFBC}") = "2.2.15", "2.2.15\2.2.15.csproj", "{141FD1AF-9857-4217-A7B3-050B2D389A49}"
EndProject
Project("{FAE04EC0-301F-11D3-BF4B-00C04F79EFBC}") = "2.2.16", "2.2.16\2.2.16.csproj", "{E8C1D019-7FF2-4185-A6AA-E236C443E8B1}"
EndProject
Project("{FAE04EC0-301F-11D3-BF4B-00C04F79EFBC}") = "2.2.17", "2.2.17\2.2.17.csproj", "{5CECB69A-D66F-48C2-A250-5AAEA3148847}"
EndProject
Project("{FAE04EC0-301F-11D3-BF4B-00C04F79EFBC}") = "2.2.18", "2.2.18\2.2.18.csproj", "{AF7431CD-1A90-4AFE-A7C7-CD3B1D440652}"
EndProject
Project("{FAE04EC0-301F-11D3-BF4B-00C04F79EFBC}") = "2.2.19", "2.2.19\2.2.19.csproj", "{3C787FD1-07BE-4F80-A105-CA25DC5AFE9A}"
EndProject
Project("{FAE04EC0-301F-11D3-BF4B-00C04F79EFBC}") = "2.2.20", "2.2.20\2.2.20.csproj", "{AE4A87B0-6D15-452C-AEBA-E8A9A409B6BB}"
EndProject
Project("{FAE04EC0-301F-11D3-BF4B-00C04F79EFBC}") = "2.2.21", "2.2.21\2.2.21.csproj", "{CB6FA7DB-BC95-4C7B-839B-A655A9FFC712}"
EndProject
Project("{FAE04EC0-301F-11D3-BF4B-00C04F79EFBC}") = "2.2.22", "2.2.22\2.2.22.csproj", "{3B447AF3-752E-4B6B-813A-970FEA422C3B}"
EndProject
Project("{FAE04EC0-301F-11D3-BF4B-00C04F79EFBC}") = "2.2.23", "2.2.23\2.2.23.csproj", "{2CAB7746-D4FA-468E-8633-EF81AE746494}"
EndProject
Project("{FAE04EC0-301F-11D3-BF4B-00C04F79EFBC}") = "2.2.24", "2.2.24\2.2.24.csproj", "{AE3CF844-AC9F-4054-88C7-76B7D1BC6DAD}"
EndProject
Project("{FAE04EC0-301F-11D3-BF4B-00C04F79EFBC}") = "2.2.25", "2.2.25\2.2.25.csproj", "{A67DB9E4-3A0F-4946-BC1C-55DC4026CCA5}"
EndProject
Project("{FAE04EC0-301F-11D3-BF4B-00C04F79EFBC}") = "2.2.26", "2.2.26\2.2.26.csproj", "{DE6F6E65-7944-429A-B6DF-32607CF8A13C}"
EndProject
Project("{FAE04EC0-301F-11D3-BF4B-00C04F79EFBC}") = "2.2.27", "2.2.27\2.2.27.csproj", "{2F7A13F9-7F7B-49F9-A578-C9E6C402AFAD}"
EndProject
Project("{FAE04EC0-301F-11D3-BF4B-00C04F79EFBC}") = "2.2.28", "2.2.28\2.2.28.csproj", "{F891FFE5-90E9-447D-98D7-C0A23ACE63D7}"
EndProject
Project("{FAE04EC0-301F-11D3-BF4B-00C04F79EFBC}") = "2.2.29", "2.2.29\2.2.29.csproj", "{FFAB614C-0523-4FFF-82DF-56C2BFE138D0}"
EndProject
Global
	GlobalSection(SolutionConfigurationPlatforms) = preSolution
		Debug|Any CPU = Debug|Any CPU
		Release|Any CPU = Release|Any CPU
	EndGlobalSection
	GlobalSection(ProjectConfigurationPlatforms) = postSolution
		{86319415-44D5-4BEB-9BD9-87D7E1EFA36E}.Debug|Any CPU.ActiveCfg = Debug|Any CPU
		{86319415-44D5-4BEB-9BD9-87D7E1EFA36E}.Debug|Any CPU.Build.0 = Debug|Any CPU
		{86319415-44D5-4BEB-9BD9-87D7E1EFA36E}.Release|Any CPU.ActiveCfg = Release|Any CPU
		{86319415-44D5-4BEB-9BD9-87D7E1EFA36E}.Release|Any CPU.Build.0 = Release|Any CPU
		{09954005-E9F6-4D9D-A1BF-14538920ED0E}.Debug|Any CPU.ActiveCfg = Debug|Any CPU
		{09954005-E9F6-4D9D-A1BF-14538920ED0E}.Debug|Any CPU.Build.0 = Debug|Any CPU
		{09954005-E9F6-4D9D-A1BF-14538920ED0E}.Release|Any CPU.ActiveCfg = Release|Any CPU
		{09954005-E9F6-4D9D-A1BF-14538920ED0E}.Release|Any CPU.Build.0 = Release|Any CPU
		{806BE649-1EE5-42C1-B4CD-9A1D534AF222}.Debug|Any CPU.ActiveCfg = Debug|Any CPU
		{806BE649-1EE5-42C1-B4CD-9A1D534AF222}.Debug|Any CPU.Build.0 = Debug|Any CPU
		{806BE649-1EE5-42C1-B4CD-9A1D534AF222}.Release|Any CPU.ActiveCfg = Release|Any CPU
		{806BE649-1EE5-42C1-B4CD-9A1D534AF222}.Release|Any CPU.Build.0 = Release|Any CPU
		{2C7A44A0-AEC2-4EDF-B819-806C716D254A}.Debug|Any CPU.ActiveCfg = Debug|Any CPU
		{2C7A44A0-AEC2-4EDF-B819-806C716D254A}.Debug|Any CPU.Build.0 = Debug|Any CPU
		{2C7A44A0-AEC2-4EDF-B819-806C716D254A}.Release|Any CPU.ActiveCfg = Release|Any CPU
		{2C7A44A0-AEC2-4EDF-B819-806C716D254A}.Release|Any CPU.Build.0 = Release|Any CPU
		{40C2B823-D0CF-4A7A-85B8-2EDC67EA0CA4}.Debug|Any CPU.ActiveCfg = Debug|Any CPU
		{40C2B823-D0CF-4A7A-85B8-2EDC67EA0CA4}.Debug|Any CPU.Build.0 = Debug|Any CPU
		{40C2B823-D0CF-4A7A-85B8-2EDC67EA0CA4}.Release|Any CPU.ActiveCfg = Release|Any CPU
		{40C2B823-D0CF-4A7A-85B8-2EDC67EA0CA4}.Release|Any CPU.Build.0 = Release|Any CPU
		{7F99D7C6-AB0B-4D35-9634-D40AFA80B569}.Debug|Any CPU.ActiveCfg = Debug|Any CPU
		{7F99D7C6-AB0B-4D35-9634-D40AFA80B569}.Debug|Any CPU.Build.0 = Debug|Any CPU
		{7F99D7C6-AB0B-4D35-9634-D40AFA80B569}.Release|Any CPU.ActiveCfg = Release|Any CPU
		{7F99D7C6-AB0B-4D35-9634-D40AFA80B569}.Release|Any CPU.Build.0 = Release|Any CPU
		{3CBB3304-AAB9-41D1-BFDC-75887E9385AA}.Debug|Any CPU.ActiveCfg = Debug|Any CPU
		{3CBB3304-AAB9-41D1-BFDC-75887E9385AA}.Debug|Any CPU.Build.0 = Debug|Any CPU
		{3CBB3304-AAB9-41D1-BFDC-75887E9385AA}.Release|Any CPU.ActiveCfg = Release|Any CPU
		{3CBB3304-AAB9-41D1-BFDC-75887E9385AA}.Release|Any CPU.Build.0 = Release|Any CPU
		{9ACCE518-E664-45A8-A1B7-D9A47E9C8089}.Debug|Any CPU.ActiveCfg = Debug|Any CPU
		{9ACCE518-E664-45A8-A1B7-D9A47E9C8089}.Debug|Any CPU.Build.0 = Debug|Any CPU
		{9ACCE518-E664-45A8-A1B7-D9A47E9C8089}.Release|Any CPU.ActiveCfg = Release|Any CPU
		{9ACCE518-E664-45A8-A1B7-D9A47E9C8089}.Release|Any CPU.Build.0 = Release|Any CPU
		{DCC687E5-86F4-4E54-951B-6CBA447C06DF}.Debug|Any CPU.ActiveCfg = Debug|Any CPU
		{DCC687E5-86F4-4E54-951B-6CBA447C06DF}.Debug|Any CPU.Build.0 = Debug|Any CPU
		{DCC687E5-86F4-4E54-951B-6CBA447C06DF}.Release|Any CPU.ActiveCfg = Release|Any CPU
		{DCC687E5-86F4-4E54-951B-6CBA447C06DF}.Release|Any CPU.Build.0 = Release|Any CPU
		{B25C61A0-6D4D-4E80-A06F-368527E2CDF2}.Debug|Any CPU.ActiveCfg = Debug|Any CPU
		{B25C61A0-6D4D-4E80-A06F-368527E2CDF2}.Debug|Any CPU.Build.0 = Debug|Any CPU
		{B25C61A0-6D4D-4E80-A06F-368527E2CDF2}.Release|Any CPU.ActiveCfg = Release|Any CPU
		{B25C61A0-6D4D-4E80-A06F-368527E2CDF2}.Release|Any CPU.Build.0 = Release|Any CPU
		{D0137B20-F6B1-4129-8C22-6DC4203FACDB}.Debug|Any CPU.ActiveCfg = Debug|Any CPU
		{D0137B20-F6B1-4129-8C22-6DC4203FACDB}.Debug|Any CPU.Build.0 = Debug|Any CPU
		{D0137B20-F6B1-4129-8C22-6DC4203FACDB}.Release|Any CPU.ActiveCfg = Release|Any CPU
		{D0137B20-F6B1-4129-8C22-6DC4203FACDB}.Release|Any CPU.Build.0 = Release|Any CPU
		{83B60AB5-2B5C-4160-82A9-BD114CAC5D57}.Debug|Any CPU.ActiveCfg = Debug|Any CPU
		{83B60AB5-2B5C-4160-82A9-BD114CAC5D57}.Debug|Any CPU.Build.0 = Debug|Any CPU
		{83B60AB5-2B5C-4160-82A9-BD114CAC5D57}.Release|Any CPU.ActiveCfg = Release|Any CPU
		{83B60AB5-2B5C-4160-82A9-BD114CAC5D57}.Release|Any CPU.Build.0 = Release|Any CPU
		{49343F2D-6788-4C86-ACEA-E9F743CE350C}.Debug|Any CPU.ActiveCfg = Debug|Any CPU
		{49343F2D-6788-4C86-ACEA-E9F743CE350C}.Debug|Any CPU.Build.0 = Debug|Any CPU
		{49343F2D-6788-4C86-ACEA-E9F743CE350C}.Release|Any CPU.ActiveCfg = Release|Any CPU
		{49343F2D-6788-4C86-ACEA-E9F743CE350C}.Release|Any CPU.Build.0 = Release|Any CPU
		{1B1D2AFC-EE8A-44EE-B373-D22146FCC80A}.Debug|Any CPU.ActiveCfg = Debug|Any CPU
		{1B1D2AFC-EE8A-44EE-B373-D22146FCC80A}.Debug|Any CPU.Build.0 = Debug|Any CPU
		{1B1D2AFC-EE8A-44EE-B373-D22146FCC80A}.Release|Any CPU.ActiveCfg = Release|Any CPU
		{1B1D2AFC-EE8A-44EE-B373-D22146FCC80A}.Release|Any CPU.Build.0 = Release|Any CPU
		{36D88925-0B3E-4CC6-9DB1-ADD1B62041B5}.Debug|Any CPU.ActiveCfg = Debug|Any CPU
		{36D88925-0B3E-4CC6-9DB1-ADD1B62041B5}.Debug|Any CPU.Build.0 = Debug|Any CPU
		{36D88925-0B3E-4CC6-9DB1-ADD1B62041B5}.Release|Any CPU.ActiveCfg = Release|Any CPU
		{36D88925-0B3E-4CC6-9DB1-ADD1B62041B5}.Release|Any CPU.Build.0 = Release|Any CPU
		{141FD1AF-9857-4217-A7B3-050B2D389A49}.Debug|Any CPU.ActiveCfg = Debug|Any CPU
		{141FD1AF-9857-4217-A7B3-050B2D389A49}.Debug|Any CPU.Build.0 = Debug|Any CPU
		{141FD1AF-9857-4217-A7B3-050B2D389A49}.Release|Any CPU.ActiveCfg = Release|Any CPU
		{141FD1AF-9857-4217-A7B3-050B2D389A49}.Release|Any CPU.Build.0 = Release|Any CPU
		{E8C1D019-7FF2-4185-A6AA-E236C443E8B1}.Debug|Any CPU.ActiveCfg = Debug|Any CPU
		{E8C1D019-7FF2-4185-A6AA-E236C443E8B1}.Debug|Any CPU.Build.0 = Debug|Any CPU
		{E8C1D019-7FF2-4185-A6AA-E236C443E8B1}.Release|Any CPU.ActiveCfg = Release|Any CPU
		{E8C1D019-7FF2-4185-A6AA-E236C443E8B1}.Release|Any CPU.Build.0 = Release|Any CPU
		{5CECB69A-D66F-48C2-A250-5AAEA3148847}.Debug|Any CPU.ActiveCfg = Debug|Any CPU
		{5CECB69A-D66F-48C2-A250-5AAEA3148847}.Debug|Any CPU.Build.0 = Debug|Any CPU
		{5CECB69A-D66F-48C2-A250-5AAEA3148847}.Release|Any CPU.ActiveCfg = Release|Any CPU
		{5CECB69A-D66F-48C2-A250-5AAEA3148847}.Release|Any CPU.Build.0 = Release|Any CPU
		{AF7431CD-1A90-4AFE-A7C7-CD3B1D440652}.Debug|Any CPU.ActiveCfg = Debug|Any CPU
		{AF7431CD-1A90-4AFE-A7C7-CD3B1D440652}.Debug|Any CPU.Build.0 = Debug|Any CPU
		{AF7431CD-1A90-4AFE-A7C7-CD3B1D440652}.Release|Any CPU.ActiveCfg = Release|Any CPU
		{AF7431CD-1A90-4AFE-A7C7-CD3B1D440652}.Release|Any CPU.Build.0 = Release|Any CPU
		{3C787FD1-07BE-4F80-A105-CA25DC5AFE9A}.Debug|Any CPU.ActiveCfg = Debug|Any CPU
		{3C787FD1-07BE-4F80-A105-CA25DC5AFE9A}.Debug|Any CPU.Build.0 = Debug|Any CPU
		{3C787FD1-07BE-4F80-A105-CA25DC5AFE9A}.Release|Any CPU.ActiveCfg = Release|Any CPU
		{3C787FD1-07BE-4F80-A105-CA25DC5AFE9A}.Release|Any CPU.Build.0 = Release|Any CPU
		{AE4A87B0-6D15-452C-AEBA-E8A9A409B6BB}.Debug|Any CPU.ActiveCfg = Debug|Any CPU
		{AE4A87B0-6D15-452C-AEBA-E8A9A409B6BB}.Debug|Any CPU.Build.0 = Debug|Any CPU
		{AE4A87B0-6D15-452C-AEBA-E8A9A409B6BB}.Release|Any CPU.ActiveCfg = Release|Any CPU
		{AE4A87B0-6D15-452C-AEBA-E8A9A409B6BB}.Release|Any CPU.Build.0 = Release|Any CPU
		{CB6FA7DB-BC95-4C7B-839B-A655A9FFC712}.Debug|Any CPU.ActiveCfg = Debug|Any CPU
		{CB6FA7DB-BC95-4C7B-839B-A655A9FFC712}.Debug|Any CPU.Build.0 = Debug|Any CPU
		{CB6FA7DB-BC95-4C7B-839B-A655A9FFC712}.Release|Any CPU.ActiveCfg = Release|Any CPU
		{CB6FA7DB-BC95-4C7B-839B-A655A9FFC712}.Release|Any CPU.Build.0 = Release|Any CPU
		{3B447AF3-752E-4B6B-813A-970FEA422C3B}.Debug|Any CPU.ActiveCfg = Debug|Any CPU
		{3B447AF3-752E-4B6B-813A-970FEA422C3B}.Debug|Any CPU.Build.0 = Debug|Any CPU
		{3B447AF3-752E-4B6B-813A-970FEA422C3B}.Release|Any CPU.ActiveCfg = Release|Any CPU
		{3B447AF3-752E-4B6B-813A-970FEA422C3B}.Release|Any CPU.Build.0 = Release|Any CPU
		{2CAB7746-D4FA-468E-8633-EF81AE746494}.Debug|Any CPU.ActiveCfg = Debug|Any CPU
		{2CAB7746-D4FA-468E-8633-EF81AE746494}.Debug|Any CPU.Build.0 = Debug|Any CPU
		{2CAB7746-D4FA-468E-8633-EF81AE746494}.Release|Any CPU.ActiveCfg = Release|Any CPU
		{2CAB7746-D4FA-468E-8633-EF81AE746494}.Release|Any CPU.Build.0 = Release|Any CPU
		{AE3CF844-AC9F-4054-88C7-76B7D1BC6DAD}.Debug|Any CPU.ActiveCfg = Debug|Any CPU
		{AE3CF844-AC9F-4054-88C7-76B7D1BC6DAD}.Debug|Any CPU.Build.0 = Debug|Any CPU
		{AE3CF844-AC9F-4054-88C7-76B7D1BC6DAD}.Release|Any CPU.ActiveCfg = Release|Any CPU
		{AE3CF844-AC9F-4054-88C7-76B7D1BC6DAD}.Release|Any CPU.Build.0 = Release|Any CPU
		{A67DB9E4-3A0F-4946-BC1C-55DC4026CCA5}.Debug|Any CPU.ActiveCfg = Debug|Any CPU
		{A67DB9E4-3A0F-4946-BC1C-55DC4026CCA5}.Debug|Any CPU.Build.0 = Debug|Any CPU
		{A67DB9E4-3A0F-4946-BC1C-55DC4026CCA5}.Release|Any CPU.ActiveCfg = Release|Any CPU
		{A67DB9E4-3A0F-4946-BC1C-55DC4026CCA5}.Release|Any CPU.Build.0 = Release|Any CPU
		{DE6F6E65-7944-429A-B6DF-32607CF8A13C}.Debug|Any CPU.ActiveCfg = Debug|Any CPU
		{DE6F6E65-7944-429A-B6DF-32607CF8A13C}.Debug|Any CPU.Build.0 = Debug|Any CPU
		{DE6F6E65-7944-429A-B6DF-32607CF8A13C}.Release|Any CPU.ActiveCfg = Release|Any CPU
		{DE6F6E65-7944-429A-B6DF-32607CF8A13C}.Release|Any CPU.Build.0 = Release|Any CPU
		{2F7A13F9-7F7B-49F9-A578-C9E6C402AFAD}.Debug|Any CPU.ActiveCfg = Debug|Any CPU
		{2F7A13F9-7F7B-49F9-A578-C9E6C402AFAD}.Debug|Any CPU.Build.0 = Debug|Any CPU
		{2F7A13F9-7F7B-49F9-A578-C9E6C402AFAD}.Release|Any CPU.ActiveCfg = Release|Any CPU
		{2F7A13F9-7F7B-49F9-A578-C9E6C402AFAD}.Release|Any CPU.Build.0 = Release|Any CPU
		{F891FFE5-90E9-447D-98D7-C0A23ACE63D7}.Debug|Any CPU.ActiveCfg = Debug|Any CPU
		{F891FFE5-90E9-447D-98D7-C0A23ACE63D7}.Debug|Any CPU.Build.0 = Debug|Any CPU
		{F891FFE5-90E9-447D-98D7-C0A23ACE63D7}.Release|Any CPU.ActiveCfg = Release|Any CPU
		{F891FFE5-90E9-447D-98D7-C0A23ACE63D7}.Release|Any CPU.Build.0 = Release|Any CPU
		{FFAB614C-0523-4FFF-82DF-56C2BFE138D0}.Debug|Any CPU.ActiveCfg = Debug|Any CPU
		{FFAB614C-0523-4FFF-82DF-56C2BFE138D0}.Debug|Any CPU.Build.0 = Debug|Any CPU
		{FFAB614C-0523-4FFF-82DF-56C2BFE138D0}.Release|Any CPU.ActiveCfg = Release|Any CPU
		{FFAB614C-0523-4FFF-82DF-56C2BFE138D0}.Release|Any CPU.Build.0 = Release|Any CPU
	EndGlobalSection
	GlobalSection(SolutionProperties) = preSolution
		HideSolutionNode = FALSE
	EndGlobalSection
	GlobalSection(NestedProjects) = preSolution
		{86319415-44D5-4BEB-9BD9-87D7E1EFA36E} = {9E780084-EC6A-4CF0-AF28-324710C6D702}
		{09954005-E9F6-4D9D-A1BF-14538920ED0E} = {4FCC4BCB-3192-4153-B45D-597CFD2CF8F3}
		{806BE649-1EE5-42C1-B4CD-9A1D534AF222} = {4FCC4BCB-3192-4153-B45D-597CFD2CF8F3}
		{2C7A44A0-AEC2-4EDF-B819-806C716D254A} = {4FCC4BCB-3192-4153-B45D-597CFD2CF8F3}
		{40C2B823-D0CF-4A7A-85B8-2EDC67EA0CA4} = {4FCC4BCB-3192-4153-B45D-597CFD2CF8F3}
		{7F99D7C6-AB0B-4D35-9634-D40AFA80B569} = {4FCC4BCB-3192-4153-B45D-597CFD2CF8F3}
		{3CBB3304-AAB9-41D1-BFDC-75887E9385AA} = {4FCC4BCB-3192-4153-B45D-597CFD2CF8F3}
		{9ACCE518-E664-45A8-A1B7-D9A47E9C8089} = {4FCC4BCB-3192-4153-B45D-597CFD2CF8F3}
		{DCC687E5-86F4-4E54-951B-6CBA447C06DF} = {4FCC4BCB-3192-4153-B45D-597CFD2CF8F3}
		{B25C61A0-6D4D-4E80-A06F-368527E2CDF2} = {4FCC4BCB-3192-4153-B45D-597CFD2CF8F3}
		{D0137B20-F6B1-4129-8C22-6DC4203FACDB} = {80A6F261-73A2-4B56-801B-FA96686CFB4F}
		{83B60AB5-2B5C-4160-82A9-BD114CAC5D57} = {80A6F261-73A2-4B56-801B-FA96686CFB4F}
		{49343F2D-6788-4C86-ACEA-E9F743CE350C} = {80A6F261-73A2-4B56-801B-FA96686CFB4F}
		{1B1D2AFC-EE8A-44EE-B373-D22146FCC80A} = {80A6F261-73A2-4B56-801B-FA96686CFB4F}
		{36D88925-0B3E-4CC6-9DB1-ADD1B62041B5} = {80A6F261-73A2-4B56-801B-FA96686CFB4F}
		{141FD1AF-9857-4217-A7B3-050B2D389A49} = {80A6F261-73A2-4B56-801B-FA96686CFB4F}
		{E8C1D019-7FF2-4185-A6AA-E236C443E8B1} = {80A6F261-73A2-4B56-801B-FA96686CFB4F}
		{5CECB69A-D66F-48C2-A250-5AAEA3148847} = {80A6F261-73A2-4B56-801B-FA96686CFB4F}
		{AF7431CD-1A90-4AFE-A7C7-CD3B1D440652} = {80A6F261-73A2-4B56-801B-FA96686CFB4F}
		{3C787FD1-07BE-4F80-A105-CA25DC5AFE9A} = {80A6F261-73A2-4B56-801B-FA96686CFB4F}
		{AE4A87B0-6D15-452C-AEBA-E8A9A409B6BB} = {80A6F261-73A2-4B56-801B-FA96686CFB4F}
		{CB6FA7DB-BC95-4C7B-839B-A655A9FFC712} = {80A6F261-73A2-4B56-801B-FA96686CFB4F}
		{3B447AF3-752E-4B6B-813A-970FEA422C3B} = {80A6F261-73A2-4B56-801B-FA96686CFB4F}
		{2CAB7746-D4FA-468E-8633-EF81AE746494} = {564EAFEA-FD6D-43EA-B766-76826F90327E}
		{AE3CF844-AC9F-4054-88C7-76B7D1BC6DAD} = {564EAFEA-FD6D-43EA-B766-76826F90327E}
		{A67DB9E4-3A0F-4946-BC1C-55DC4026CCA5} = {564EAFEA-FD6D-43EA-B766-76826F90327E}
		{DE6F6E65-7944-429A-B6DF-32607CF8A13C} = {564EAFEA-FD6D-43EA-B766-76826F90327E}
		{2F7A13F9-7F7B-49F9-A578-C9E6C402AFAD} = {564EAFEA-FD6D-43EA-B766-76826F90327E}
		{F891FFE5-90E9-447D-98D7-C0A23ACE63D7} = {564EAFEA-FD6D-43EA-B766-76826F90327E}
		{FFAB614C-0523-4FFF-82DF-56C2BFE138D0} = {564EAFEA-FD6D-43EA-B766-76826F90327E}
	EndGlobalSection
	GlobalSection(ExtensibilityGlobals) = postSolution
		SolutionGuid = {2C0862EB-B8E1-4B5D-A08D-08898CD485AC}
	EndGlobalSection
EndGlobal
