
Microsoft Visual Studio Solution File, Format Version 12.00
# Visual Studio 15
VisualStudioVersion = 15.0.26430.12
MinimumVisualStudioVersion = 10.0.40219.1
Project("{2150E333-8FDC-42A3-9474-1A3956D46DE8}") = "第一章 基础", "第一章 基础", "{344FB20B-6315-477C-B032-B4E217E8A2DD}"
EndProject
Project("{2150E333-8FDC-42A3-9474-1A3956D46DE8}") = "1.1 基础编程模型", "1.1 基础编程模型", "{DFE42318-B911-485D-97AA-05731503AADD}"
EndProject
Project("{2150E333-8FDC-42A3-9474-1A3956D46DE8}") = "练习", "练习", "{5D495249-F8EF-4434-965C-3417A613C427}"
EndProject
Project("{FAE04EC0-301F-11D3-BF4B-00C04F79EFBC}") = "1.1.1", "1 Foundation\1.1\1.1.1\1.1.1.csproj", "{451096E5-834C-42D1-B88B-99E6DBFED9BD}"
EndProject
Project("{FAE04EC0-301F-11D3-BF4B-00C04F79EFBC}") = "1.1.2", "1 Foundation\1.1\1.1.2\1.1.2.csproj", "{7DE9B2F8-E01E-4E20-B700-E3E542B1000B}"
EndProject
Project("{FAE04EC0-301F-11D3-BF4B-00C04F79EFBC}") = "1.1.3", "1 Foundation\1.1\1.1.3\1.1.3.csproj", "{66451CA4-6B32-4177-AB5E-DF2F1BCBDFD3}"
EndProject
Project("{FAE04EC0-301F-11D3-BF4B-00C04F79EFBC}") = "1.1.4", "1 Foundation\1.1\1.1.4\1.1.4.csproj", "{884F34A5-8C9D-4689-BA6B-E4C6A308A3FF}"
EndProject
Project("{FAE04EC0-301F-11D3-BF4B-00C04F79EFBC}") = "1.1.5", "1 Foundation\1.1\1.1.5\1.1.5.csproj", "{57BAB18E-0A3F-4DAE-AEDD-0381ADB8FD3B}"
EndProject
Project("{FAE04EC0-301F-11D3-BF4B-00C04F79EFBC}") = "1.1.6", "1 Foundation\1.1\1.1.6\1.1.6.csproj", "{BD593A8C-1665-40D3-AEAC-87FA96A0349A}"
EndProject
Project("{FAE04EC0-301F-11D3-BF4B-00C04F79EFBC}") = "1.1.7", "1 Foundation\1.1\1.1.7\1.1.7.csproj", "{B0E4397E-4AB0-43C9-80B5-54B29AFACCEA}"
EndProject
Project("{FAE04EC0-301F-11D3-BF4B-00C04F79EFBC}") = "1.1.8", "1 Foundation\1.1\1.1.8\1.1.8.csproj", "{2F021F67-7C0E-4D93-B97C-3E6801CCA202}"
EndProject
Project("{FAE04EC0-301F-11D3-BF4B-00C04F79EFBC}") = "1.1.9", "1 Foundation\1.1\1.1.9\1.1.9.csproj", "{0D01B1BA-B6C9-4414-996B-F1B233D21057}"
EndProject
Project("{FAE04EC0-301F-11D3-BF4B-00C04F79EFBC}") = "1.1.10", "1 Foundation\1.1\1.1.10\1.1.10.csproj", "{D3D7EC0A-C28F-4DBD-ACB1-0FEFE7AB489A}"
EndProject
Project("{FAE04EC0-301F-11D3-BF4B-00C04F79EFBC}") = "1.1.11", "1 Foundation\1.1\1.1.11\1.1.11.csproj", "{34A89BFC-8AD8-41CD-90B1-01B25F66DF82}"
EndProject
Project("{FAE04EC0-301F-11D3-BF4B-00C04F79EFBC}") = "1.1.12", "1 Foundation\1.1\1.1.12\1.1.12.csproj", "{A80B60C7-5053-447E-A775-2B5FCB5D8B98}"
EndProject
Project("{FAE04EC0-301F-11D3-BF4B-00C04F79EFBC}") = "1.1.13", "1 Foundation\1.1\1.1.13\1.1.13.csproj", "{56237335-F932-447E-BA9A-E7010E942F83}"
EndProject
Project("{FAE04EC0-301F-11D3-BF4B-00C04F79EFBC}") = "1.1.14", "1 Foundation\1.1\1.1.14\1.1.14.csproj", "{E4E1F02F-1523-43D0-B777-A2D5ADBBC2E7}"
EndProject
Project("{FAE04EC0-301F-11D3-BF4B-00C04F79EFBC}") = "1.1.15", "1 Foundation\1.1\1.1.15\1.1.15.csproj", "{1DD7977A-41A8-46C5-AB95-A450635074A8}"
EndProject
Global
	GlobalSection(SolutionConfigurationPlatforms) = preSolution
		Debug|Any CPU = Debug|Any CPU
		Release|Any CPU = Release|Any CPU
	EndGlobalSection
	GlobalSection(ProjectConfigurationPlatforms) = postSolution
		{451096E5-834C-42D1-B88B-99E6DBFED9BD}.Debug|Any CPU.ActiveCfg = Debug|Any CPU
		{451096E5-834C-42D1-B88B-99E6DBFED9BD}.Debug|Any CPU.Build.0 = Debug|Any CPU
		{451096E5-834C-42D1-B88B-99E6DBFED9BD}.Release|Any CPU.ActiveCfg = Release|Any CPU
		{451096E5-834C-42D1-B88B-99E6DBFED9BD}.Release|Any CPU.Build.0 = Release|Any CPU
		{7DE9B2F8-E01E-4E20-B700-E3E542B1000B}.Debug|Any CPU.ActiveCfg = Debug|Any CPU
		{7DE9B2F8-E01E-4E20-B700-E3E542B1000B}.Debug|Any CPU.Build.0 = Debug|Any CPU
		{7DE9B2F8-E01E-4E20-B700-E3E542B1000B}.Release|Any CPU.ActiveCfg = Release|Any CPU
		{7DE9B2F8-E01E-4E20-B700-E3E542B1000B}.Release|Any CPU.Build.0 = Release|Any CPU
		{66451CA4-6B32-4177-AB5E-DF2F1BCBDFD3}.Debug|Any CPU.ActiveCfg = Debug|Any CPU
		{66451CA4-6B32-4177-AB5E-DF2F1BCBDFD3}.Debug|Any CPU.Build.0 = Debug|Any CPU
		{66451CA4-6B32-4177-AB5E-DF2F1BCBDFD3}.Release|Any CPU.ActiveCfg = Release|Any CPU
		{66451CA4-6B32-4177-AB5E-DF2F1BCBDFD3}.Release|Any CPU.Build.0 = Release|Any CPU
		{884F34A5-8C9D-4689-BA6B-E4C6A308A3FF}.Debug|Any CPU.ActiveCfg = Debug|Any CPU
		{884F34A5-8C9D-4689-BA6B-E4C6A308A3FF}.Debug|Any CPU.Build.0 = Debug|Any CPU
		{884F34A5-8C9D-4689-BA6B-E4C6A308A3FF}.Release|Any CPU.ActiveCfg = Release|Any CPU
		{884F34A5-8C9D-4689-BA6B-E4C6A308A3FF}.Release|Any CPU.Build.0 = Release|Any CPU
		{57BAB18E-0A3F-4DAE-AEDD-0381ADB8FD3B}.Debug|Any CPU.ActiveCfg = Debug|Any CPU
		{57BAB18E-0A3F-4DAE-AEDD-0381ADB8FD3B}.Debug|Any CPU.Build.0 = Debug|Any CPU
		{57BAB18E-0A3F-4DAE-AEDD-0381ADB8FD3B}.Release|Any CPU.ActiveCfg = Release|Any CPU
		{57BAB18E-0A3F-4DAE-AEDD-0381ADB8FD3B}.Release|Any CPU.Build.0 = Release|Any CPU
		{BD593A8C-1665-40D3-AEAC-87FA96A0349A}.Debug|Any CPU.ActiveCfg = Debug|Any CPU
		{BD593A8C-1665-40D3-AEAC-87FA96A0349A}.Debug|Any CPU.Build.0 = Debug|Any CPU
		{BD593A8C-1665-40D3-AEAC-87FA96A0349A}.Release|Any CPU.ActiveCfg = Release|Any CPU
		{BD593A8C-1665-40D3-AEAC-87FA96A0349A}.Release|Any CPU.Build.0 = Release|Any CPU
		{B0E4397E-4AB0-43C9-80B5-54B29AFACCEA}.Debug|Any CPU.ActiveCfg = Debug|Any CPU
		{B0E4397E-4AB0-43C9-80B5-54B29AFACCEA}.Debug|Any CPU.Build.0 = Debug|Any CPU
		{B0E4397E-4AB0-43C9-80B5-54B29AFACCEA}.Release|Any CPU.ActiveCfg = Release|Any CPU
		{B0E4397E-4AB0-43C9-80B5-54B29AFACCEA}.Release|Any CPU.Build.0 = Release|Any CPU
		{2F021F67-7C0E-4D93-B97C-3E6801CCA202}.Debug|Any CPU.ActiveCfg = Debug|Any CPU
		{2F021F67-7C0E-4D93-B97C-3E6801CCA202}.Debug|Any CPU.Build.0 = Debug|Any CPU
		{2F021F67-7C0E-4D93-B97C-3E6801CCA202}.Release|Any CPU.ActiveCfg = Release|Any CPU
		{2F021F67-7C0E-4D93-B97C-3E6801CCA202}.Release|Any CPU.Build.0 = Release|Any CPU
		{0D01B1BA-B6C9-4414-996B-F1B233D21057}.Debug|Any CPU.ActiveCfg = Debug|Any CPU
		{0D01B1BA-B6C9-4414-996B-F1B233D21057}.Debug|Any CPU.Build.0 = Debug|Any CPU
		{0D01B1BA-B6C9-4414-996B-F1B233D21057}.Release|Any CPU.ActiveCfg = Release|Any CPU
		{0D01B1BA-B6C9-4414-996B-F1B233D21057}.Release|Any CPU.Build.0 = Release|Any CPU
		{D3D7EC0A-C28F-4DBD-ACB1-0FEFE7AB489A}.Debug|Any CPU.ActiveCfg = Debug|Any CPU
		{D3D7EC0A-C28F-4DBD-ACB1-0FEFE7AB489A}.Debug|Any CPU.Build.0 = Debug|Any CPU
		{D3D7EC0A-C28F-4DBD-ACB1-0FEFE7AB489A}.Release|Any CPU.ActiveCfg = Release|Any CPU
		{D3D7EC0A-C28F-4DBD-ACB1-0FEFE7AB489A}.Release|Any CPU.Build.0 = Release|Any CPU
		{34A89BFC-8AD8-41CD-90B1-01B25F66DF82}.Debug|Any CPU.ActiveCfg = Debug|Any CPU
		{34A89BFC-8AD8-41CD-90B1-01B25F66DF82}.Debug|Any CPU.Build.0 = Debug|Any CPU
		{34A89BFC-8AD8-41CD-90B1-01B25F66DF82}.Release|Any CPU.ActiveCfg = Release|Any CPU
		{34A89BFC-8AD8-41CD-90B1-01B25F66DF82}.Release|Any CPU.Build.0 = Release|Any CPU
		{A80B60C7-5053-447E-A775-2B5FCB5D8B98}.Debug|Any CPU.ActiveCfg = Debug|Any CPU
		{A80B60C7-5053-447E-A775-2B5FCB5D8B98}.Debug|Any CPU.Build.0 = Debug|Any CPU
		{A80B60C7-5053-447E-A775-2B5FCB5D8B98}.Release|Any CPU.ActiveCfg = Release|Any CPU
		{A80B60C7-5053-447E-A775-2B5FCB5D8B98}.Release|Any CPU.Build.0 = Release|Any CPU
		{56237335-F932-447E-BA9A-E7010E942F83}.Debug|Any CPU.ActiveCfg = Debug|Any CPU
		{56237335-F932-447E-BA9A-E7010E942F83}.Debug|Any CPU.Build.0 = Debug|Any CPU
		{56237335-F932-447E-BA9A-E7010E942F83}.Release|Any CPU.ActiveCfg = Release|Any CPU
		{56237335-F932-447E-BA9A-E7010E942F83}.Release|Any CPU.Build.0 = Release|Any CPU
		{E4E1F02F-1523-43D0-B777-A2D5ADBBC2E7}.Debug|Any CPU.ActiveCfg = Debug|Any CPU
		{E4E1F02F-1523-43D0-B777-A2D5ADBBC2E7}.Debug|Any CPU.Build.0 = Debug|Any CPU
		{E4E1F02F-1523-43D0-B777-A2D5ADBBC2E7}.Release|Any CPU.ActiveCfg = Release|Any CPU
		{E4E1F02F-1523-43D0-B777-A2D5ADBBC2E7}.Release|Any CPU.Build.0 = Release|Any CPU
		{1DD7977A-41A8-46C5-AB95-A450635074A8}.Debug|Any CPU.ActiveCfg = Debug|Any CPU
		{1DD7977A-41A8-46C5-AB95-A450635074A8}.Debug|Any CPU.Build.0 = Debug|Any CPU
		{1DD7977A-41A8-46C5-AB95-A450635074A8}.Release|Any CPU.ActiveCfg = Release|Any CPU
		{1DD7977A-41A8-46C5-AB95-A450635074A8}.Release|Any CPU.Build.0 = Release|Any CPU
	EndGlobalSection
	GlobalSection(SolutionProperties) = preSolution
		HideSolutionNode = FALSE
	EndGlobalSection
	GlobalSection(NestedProjects) = preSolution
		{DFE42318-B911-485D-97AA-05731503AADD} = {344FB20B-6315-477C-B032-B4E217E8A2DD}
		{5D495249-F8EF-4434-965C-3417A613C427} = {DFE42318-B911-485D-97AA-05731503AADD}
		{451096E5-834C-42D1-B88B-99E6DBFED9BD} = {5D495249-F8EF-4434-965C-3417A613C427}
		{7DE9B2F8-E01E-4E20-B700-E3E542B1000B} = {5D495249-F8EF-4434-965C-3417A613C427}
		{66451CA4-6B32-4177-AB5E-DF2F1BCBDFD3} = {5D495249-F8EF-4434-965C-3417A613C427}
		{884F34A5-8C9D-4689-BA6B-E4C6A308A3FF} = {5D495249-F8EF-4434-965C-3417A613C427}
		{57BAB18E-0A3F-4DAE-AEDD-0381ADB8FD3B} = {5D495249-F8EF-4434-965C-3417A613C427}
		{BD593A8C-1665-40D3-AEAC-87FA96A0349A} = {5D495249-F8EF-4434-965C-3417A613C427}
		{B0E4397E-4AB0-43C9-80B5-54B29AFACCEA} = {5D495249-F8EF-4434-965C-3417A613C427}
		{2F021F67-7C0E-4D93-B97C-3E6801CCA202} = {5D495249-F8EF-4434-965C-3417A613C427}
		{0D01B1BA-B6C9-4414-996B-F1B233D21057} = {5D495249-F8EF-4434-965C-3417A613C427}
		{D3D7EC0A-C28F-4DBD-ACB1-0FEFE7AB489A} = {5D495249-F8EF-4434-965C-3417A613C427}
		{34A89BFC-8AD8-41CD-90B1-01B25F66DF82} = {5D495249-F8EF-4434-965C-3417A613C427}
		{A80B60C7-5053-447E-A775-2B5FCB5D8B98} = {5D495249-F8EF-4434-965C-3417A613C427}
		{56237335-F932-447E-BA9A-E7010E942F83} = {5D495249-F8EF-4434-965C-3417A613C427}
		{E4E1F02F-1523-43D0-B777-A2D5ADBBC2E7} = {5D495249-F8EF-4434-965C-3417A613C427}
	EndGlobalSection
EndGlobal
