
Microsoft Visual Studio Solution File, Format Version 12.00
# Visual Studio 15
VisualStudioVersion = 15.0.26430.14
MinimumVisualStudioVersion = 10.0.40219.1
Project("{2150E333-8FDC-42A3-9474-1A3956D46DE8}") = "第一章 基础", "第一章 基础", "{344FB20B-6315-477C-B032-B4E217E8A2DD}"
EndProject
Project("{2150E333-8FDC-42A3-9474-1A3956D46DE8}") = "1.1 基础编程模型", "1.1 基础编程模型", "{DFE42318-B911-485D-97AA-05731503AADD}"
EndProject
Project("{2150E333-8FDC-42A3-9474-1A3956D46DE8}") = "1-练习（1.1.1~1.1.25）", "1-练习（1.1.1~1.1.25）", "{5D495249-F8EF-4434-965C-3417A613C427}"
EndProject
Project("{2150E333-8FDC-42A3-9474-1A3956D46DE8}") = "Solution Items", "Solution Items", "{4972DBA6-799A-424A-A8A2-3B622DED1EFB}"
	ProjectSection(SolutionItems) = preProject
		LICENSE.md = LICENSE.md
		README.md = README.md
	EndProjectSection
EndProject
Project("{2150E333-8FDC-42A3-9474-1A3956D46DE8}") = "2-提高题（1.1.26~1.1.34）", "2-提高题（1.1.26~1.1.34）", "{002EC4CB-C2EB-42C4-BA8F-6F6C2B62172C}"
EndProject
Project("{FAE04EC0-301F-11D3-BF4B-00C04F79EFBC}") = "1.1.31", "1 Fundamental\1.1\1.1.31\1.1.31.csproj", "{D4284FC8-2CBB-417C-AF28-0179F3794E75}"
EndProject
Project("{FAE04EC0-301F-11D3-BF4B-00C04F79EFBC}") = "1.1.32", "1 Fundamental\1.1\1.1.32\1.1.32.csproj", "{E9A80297-6B5D-49E3-9972-85DCB599C0F4}"
EndProject
Project("{2150E333-8FDC-42A3-9474-1A3956D46DE8}") = "3-实验题（1.1.35~1.1.39）", "3-实验题（1.1.35~1.1.39）", "{4621BA2B-7CCA-47CC-B1E8-59F9B26A936D}"
EndProject
Project("{2150E333-8FDC-42A3-9474-1A3956D46DE8}") = "1.2 数据抽象", "1.2 数据抽象", "{9D948552-DF2E-412F-AEA6-B59F8BB708C5}"
EndProject
Project("{2150E333-8FDC-42A3-9474-1A3956D46DE8}") = "1-练习（1.2.1~1.2.14）", "1-练习（1.2.1~1.2.14）", "{604A6DDE-6E25-4C6A-9FDE-08F52FBAC3D9}"
EndProject
Project("{2150E333-8FDC-42A3-9474-1A3956D46DE8}") = "2-提高题（1.2.15~1.2.19）", "2-提高题（1.2.15~1.2.19）", "{1EF9D9DA-B4CF-4467-A5F4-CDBACEAA34CD}"
EndProject
Project("{FAE04EC0-301F-11D3-BF4B-00C04F79EFBC}") = "1.2.3", "1 Fundamental\1.2\1.2.3\1.2.3.csproj", "{FD69764C-27B0-46F0-8EAC-D3E57609912E}"
EndProject
Project("{FAE04EC0-301F-11D3-BF4B-00C04F79EFBC}") = "Geometry", "1 Fundamental\1.2\Geometry\Geometry.csproj", "{0963F331-A8F5-421A-AA88-1AFE70D321D7}"
EndProject
Project("{FAE04EC0-301F-11D3-BF4B-00C04F79EFBC}") = "1.1.1", "1 Fundamental\1.1\1.1.1\1.1.1.csproj", "{7B20E6D8-C9E8-41B1-AAA4-1450A1FCFEF8}"
EndProject
Project("{FAE04EC0-301F-11D3-BF4B-00C04F79EFBC}") = "1.1.10", "1 Fundamental\1.1\1.1.10\1.1.10.csproj", "{426370E8-3B9F-4A1A-B0DE-A0AFD35F14E9}"
EndProject
Project("{FAE04EC0-301F-11D3-BF4B-00C04F79EFBC}") = "1.1.11", "1 Fundamental\1.1\1.1.11\1.1.11.csproj", "{D901AB4C-1F12-48D2-848F-A369282A2E96}"
EndProject
Project("{FAE04EC0-301F-11D3-BF4B-00C04F79EFBC}") = "1.1.12", "1 Fundamental\1.1\1.1.12\1.1.12.csproj", "{489AE651-D0DB-4C62-A4A9-E7D1A1E7AECE}"
EndProject
Project("{FAE04EC0-301F-11D3-BF4B-00C04F79EFBC}") = "1.1.13", "1 Fundamental\1.1\1.1.13\1.1.13.csproj", "{06FAB388-F711-4F65-BF27-C0738EC25BB3}"
EndProject
Project("{FAE04EC0-301F-11D3-BF4B-00C04F79EFBC}") = "1.1.14", "1 Fundamental\1.1\1.1.14\1.1.14.csproj", "{2C5AF45D-44C6-4B2B-B5FA-38538F7687CB}"
EndProject
Project("{FAE04EC0-301F-11D3-BF4B-00C04F79EFBC}") = "1.1.15", "1 Fundamental\1.1\1.1.15\1.1.15.csproj", "{ED38A6FD-A058-4FD4-A393-35BE9CE8659D}"
EndProject
Project("{FAE04EC0-301F-11D3-BF4B-00C04F79EFBC}") = "1.1.16", "1 Fundamental\1.1\1.1.16\1.1.16.csproj", "{86DB348B-1726-4E04-A161-661D2C1B6EA3}"
EndProject
Project("{FAE04EC0-301F-11D3-BF4B-00C04F79EFBC}") = "1.1.17", "1 Fundamental\1.1\1.1.17\1.1.17.csproj", "{DF4BA226-DE20-4C23-B404-40BFDA7CAAF0}"
EndProject
Project("{FAE04EC0-301F-11D3-BF4B-00C04F79EFBC}") = "1.1.18", "1 Fundamental\1.1\1.1.18\1.1.18.csproj", "{556B9953-BD87-4E48-8A82-61E9FA4D9753}"
EndProject
Project("{FAE04EC0-301F-11D3-BF4B-00C04F79EFBC}") = "1.1.19", "1 Fundamental\1.1\1.1.19\1.1.19.csproj", "{8273041F-ED19-44D6-BCBD-F6BFE68A45F8}"
EndProject
Project("{FAE04EC0-301F-11D3-BF4B-00C04F79EFBC}") = "1.1.2", "1 Fundamental\1.1\1.1.2\1.1.2.csproj", "{81623062-1410-4E74-BE0F-1B1B19FB377A}"
EndProject
Project("{FAE04EC0-301F-11D3-BF4B-00C04F79EFBC}") = "1.1.20", "1 Fundamental\1.1\1.1.20\1.1.20.csproj", "{4B8C7CAB-1B2E-4B6B-A78A-497114086B51}"
EndProject
Project("{FAE04EC0-301F-11D3-BF4B-00C04F79EFBC}") = "1.1.21", "1 Fundamental\1.1\1.1.21\1.1.21.csproj", "{587AC7DE-9621-4BB8-84C5-59DA2ECF1705}"
EndProject
Project("{FAE04EC0-301F-11D3-BF4B-00C04F79EFBC}") = "1.1.22", "1 Fundamental\1.1\1.1.22\1.1.22.csproj", "{A6DCA611-A675-4414-936D-14FF6F7A8121}"
EndProject
Project("{FAE04EC0-301F-11D3-BF4B-00C04F79EFBC}") = "1.1.23", "1 Fundamental\1.1\1.1.23\1.1.23.csproj", "{BE721AA9-5038-4DC1-B779-471E780BF810}"
EndProject
Project("{FAE04EC0-301F-11D3-BF4B-00C04F79EFBC}") = "1.1.24", "1 Fundamental\1.1\1.1.24\1.1.24.csproj", "{D8982D22-B3CC-4F57-9E2A-DE09B0E4E3D4}"
EndProject
Project("{FAE04EC0-301F-11D3-BF4B-00C04F79EFBC}") = "1.1.25", "1 Fundamental\1.1\1.1.25\1.1.25.csproj", "{354258E0-8522-4BF4-B0A7-AB236C3268CB}"
EndProject
Project("{FAE04EC0-301F-11D3-BF4B-00C04F79EFBC}") = "1.1.3", "1 Fundamental\1.1\1.1.3\1.1.3.csproj", "{C3B04F48-2BC3-447C-843B-9071E427E485}"
EndProject
Project("{FAE04EC0-301F-11D3-BF4B-00C04F79EFBC}") = "1.1.4", "1 Fundamental\1.1\1.1.4\1.1.4.csproj", "{5A750590-0B24-4F30-8354-25FAEF6F707D}"
EndProject
Project("{FAE04EC0-301F-11D3-BF4B-00C04F79EFBC}") = "1.1.5", "1 Fundamental\1.1\1.1.5\1.1.5.csproj", "{C0C0DE5C-DAA1-46B4-82DC-847E85CC0D20}"
EndProject
Project("{FAE04EC0-301F-11D3-BF4B-00C04F79EFBC}") = "1.1.6", "1 Fundamental\1.1\1.1.6\1.1.6.csproj", "{A50A2A2B-1509-4A49-8BF7-E731EAF8F769}"
EndProject
Project("{FAE04EC0-301F-11D3-BF4B-00C04F79EFBC}") = "1.1.7", "1 Fundamental\1.1\1.1.7\1.1.7.csproj", "{7FD432D2-CF7F-4884-B8F4-3EF87EC6D64C}"
EndProject
Project("{FAE04EC0-301F-11D3-BF4B-00C04F79EFBC}") = "1.1.8", "1 Fundamental\1.1\1.1.8\1.1.8.csproj", "{9BBD117A-CE1B-47B0-BEAD-185EB48AD0FF}"
EndProject
Project("{FAE04EC0-301F-11D3-BF4B-00C04F79EFBC}") = "1.1.9", "1 Fundamental\1.1\1.1.9\1.1.9.csproj", "{9544618B-403A-44D2-BC43-655178EF93D5}"
EndProject
Project("{FAE04EC0-301F-11D3-BF4B-00C04F79EFBC}") = "1.1.26", "1 Fundamental\1.1\1.1.26\1.1.26.csproj", "{16E015BE-3455-44B3-8EF3-2B4D5CBFD0C0}"
EndProject
Project("{FAE04EC0-301F-11D3-BF4B-00C04F79EFBC}") = "1.1.27", "1 Fundamental\1.1\1.1.27\1.1.27.csproj", "{EB791356-B533-4D08-B0D7-BE624A982D9D}"
EndProject
Project("{FAE04EC0-301F-11D3-BF4B-00C04F79EFBC}") = "1.1.28", "1 Fundamental\1.1\1.1.28\1.1.28.csproj", "{B2AA4D93-00D5-4BDE-8797-BD04104A1AC0}"
EndProject
Project("{FAE04EC0-301F-11D3-BF4B-00C04F79EFBC}") = "1.1.29", "1 Fundamental\1.1\1.1.29\1.1.29.csproj", "{132E519D-F9B1-44A9-B6FD-B1DD466BEB28}"
EndProject
Project("{FAE04EC0-301F-11D3-BF4B-00C04F79EFBC}") = "1.1.30", "1 Fundamental\1.1\1.1.30\1.1.30.csproj", "{A740F67A-9FAC-4FEF-825A-6AA37E1E3900}"
EndProject
Project("{FAE04EC0-301F-11D3-BF4B-00C04F79EFBC}") = "1.1.33", "1 Fundamental\1.1\1.1.33\1.1.33.csproj", "{2283B88E-2473-4A44-BA07-EE7D3AACF4DB}"
EndProject
Project("{FAE04EC0-301F-11D3-BF4B-00C04F79EFBC}") = "1.1.34", "1 Fundamental\1.1\1.1.34\1.1.34.csproj", "{FAADE319-CB91-4414-ADFC-93338A2D2967}"
EndProject
Project("{FAE04EC0-301F-11D3-BF4B-00C04F79EFBC}") = "1.1.35", "1 Fundamental\1.1\1.1.35\1.1.35.csproj", "{FD55C044-9A35-4537-8432-4D6B496D04B9}"
EndProject
Project("{FAE04EC0-301F-11D3-BF4B-00C04F79EFBC}") = "1.1.36", "1 Fundamental\1.1\1.1.36\1.1.36.csproj", "{7C30D9AD-4049-4D5A-BD1F-A689D23C5452}"
EndProject
Project("{FAE04EC0-301F-11D3-BF4B-00C04F79EFBC}") = "1.1.37", "1 Fundamental\1.1\1.1.37\1.1.37.csproj", "{36B1B04A-00DC-4903-B745-1A7066099DE0}"
EndProject
Project("{FAE04EC0-301F-11D3-BF4B-00C04F79EFBC}") = "1.1.38", "1 Fundamental\1.1\1.1.38\1.1.38.csproj", "{BE3C326F-A714-4393-A2E8-6985FBE6C2F9}"
EndProject
Project("{FAE04EC0-301F-11D3-BF4B-00C04F79EFBC}") = "1.1.39", "1 Fundamental\1.1\1.1.39\1.1.39.csproj", "{AFB246DB-4887-4FB9-9481-BBB1D6E4D52A}"
EndProject
Project("{FAE04EC0-301F-11D3-BF4B-00C04F79EFBC}") = "1.2.1", "1 Fundamental\1.2\1.2.1\1.2.1.csproj", "{5FDDD693-A1F1-4EF5-9158-AB56B7412F4C}"
EndProject
Project("{FAE04EC0-301F-11D3-BF4B-00C04F79EFBC}") = "1.2.2", "1 Fundamental\1.2\1.2.2\1.2.2.csproj", "{34B62035-785C-43AD-A608-B472D1211335}"
EndProject
Project("{FAE04EC0-301F-11D3-BF4B-00C04F79EFBC}") = "1.2.4", "1 Fundamental\1.2\1.2.4\1.2.4.csproj", "{082D473B-3C74-4903-9B40-117268A9B8C5}"
EndProject
Project("{FAE04EC0-301F-11D3-BF4B-00C04F79EFBC}") = "1.2.5", "1 Fundamental\1.2\1.2.5\1.2.5.csproj", "{FBDAAE20-80C6-4B9F-8454-D9F78CF19E08}"
EndProject
Project("{FAE04EC0-301F-11D3-BF4B-00C04F79EFBC}") = "1.2.6", "1 Fundamental\1.2\1.2.6\1.2.6.csproj", "{06E33C54-5128-42CF-B0FF-2D072EC10216}"
EndProject
Project("{FAE04EC0-301F-11D3-BF4B-00C04F79EFBC}") = "1.2.7", "1 Fundamental\1.2\1.2.7\1.2.7.csproj", "{FE13D79A-7329-4AF2-AB01-160F20F28D22}"
EndProject
Project("{FAE04EC0-301F-11D3-BF4B-00C04F79EFBC}") = "1.2.8", "1 Fundamental\1.2\1.2.8\1.2.8.csproj", "{DF7C5AB5-19C3-4B98-9AD3-E65F892B140B}"
EndProject
Project("{FAE04EC0-301F-11D3-BF4B-00C04F79EFBC}") = "1.2.9", "1 Fundamental\1.2\1.2.9\1.2.9.csproj", "{CB9DC9D2-0CA6-4ED1-92DB-0342B5B80ECD}"
EndProject
Project("{FAE04EC0-301F-11D3-BF4B-00C04F79EFBC}") = "1.2.10", "1 Fundamental\1.2\1.2.10\1.2.10.csproj", "{6EA17E17-EEB9-48EE-9CFB-D0B0FB248833}"
EndProject
Project("{FAE04EC0-301F-11D3-BF4B-00C04F79EFBC}") = "1.2.11", "1 Fundamental\1.2\1.2.11\1.2.11.csproj", "{7400AB7B-54DD-4DF4-A4A4-6C97EF269B94}"
EndProject
Project("{FAE04EC0-301F-11D3-BF4B-00C04F79EFBC}") = "1.2.12", "1 Fundamental\1.2\1.2.12\1.2.12.csproj", "{FF0F438A-D88B-43C5-88BC-60CA2C427DBB}"
EndProject
Project("{FAE04EC0-301F-11D3-BF4B-00C04F79EFBC}") = "1.2.13", "1 Fundamental\1.2\1.2.13\1.2.13.csproj", "{820ABCDD-77D3-44E2-BA98-8F4BC5AD4ED8}"
EndProject
Project("{FAE04EC0-301F-11D3-BF4B-00C04F79EFBC}") = "Commercial", "1 Fundamental\1.2\Commercial\Commercial.csproj", "{2793060D-8F90-4A08-8CC3-2D9DB25CA0EC}"
EndProject
Project("{FAE04EC0-301F-11D3-BF4B-00C04F79EFBC}") = "1.2.14", "1 Fundamental\1.2\1.2.14\1.2.14.csproj", "{D425B6E8-AC44-417A-A5A6-262A8FADA241}"
EndProject
Project("{FAE04EC0-301F-11D3-BF4B-00C04F79EFBC}") = "1.2.15", "1 Fundamental\1.2\1.2.15\1.2.15.csproj", "{D3161469-7F25-4E7D-A8D9-BD4A8ACD57A1}"
EndProject
Project("{FAE04EC0-301F-11D3-BF4B-00C04F79EFBC}") = "1.2.16", "1 Fundamental\1.2\1.2.16\1.2.16.csproj", "{5D194E09-4D75-4F8F-8296-B923CCEC6C0E}"
EndProject
Project("{2150E333-8FDC-42A3-9474-1A3956D46DE8}") = "0-类库", "0-类库", "{2AF0C58F-9CCB-457D-97C5-C73DB45F31BD}"
EndProject
Project("{FAE04EC0-301F-11D3-BF4B-00C04F79EFBC}") = "1.2.17", "1 Fundamental\1.2\1.2.17\1.2.17.csproj", "{45B8DC5B-4439-42DF-AD86-40548C5CD01D}"
EndProject
Project("{FAE04EC0-301F-11D3-BF4B-00C04F79EFBC}") = "1.2.18", "1 Fundamental\1.2\1.2.18\1.2.18.csproj", "{3BBA4BF1-2037-4DC2-8CC5-11F5B7165C8D}"
EndProject
Project("{FAE04EC0-301F-11D3-BF4B-00C04F79EFBC}") = "1.2.19", "1 Fundamental\1.2\1.2.19\1.2.19.csproj", "{FB992740-9391-4C32-B63E-8FB12006B2D5}"
EndProject
Project("{2150E333-8FDC-42A3-9474-1A3956D46DE8}") = "1.3 背包、队列和栈", "1.3 背包、队列和栈", "{C5DC7E7E-18C9-44EC-89B5-ABC9BB1A8B38}"
EndProject
Project("{2150E333-8FDC-42A3-9474-1A3956D46DE8}") = "1-练习（1.3.1~1.3.17）", "1-练习（1.3.1~1.3.17）", "{4A338938-805D-4B6B-8BDC-606542E56123}"
EndProject
Project("{2150E333-8FDC-42A3-9474-1A3956D46DE8}") = "2-链表练习（1.3.18~1.3.31）", "2-链表练习（1.3.18~1.3.31）", "{3DE9498D-5690-4D10-A4C8-0A7F6C0260B1}"
EndProject
Project("{2150E333-8FDC-42A3-9474-1A3956D46DE8}") = "3-提高题（1.3.32~1.3.50）", "3-提高题（1.3.32~1.3.50）", "{24B47AC3-0399-41CA-B90D-50BC6C56D919}"
EndProject
Project("{2150E333-8FDC-42A3-9474-1A3956D46DE8}") = "0-类库", "0-类库", "{C563D26A-A54D-4F0A-BD27-B1EFDB714435}"
EndProject
Project("{FAE04EC0-301F-11D3-BF4B-00C04F79EFBC}") = "Generics", "1 Fundamental\1.3\Generics\Generics.csproj", "{52B10C1B-78F7-493B-AB00-58EFD921FDA6}"
EndProject
Project("{FAE04EC0-301F-11D3-BF4B-00C04F79EFBC}") = "Generics Test", "1 Fundamental\1.3\Generics Test\Generics Test.csproj", "{A276AAD8-4579-4ECF-AAD2-4AAC07EB630E}"
EndProject
Project("{FAE04EC0-301F-11D3-BF4B-00C04F79EFBC}") = "1.3.1", "1 Fundamental\1.3\1.3.1\1.3.1.csproj", "{A2D007A4-C423-4D25-8EDE-C36A8C150839}"
EndProject
Project("{FAE04EC0-301F-11D3-BF4B-00C04F79EFBC}") = "1.3.2", "1 Fundamental\1.3\1.3.2\1.3.2.csproj", "{FB1B4499-2665-4981-AAA6-77EE36352D8E}"
EndProject
Project("{FAE04EC0-301F-11D3-BF4B-00C04F79EFBC}") = "1.3.3", "1 Fundamental\1.3\1.3.3\1.3.3.csproj", "{651FE982-609C-4F13-8B96-8ABE4705B0AB}"
EndProject
Project("{FAE04EC0-301F-11D3-BF4B-00C04F79EFBC}") = "1.3.4", "1 Fundamental\1.3\1.3.4\1.3.4.csproj", "{EE6A1E3D-F48D-47E7-ADB3-BEE78B93DC47}"
EndProject
Project("{FAE04EC0-301F-11D3-BF4B-00C04F79EFBC}") = "1.3.5", "1 Fundamental\1.3\1.3.5\1.3.5.csproj", "{4A630D1A-4684-4F57-97F2-AA5AB27F04ED}"
EndProject
Project("{FAE04EC0-301F-11D3-BF4B-00C04F79EFBC}") = "1.3.6", "1 Fundamental\1.3\1.3.6\1.3.6.csproj", "{DF6B6E43-C131-4EA0-9039-4927A1C6F8F5}"
EndProject
Project("{FAE04EC0-301F-11D3-BF4B-00C04F79EFBC}") = "1.3.7", "1 Fundamental\1.3\1.3.7\1.3.7.csproj", "{A758A682-C7D6-4FB3-BDE5-0F0A3BCD8C42}"
EndProject
Project("{FAE04EC0-301F-11D3-BF4B-00C04F79EFBC}") = "1.3.8", "1 Fundamental\1.3\1.3.8\1.3.8.csproj", "{8B1096AA-14F5-4E61-9A7C-4B20BE335028}"
EndProject
Project("{FAE04EC0-301F-11D3-BF4B-00C04F79EFBC}") = "1.3.9", "1 Fundamental\1.3\1.3.9\1.3.9.csproj", "{49D4C81F-B5FA-4410-9BF7-1AC2F97DE84C}"
EndProject
Project("{FAE04EC0-301F-11D3-BF4B-00C04F79EFBC}") = "1.3.10", "1 Fundamental\1.3\1.3.10\1.3.10.csproj", "{9B536430-332F-4EBE-8C09-1A3988F6448C}"
EndProject
Project("{FAE04EC0-301F-11D3-BF4B-00C04F79EFBC}") = "1.3.11", "1 Fundamental\1.3\1.3.11\1.3.11.csproj", "{60E266FF-1BD3-4380-879C-3D079582DDF5}"
EndProject
Project("{FAE04EC0-301F-11D3-BF4B-00C04F79EFBC}") = "1.3.12", "1 Fundamental\1.3\1.3.12\1.3.12.csproj", "{FF7BD2B7-D9B3-45F5-AB82-715D42D4BD60}"
EndProject
Global
	GlobalSection(SolutionConfigurationPlatforms) = preSolution
		Debug|Any CPU = Debug|Any CPU
		Release|Any CPU = Release|Any CPU
	EndGlobalSection
	GlobalSection(ProjectConfigurationPlatforms) = postSolution
		{D4284FC8-2CBB-417C-AF28-0179F3794E75}.Debug|Any CPU.ActiveCfg = Debug|Any CPU
		{D4284FC8-2CBB-417C-AF28-0179F3794E75}.Debug|Any CPU.Build.0 = Debug|Any CPU
		{D4284FC8-2CBB-417C-AF28-0179F3794E75}.Release|Any CPU.ActiveCfg = Release|Any CPU
		{D4284FC8-2CBB-417C-AF28-0179F3794E75}.Release|Any CPU.Build.0 = Release|Any CPU
		{E9A80297-6B5D-49E3-9972-85DCB599C0F4}.Debug|Any CPU.ActiveCfg = Debug|Any CPU
		{E9A80297-6B5D-49E3-9972-85DCB599C0F4}.Debug|Any CPU.Build.0 = Debug|Any CPU
		{E9A80297-6B5D-49E3-9972-85DCB599C0F4}.Release|Any CPU.ActiveCfg = Release|Any CPU
		{E9A80297-6B5D-49E3-9972-85DCB599C0F4}.Release|Any CPU.Build.0 = Release|Any CPU
		{FD69764C-27B0-46F0-8EAC-D3E57609912E}.Debug|Any CPU.ActiveCfg = Debug|Any CPU
		{FD69764C-27B0-46F0-8EAC-D3E57609912E}.Debug|Any CPU.Build.0 = Debug|Any CPU
		{FD69764C-27B0-46F0-8EAC-D3E57609912E}.Release|Any CPU.ActiveCfg = Release|Any CPU
		{FD69764C-27B0-46F0-8EAC-D3E57609912E}.Release|Any CPU.Build.0 = Release|Any CPU
		{0963F331-A8F5-421A-AA88-1AFE70D321D7}.Debug|Any CPU.ActiveCfg = Debug|Any CPU
		{0963F331-A8F5-421A-AA88-1AFE70D321D7}.Debug|Any CPU.Build.0 = Debug|Any CPU
		{0963F331-A8F5-421A-AA88-1AFE70D321D7}.Release|Any CPU.ActiveCfg = Release|Any CPU
		{0963F331-A8F5-421A-AA88-1AFE70D321D7}.Release|Any CPU.Build.0 = Release|Any CPU
		{7B20E6D8-C9E8-41B1-AAA4-1450A1FCFEF8}.Debug|Any CPU.ActiveCfg = Debug|Any CPU
		{7B20E6D8-C9E8-41B1-AAA4-1450A1FCFEF8}.Debug|Any CPU.Build.0 = Debug|Any CPU
		{7B20E6D8-C9E8-41B1-AAA4-1450A1FCFEF8}.Release|Any CPU.ActiveCfg = Release|Any CPU
		{7B20E6D8-C9E8-41B1-AAA4-1450A1FCFEF8}.Release|Any CPU.Build.0 = Release|Any CPU
		{426370E8-3B9F-4A1A-B0DE-A0AFD35F14E9}.Debug|Any CPU.ActiveCfg = Debug|Any CPU
		{426370E8-3B9F-4A1A-B0DE-A0AFD35F14E9}.Debug|Any CPU.Build.0 = Debug|Any CPU
		{426370E8-3B9F-4A1A-B0DE-A0AFD35F14E9}.Release|Any CPU.ActiveCfg = Release|Any CPU
		{426370E8-3B9F-4A1A-B0DE-A0AFD35F14E9}.Release|Any CPU.Build.0 = Release|Any CPU
		{D901AB4C-1F12-48D2-848F-A369282A2E96}.Debug|Any CPU.ActiveCfg = Debug|Any CPU
		{D901AB4C-1F12-48D2-848F-A369282A2E96}.Debug|Any CPU.Build.0 = Debug|Any CPU
		{D901AB4C-1F12-48D2-848F-A369282A2E96}.Release|Any CPU.ActiveCfg = Release|Any CPU
		{D901AB4C-1F12-48D2-848F-A369282A2E96}.Release|Any CPU.Build.0 = Release|Any CPU
		{489AE651-D0DB-4C62-A4A9-E7D1A1E7AECE}.Debug|Any CPU.ActiveCfg = Debug|Any CPU
		{489AE651-D0DB-4C62-A4A9-E7D1A1E7AECE}.Debug|Any CPU.Build.0 = Debug|Any CPU
		{489AE651-D0DB-4C62-A4A9-E7D1A1E7AECE}.Release|Any CPU.ActiveCfg = Release|Any CPU
		{489AE651-D0DB-4C62-A4A9-E7D1A1E7AECE}.Release|Any CPU.Build.0 = Release|Any CPU
		{06FAB388-F711-4F65-BF27-C0738EC25BB3}.Debug|Any CPU.ActiveCfg = Debug|Any CPU
		{06FAB388-F711-4F65-BF27-C0738EC25BB3}.Debug|Any CPU.Build.0 = Debug|Any CPU
		{06FAB388-F711-4F65-BF27-C0738EC25BB3}.Release|Any CPU.ActiveCfg = Release|Any CPU
		{06FAB388-F711-4F65-BF27-C0738EC25BB3}.Release|Any CPU.Build.0 = Release|Any CPU
		{2C5AF45D-44C6-4B2B-B5FA-38538F7687CB}.Debug|Any CPU.ActiveCfg = Debug|Any CPU
		{2C5AF45D-44C6-4B2B-B5FA-38538F7687CB}.Debug|Any CPU.Build.0 = Debug|Any CPU
		{2C5AF45D-44C6-4B2B-B5FA-38538F7687CB}.Release|Any CPU.ActiveCfg = Release|Any CPU
		{2C5AF45D-44C6-4B2B-B5FA-38538F7687CB}.Release|Any CPU.Build.0 = Release|Any CPU
		{ED38A6FD-A058-4FD4-A393-35BE9CE8659D}.Debug|Any CPU.ActiveCfg = Debug|Any CPU
		{ED38A6FD-A058-4FD4-A393-35BE9CE8659D}.Debug|Any CPU.Build.0 = Debug|Any CPU
		{ED38A6FD-A058-4FD4-A393-35BE9CE8659D}.Release|Any CPU.ActiveCfg = Release|Any CPU
		{ED38A6FD-A058-4FD4-A393-35BE9CE8659D}.Release|Any CPU.Build.0 = Release|Any CPU
		{86DB348B-1726-4E04-A161-661D2C1B6EA3}.Debug|Any CPU.ActiveCfg = Debug|Any CPU
		{86DB348B-1726-4E04-A161-661D2C1B6EA3}.Debug|Any CPU.Build.0 = Debug|Any CPU
		{86DB348B-1726-4E04-A161-661D2C1B6EA3}.Release|Any CPU.ActiveCfg = Release|Any CPU
		{86DB348B-1726-4E04-A161-661D2C1B6EA3}.Release|Any CPU.Build.0 = Release|Any CPU
		{DF4BA226-DE20-4C23-B404-40BFDA7CAAF0}.Debug|Any CPU.ActiveCfg = Debug|Any CPU
		{DF4BA226-DE20-4C23-B404-40BFDA7CAAF0}.Debug|Any CPU.Build.0 = Debug|Any CPU
		{DF4BA226-DE20-4C23-B404-40BFDA7CAAF0}.Release|Any CPU.ActiveCfg = Release|Any CPU
		{DF4BA226-DE20-4C23-B404-40BFDA7CAAF0}.Release|Any CPU.Build.0 = Release|Any CPU
		{556B9953-BD87-4E48-8A82-61E9FA4D9753}.Debug|Any CPU.ActiveCfg = Debug|Any CPU
		{556B9953-BD87-4E48-8A82-61E9FA4D9753}.Debug|Any CPU.Build.0 = Debug|Any CPU
		{556B9953-BD87-4E48-8A82-61E9FA4D9753}.Release|Any CPU.ActiveCfg = Release|Any CPU
		{556B9953-BD87-4E48-8A82-61E9FA4D9753}.Release|Any CPU.Build.0 = Release|Any CPU
		{8273041F-ED19-44D6-BCBD-F6BFE68A45F8}.Debug|Any CPU.ActiveCfg = Debug|Any CPU
		{8273041F-ED19-44D6-BCBD-F6BFE68A45F8}.Debug|Any CPU.Build.0 = Debug|Any CPU
		{8273041F-ED19-44D6-BCBD-F6BFE68A45F8}.Release|Any CPU.ActiveCfg = Release|Any CPU
		{8273041F-ED19-44D6-BCBD-F6BFE68A45F8}.Release|Any CPU.Build.0 = Release|Any CPU
		{81623062-1410-4E74-BE0F-1B1B19FB377A}.Debug|Any CPU.ActiveCfg = Debug|Any CPU
		{81623062-1410-4E74-BE0F-1B1B19FB377A}.Debug|Any CPU.Build.0 = Debug|Any CPU
		{81623062-1410-4E74-BE0F-1B1B19FB377A}.Release|Any CPU.ActiveCfg = Release|Any CPU
		{81623062-1410-4E74-BE0F-1B1B19FB377A}.Release|Any CPU.Build.0 = Release|Any CPU
		{4B8C7CAB-1B2E-4B6B-A78A-497114086B51}.Debug|Any CPU.ActiveCfg = Debug|Any CPU
		{4B8C7CAB-1B2E-4B6B-A78A-497114086B51}.Debug|Any CPU.Build.0 = Debug|Any CPU
		{4B8C7CAB-1B2E-4B6B-A78A-497114086B51}.Release|Any CPU.ActiveCfg = Release|Any CPU
		{4B8C7CAB-1B2E-4B6B-A78A-497114086B51}.Release|Any CPU.Build.0 = Release|Any CPU
		{587AC7DE-9621-4BB8-84C5-59DA2ECF1705}.Debug|Any CPU.ActiveCfg = Debug|Any CPU
		{587AC7DE-9621-4BB8-84C5-59DA2ECF1705}.Debug|Any CPU.Build.0 = Debug|Any CPU
		{587AC7DE-9621-4BB8-84C5-59DA2ECF1705}.Release|Any CPU.ActiveCfg = Release|Any CPU
		{587AC7DE-9621-4BB8-84C5-59DA2ECF1705}.Release|Any CPU.Build.0 = Release|Any CPU
		{A6DCA611-A675-4414-936D-14FF6F7A8121}.Debug|Any CPU.ActiveCfg = Debug|Any CPU
		{A6DCA611-A675-4414-936D-14FF6F7A8121}.Debug|Any CPU.Build.0 = Debug|Any CPU
		{A6DCA611-A675-4414-936D-14FF6F7A8121}.Release|Any CPU.ActiveCfg = Release|Any CPU
		{A6DCA611-A675-4414-936D-14FF6F7A8121}.Release|Any CPU.Build.0 = Release|Any CPU
		{BE721AA9-5038-4DC1-B779-471E780BF810}.Debug|Any CPU.ActiveCfg = Debug|Any CPU
		{BE721AA9-5038-4DC1-B779-471E780BF810}.Debug|Any CPU.Build.0 = Debug|Any CPU
		{BE721AA9-5038-4DC1-B779-471E780BF810}.Release|Any CPU.ActiveCfg = Release|Any CPU
		{BE721AA9-5038-4DC1-B779-471E780BF810}.Release|Any CPU.Build.0 = Release|Any CPU
		{D8982D22-B3CC-4F57-9E2A-DE09B0E4E3D4}.Debug|Any CPU.ActiveCfg = Debug|Any CPU
		{D8982D22-B3CC-4F57-9E2A-DE09B0E4E3D4}.Debug|Any CPU.Build.0 = Debug|Any CPU
		{D8982D22-B3CC-4F57-9E2A-DE09B0E4E3D4}.Release|Any CPU.ActiveCfg = Release|Any CPU
		{D8982D22-B3CC-4F57-9E2A-DE09B0E4E3D4}.Release|Any CPU.Build.0 = Release|Any CPU
		{354258E0-8522-4BF4-B0A7-AB236C3268CB}.Debug|Any CPU.ActiveCfg = Debug|Any CPU
		{354258E0-8522-4BF4-B0A7-AB236C3268CB}.Debug|Any CPU.Build.0 = Debug|Any CPU
		{354258E0-8522-4BF4-B0A7-AB236C3268CB}.Release|Any CPU.ActiveCfg = Release|Any CPU
		{354258E0-8522-4BF4-B0A7-AB236C3268CB}.Release|Any CPU.Build.0 = Release|Any CPU
		{C3B04F48-2BC3-447C-843B-9071E427E485}.Debug|Any CPU.ActiveCfg = Debug|Any CPU
		{C3B04F48-2BC3-447C-843B-9071E427E485}.Debug|Any CPU.Build.0 = Debug|Any CPU
		{C3B04F48-2BC3-447C-843B-9071E427E485}.Release|Any CPU.ActiveCfg = Release|Any CPU
		{C3B04F48-2BC3-447C-843B-9071E427E485}.Release|Any CPU.Build.0 = Release|Any CPU
		{5A750590-0B24-4F30-8354-25FAEF6F707D}.Debug|Any CPU.ActiveCfg = Debug|Any CPU
		{5A750590-0B24-4F30-8354-25FAEF6F707D}.Debug|Any CPU.Build.0 = Debug|Any CPU
		{5A750590-0B24-4F30-8354-25FAEF6F707D}.Release|Any CPU.ActiveCfg = Release|Any CPU
		{5A750590-0B24-4F30-8354-25FAEF6F707D}.Release|Any CPU.Build.0 = Release|Any CPU
		{C0C0DE5C-DAA1-46B4-82DC-847E85CC0D20}.Debug|Any CPU.ActiveCfg = Debug|Any CPU
		{C0C0DE5C-DAA1-46B4-82DC-847E85CC0D20}.Debug|Any CPU.Build.0 = Debug|Any CPU
		{C0C0DE5C-DAA1-46B4-82DC-847E85CC0D20}.Release|Any CPU.ActiveCfg = Release|Any CPU
		{C0C0DE5C-DAA1-46B4-82DC-847E85CC0D20}.Release|Any CPU.Build.0 = Release|Any CPU
		{A50A2A2B-1509-4A49-8BF7-E731EAF8F769}.Debug|Any CPU.ActiveCfg = Debug|Any CPU
		{A50A2A2B-1509-4A49-8BF7-E731EAF8F769}.Debug|Any CPU.Build.0 = Debug|Any CPU
		{A50A2A2B-1509-4A49-8BF7-E731EAF8F769}.Release|Any CPU.ActiveCfg = Release|Any CPU
		{A50A2A2B-1509-4A49-8BF7-E731EAF8F769}.Release|Any CPU.Build.0 = Release|Any CPU
		{7FD432D2-CF7F-4884-B8F4-3EF87EC6D64C}.Debug|Any CPU.ActiveCfg = Debug|Any CPU
		{7FD432D2-CF7F-4884-B8F4-3EF87EC6D64C}.Debug|Any CPU.Build.0 = Debug|Any CPU
		{7FD432D2-CF7F-4884-B8F4-3EF87EC6D64C}.Release|Any CPU.ActiveCfg = Release|Any CPU
		{7FD432D2-CF7F-4884-B8F4-3EF87EC6D64C}.Release|Any CPU.Build.0 = Release|Any CPU
		{9BBD117A-CE1B-47B0-BEAD-185EB48AD0FF}.Debug|Any CPU.ActiveCfg = Debug|Any CPU
		{9BBD117A-CE1B-47B0-BEAD-185EB48AD0FF}.Debug|Any CPU.Build.0 = Debug|Any CPU
		{9BBD117A-CE1B-47B0-BEAD-185EB48AD0FF}.Release|Any CPU.ActiveCfg = Release|Any CPU
		{9BBD117A-CE1B-47B0-BEAD-185EB48AD0FF}.Release|Any CPU.Build.0 = Release|Any CPU
		{9544618B-403A-44D2-BC43-655178EF93D5}.Debug|Any CPU.ActiveCfg = Debug|Any CPU
		{9544618B-403A-44D2-BC43-655178EF93D5}.Debug|Any CPU.Build.0 = Debug|Any CPU
		{9544618B-403A-44D2-BC43-655178EF93D5}.Release|Any CPU.ActiveCfg = Release|Any CPU
		{9544618B-403A-44D2-BC43-655178EF93D5}.Release|Any CPU.Build.0 = Release|Any CPU
		{16E015BE-3455-44B3-8EF3-2B4D5CBFD0C0}.Debug|Any CPU.ActiveCfg = Debug|Any CPU
		{16E015BE-3455-44B3-8EF3-2B4D5CBFD0C0}.Debug|Any CPU.Build.0 = Debug|Any CPU
		{16E015BE-3455-44B3-8EF3-2B4D5CBFD0C0}.Release|Any CPU.ActiveCfg = Release|Any CPU
		{16E015BE-3455-44B3-8EF3-2B4D5CBFD0C0}.Release|Any CPU.Build.0 = Release|Any CPU
		{EB791356-B533-4D08-B0D7-BE624A982D9D}.Debug|Any CPU.ActiveCfg = Debug|Any CPU
		{EB791356-B533-4D08-B0D7-BE624A982D9D}.Debug|Any CPU.Build.0 = Debug|Any CPU
		{EB791356-B533-4D08-B0D7-BE624A982D9D}.Release|Any CPU.ActiveCfg = Release|Any CPU
		{EB791356-B533-4D08-B0D7-BE624A982D9D}.Release|Any CPU.Build.0 = Release|Any CPU
		{B2AA4D93-00D5-4BDE-8797-BD04104A1AC0}.Debug|Any CPU.ActiveCfg = Debug|Any CPU
		{B2AA4D93-00D5-4BDE-8797-BD04104A1AC0}.Debug|Any CPU.Build.0 = Debug|Any CPU
		{B2AA4D93-00D5-4BDE-8797-BD04104A1AC0}.Release|Any CPU.ActiveCfg = Release|Any CPU
		{B2AA4D93-00D5-4BDE-8797-BD04104A1AC0}.Release|Any CPU.Build.0 = Release|Any CPU
		{132E519D-F9B1-44A9-B6FD-B1DD466BEB28}.Debug|Any CPU.ActiveCfg = Debug|Any CPU
		{132E519D-F9B1-44A9-B6FD-B1DD466BEB28}.Debug|Any CPU.Build.0 = Debug|Any CPU
		{132E519D-F9B1-44A9-B6FD-B1DD466BEB28}.Release|Any CPU.ActiveCfg = Release|Any CPU
		{132E519D-F9B1-44A9-B6FD-B1DD466BEB28}.Release|Any CPU.Build.0 = Release|Any CPU
		{A740F67A-9FAC-4FEF-825A-6AA37E1E3900}.Debug|Any CPU.ActiveCfg = Debug|Any CPU
		{A740F67A-9FAC-4FEF-825A-6AA37E1E3900}.Debug|Any CPU.Build.0 = Debug|Any CPU
		{A740F67A-9FAC-4FEF-825A-6AA37E1E3900}.Release|Any CPU.ActiveCfg = Release|Any CPU
		{A740F67A-9FAC-4FEF-825A-6AA37E1E3900}.Release|Any CPU.Build.0 = Release|Any CPU
		{2283B88E-2473-4A44-BA07-EE7D3AACF4DB}.Debug|Any CPU.ActiveCfg = Debug|Any CPU
		{2283B88E-2473-4A44-BA07-EE7D3AACF4DB}.Debug|Any CPU.Build.0 = Debug|Any CPU
		{2283B88E-2473-4A44-BA07-EE7D3AACF4DB}.Release|Any CPU.ActiveCfg = Release|Any CPU
		{2283B88E-2473-4A44-BA07-EE7D3AACF4DB}.Release|Any CPU.Build.0 = Release|Any CPU
		{FAADE319-CB91-4414-ADFC-93338A2D2967}.Debug|Any CPU.ActiveCfg = Debug|Any CPU
		{FAADE319-CB91-4414-ADFC-93338A2D2967}.Debug|Any CPU.Build.0 = Debug|Any CPU
		{FAADE319-CB91-4414-ADFC-93338A2D2967}.Release|Any CPU.ActiveCfg = Release|Any CPU
		{FAADE319-CB91-4414-ADFC-93338A2D2967}.Release|Any CPU.Build.0 = Release|Any CPU
		{FD55C044-9A35-4537-8432-4D6B496D04B9}.Debug|Any CPU.ActiveCfg = Debug|Any CPU
		{FD55C044-9A35-4537-8432-4D6B496D04B9}.Debug|Any CPU.Build.0 = Debug|Any CPU
		{FD55C044-9A35-4537-8432-4D6B496D04B9}.Release|Any CPU.ActiveCfg = Release|Any CPU
		{FD55C044-9A35-4537-8432-4D6B496D04B9}.Release|Any CPU.Build.0 = Release|Any CPU
		{7C30D9AD-4049-4D5A-BD1F-A689D23C5452}.Debug|Any CPU.ActiveCfg = Debug|Any CPU
		{7C30D9AD-4049-4D5A-BD1F-A689D23C5452}.Debug|Any CPU.Build.0 = Debug|Any CPU
		{7C30D9AD-4049-4D5A-BD1F-A689D23C5452}.Release|Any CPU.ActiveCfg = Release|Any CPU
		{7C30D9AD-4049-4D5A-BD1F-A689D23C5452}.Release|Any CPU.Build.0 = Release|Any CPU
		{36B1B04A-00DC-4903-B745-1A7066099DE0}.Debug|Any CPU.ActiveCfg = Debug|Any CPU
		{36B1B04A-00DC-4903-B745-1A7066099DE0}.Debug|Any CPU.Build.0 = Debug|Any CPU
		{36B1B04A-00DC-4903-B745-1A7066099DE0}.Release|Any CPU.ActiveCfg = Release|Any CPU
		{36B1B04A-00DC-4903-B745-1A7066099DE0}.Release|Any CPU.Build.0 = Release|Any CPU
		{BE3C326F-A714-4393-A2E8-6985FBE6C2F9}.Debug|Any CPU.ActiveCfg = Debug|Any CPU
		{BE3C326F-A714-4393-A2E8-6985FBE6C2F9}.Debug|Any CPU.Build.0 = Debug|Any CPU
		{BE3C326F-A714-4393-A2E8-6985FBE6C2F9}.Release|Any CPU.ActiveCfg = Release|Any CPU
		{BE3C326F-A714-4393-A2E8-6985FBE6C2F9}.Release|Any CPU.Build.0 = Release|Any CPU
		{AFB246DB-4887-4FB9-9481-BBB1D6E4D52A}.Debug|Any CPU.ActiveCfg = Debug|Any CPU
		{AFB246DB-4887-4FB9-9481-BBB1D6E4D52A}.Debug|Any CPU.Build.0 = Debug|Any CPU
		{AFB246DB-4887-4FB9-9481-BBB1D6E4D52A}.Release|Any CPU.ActiveCfg = Release|Any CPU
		{AFB246DB-4887-4FB9-9481-BBB1D6E4D52A}.Release|Any CPU.Build.0 = Release|Any CPU
		{5FDDD693-A1F1-4EF5-9158-AB56B7412F4C}.Debug|Any CPU.ActiveCfg = Debug|Any CPU
		{5FDDD693-A1F1-4EF5-9158-AB56B7412F4C}.Debug|Any CPU.Build.0 = Debug|Any CPU
		{5FDDD693-A1F1-4EF5-9158-AB56B7412F4C}.Release|Any CPU.ActiveCfg = Release|Any CPU
		{5FDDD693-A1F1-4EF5-9158-AB56B7412F4C}.Release|Any CPU.Build.0 = Release|Any CPU
		{34B62035-785C-43AD-A608-B472D1211335}.Debug|Any CPU.ActiveCfg = Debug|Any CPU
		{34B62035-785C-43AD-A608-B472D1211335}.Debug|Any CPU.Build.0 = Debug|Any CPU
		{34B62035-785C-43AD-A608-B472D1211335}.Release|Any CPU.ActiveCfg = Release|Any CPU
		{34B62035-785C-43AD-A608-B472D1211335}.Release|Any CPU.Build.0 = Release|Any CPU
		{082D473B-3C74-4903-9B40-117268A9B8C5}.Debug|Any CPU.ActiveCfg = Debug|Any CPU
		{082D473B-3C74-4903-9B40-117268A9B8C5}.Debug|Any CPU.Build.0 = Debug|Any CPU
		{082D473B-3C74-4903-9B40-117268A9B8C5}.Release|Any CPU.ActiveCfg = Release|Any CPU
		{082D473B-3C74-4903-9B40-117268A9B8C5}.Release|Any CPU.Build.0 = Release|Any CPU
		{FBDAAE20-80C6-4B9F-8454-D9F78CF19E08}.Debug|Any CPU.ActiveCfg = Debug|Any CPU
		{FBDAAE20-80C6-4B9F-8454-D9F78CF19E08}.Debug|Any CPU.Build.0 = Debug|Any CPU
		{FBDAAE20-80C6-4B9F-8454-D9F78CF19E08}.Release|Any CPU.ActiveCfg = Release|Any CPU
		{FBDAAE20-80C6-4B9F-8454-D9F78CF19E08}.Release|Any CPU.Build.0 = Release|Any CPU
		{06E33C54-5128-42CF-B0FF-2D072EC10216}.Debug|Any CPU.ActiveCfg = Debug|Any CPU
		{06E33C54-5128-42CF-B0FF-2D072EC10216}.Debug|Any CPU.Build.0 = Debug|Any CPU
		{06E33C54-5128-42CF-B0FF-2D072EC10216}.Release|Any CPU.ActiveCfg = Release|Any CPU
		{06E33C54-5128-42CF-B0FF-2D072EC10216}.Release|Any CPU.Build.0 = Release|Any CPU
		{FE13D79A-7329-4AF2-AB01-160F20F28D22}.Debug|Any CPU.ActiveCfg = Debug|Any CPU
		{FE13D79A-7329-4AF2-AB01-160F20F28D22}.Debug|Any CPU.Build.0 = Debug|Any CPU
		{FE13D79A-7329-4AF2-AB01-160F20F28D22}.Release|Any CPU.ActiveCfg = Release|Any CPU
		{FE13D79A-7329-4AF2-AB01-160F20F28D22}.Release|Any CPU.Build.0 = Release|Any CPU
		{DF7C5AB5-19C3-4B98-9AD3-E65F892B140B}.Debug|Any CPU.ActiveCfg = Debug|Any CPU
		{DF7C5AB5-19C3-4B98-9AD3-E65F892B140B}.Debug|Any CPU.Build.0 = Debug|Any CPU
		{DF7C5AB5-19C3-4B98-9AD3-E65F892B140B}.Release|Any CPU.ActiveCfg = Release|Any CPU
		{DF7C5AB5-19C3-4B98-9AD3-E65F892B140B}.Release|Any CPU.Build.0 = Release|Any CPU
		{CB9DC9D2-0CA6-4ED1-92DB-0342B5B80ECD}.Debug|Any CPU.ActiveCfg = Debug|Any CPU
		{CB9DC9D2-0CA6-4ED1-92DB-0342B5B80ECD}.Debug|Any CPU.Build.0 = Debug|Any CPU
		{CB9DC9D2-0CA6-4ED1-92DB-0342B5B80ECD}.Release|Any CPU.ActiveCfg = Release|Any CPU
		{CB9DC9D2-0CA6-4ED1-92DB-0342B5B80ECD}.Release|Any CPU.Build.0 = Release|Any CPU
		{6EA17E17-EEB9-48EE-9CFB-D0B0FB248833}.Debug|Any CPU.ActiveCfg = Debug|Any CPU
		{6EA17E17-EEB9-48EE-9CFB-D0B0FB248833}.Debug|Any CPU.Build.0 = Debug|Any CPU
		{6EA17E17-EEB9-48EE-9CFB-D0B0FB248833}.Release|Any CPU.ActiveCfg = Release|Any CPU
		{6EA17E17-EEB9-48EE-9CFB-D0B0FB248833}.Release|Any CPU.Build.0 = Release|Any CPU
		{7400AB7B-54DD-4DF4-A4A4-6C97EF269B94}.Debug|Any CPU.ActiveCfg = Debug|Any CPU
		{7400AB7B-54DD-4DF4-A4A4-6C97EF269B94}.Debug|Any CPU.Build.0 = Debug|Any CPU
		{7400AB7B-54DD-4DF4-A4A4-6C97EF269B94}.Release|Any CPU.ActiveCfg = Release|Any CPU
		{7400AB7B-54DD-4DF4-A4A4-6C97EF269B94}.Release|Any CPU.Build.0 = Release|Any CPU
		{FF0F438A-D88B-43C5-88BC-60CA2C427DBB}.Debug|Any CPU.ActiveCfg = Debug|Any CPU
		{FF0F438A-D88B-43C5-88BC-60CA2C427DBB}.Debug|Any CPU.Build.0 = Debug|Any CPU
		{FF0F438A-D88B-43C5-88BC-60CA2C427DBB}.Release|Any CPU.ActiveCfg = Release|Any CPU
		{FF0F438A-D88B-43C5-88BC-60CA2C427DBB}.Release|Any CPU.Build.0 = Release|Any CPU
		{820ABCDD-77D3-44E2-BA98-8F4BC5AD4ED8}.Debug|Any CPU.ActiveCfg = Debug|Any CPU
		{820ABCDD-77D3-44E2-BA98-8F4BC5AD4ED8}.Debug|Any CPU.Build.0 = Debug|Any CPU
		{820ABCDD-77D3-44E2-BA98-8F4BC5AD4ED8}.Release|Any CPU.ActiveCfg = Release|Any CPU
		{820ABCDD-77D3-44E2-BA98-8F4BC5AD4ED8}.Release|Any CPU.Build.0 = Release|Any CPU
		{2793060D-8F90-4A08-8CC3-2D9DB25CA0EC}.Debug|Any CPU.ActiveCfg = Debug|Any CPU
		{2793060D-8F90-4A08-8CC3-2D9DB25CA0EC}.Debug|Any CPU.Build.0 = Debug|Any CPU
		{2793060D-8F90-4A08-8CC3-2D9DB25CA0EC}.Release|Any CPU.ActiveCfg = Release|Any CPU
		{2793060D-8F90-4A08-8CC3-2D9DB25CA0EC}.Release|Any CPU.Build.0 = Release|Any CPU
		{D425B6E8-AC44-417A-A5A6-262A8FADA241}.Debug|Any CPU.ActiveCfg = Debug|Any CPU
		{D425B6E8-AC44-417A-A5A6-262A8FADA241}.Debug|Any CPU.Build.0 = Debug|Any CPU
		{D425B6E8-AC44-417A-A5A6-262A8FADA241}.Release|Any CPU.ActiveCfg = Release|Any CPU
		{D425B6E8-AC44-417A-A5A6-262A8FADA241}.Release|Any CPU.Build.0 = Release|Any CPU
		{D3161469-7F25-4E7D-A8D9-BD4A8ACD57A1}.Debug|Any CPU.ActiveCfg = Debug|Any CPU
		{D3161469-7F25-4E7D-A8D9-BD4A8ACD57A1}.Debug|Any CPU.Build.0 = Debug|Any CPU
		{D3161469-7F25-4E7D-A8D9-BD4A8ACD57A1}.Release|Any CPU.ActiveCfg = Release|Any CPU
		{D3161469-7F25-4E7D-A8D9-BD4A8ACD57A1}.Release|Any CPU.Build.0 = Release|Any CPU
		{5D194E09-4D75-4F8F-8296-B923CCEC6C0E}.Debug|Any CPU.ActiveCfg = Debug|Any CPU
		{5D194E09-4D75-4F8F-8296-B923CCEC6C0E}.Debug|Any CPU.Build.0 = Debug|Any CPU
		{5D194E09-4D75-4F8F-8296-B923CCEC6C0E}.Release|Any CPU.ActiveCfg = Release|Any CPU
		{5D194E09-4D75-4F8F-8296-B923CCEC6C0E}.Release|Any CPU.Build.0 = Release|Any CPU
		{45B8DC5B-4439-42DF-AD86-40548C5CD01D}.Debug|Any CPU.ActiveCfg = Debug|Any CPU
		{45B8DC5B-4439-42DF-AD86-40548C5CD01D}.Debug|Any CPU.Build.0 = Debug|Any CPU
		{45B8DC5B-4439-42DF-AD86-40548C5CD01D}.Release|Any CPU.ActiveCfg = Release|Any CPU
		{45B8DC5B-4439-42DF-AD86-40548C5CD01D}.Release|Any CPU.Build.0 = Release|Any CPU
		{3BBA4BF1-2037-4DC2-8CC5-11F5B7165C8D}.Debug|Any CPU.ActiveCfg = Debug|Any CPU
		{3BBA4BF1-2037-4DC2-8CC5-11F5B7165C8D}.Debug|Any CPU.Build.0 = Debug|Any CPU
		{3BBA4BF1-2037-4DC2-8CC5-11F5B7165C8D}.Release|Any CPU.ActiveCfg = Release|Any CPU
		{3BBA4BF1-2037-4DC2-8CC5-11F5B7165C8D}.Release|Any CPU.Build.0 = Release|Any CPU
		{FB992740-9391-4C32-B63E-8FB12006B2D5}.Debug|Any CPU.ActiveCfg = Debug|Any CPU
		{FB992740-9391-4C32-B63E-8FB12006B2D5}.Debug|Any CPU.Build.0 = Debug|Any CPU
		{FB992740-9391-4C32-B63E-8FB12006B2D5}.Release|Any CPU.ActiveCfg = Release|Any CPU
		{FB992740-9391-4C32-B63E-8FB12006B2D5}.Release|Any CPU.Build.0 = Release|Any CPU
		{52B10C1B-78F7-493B-AB00-58EFD921FDA6}.Debug|Any CPU.ActiveCfg = Debug|Any CPU
		{52B10C1B-78F7-493B-AB00-58EFD921FDA6}.Debug|Any CPU.Build.0 = Debug|Any CPU
		{52B10C1B-78F7-493B-AB00-58EFD921FDA6}.Release|Any CPU.ActiveCfg = Release|Any CPU
		{52B10C1B-78F7-493B-AB00-58EFD921FDA6}.Release|Any CPU.Build.0 = Release|Any CPU
		{A276AAD8-4579-4ECF-AAD2-4AAC07EB630E}.Debug|Any CPU.ActiveCfg = Debug|Any CPU
		{A276AAD8-4579-4ECF-AAD2-4AAC07EB630E}.Debug|Any CPU.Build.0 = Debug|Any CPU
		{A276AAD8-4579-4ECF-AAD2-4AAC07EB630E}.Release|Any CPU.ActiveCfg = Release|Any CPU
		{A276AAD8-4579-4ECF-AAD2-4AAC07EB630E}.Release|Any CPU.Build.0 = Release|Any CPU
		{A2D007A4-C423-4D25-8EDE-C36A8C150839}.Debug|Any CPU.ActiveCfg = Debug|Any CPU
		{A2D007A4-C423-4D25-8EDE-C36A8C150839}.Debug|Any CPU.Build.0 = Debug|Any CPU
		{A2D007A4-C423-4D25-8EDE-C36A8C150839}.Release|Any CPU.ActiveCfg = Release|Any CPU
		{A2D007A4-C423-4D25-8EDE-C36A8C150839}.Release|Any CPU.Build.0 = Release|Any CPU
		{FB1B4499-2665-4981-AAA6-77EE36352D8E}.Debug|Any CPU.ActiveCfg = Debug|Any CPU
		{FB1B4499-2665-4981-AAA6-77EE36352D8E}.Debug|Any CPU.Build.0 = Debug|Any CPU
		{FB1B4499-2665-4981-AAA6-77EE36352D8E}.Release|Any CPU.ActiveCfg = Release|Any CPU
		{FB1B4499-2665-4981-AAA6-77EE36352D8E}.Release|Any CPU.Build.0 = Release|Any CPU
		{651FE982-609C-4F13-8B96-8ABE4705B0AB}.Debug|Any CPU.ActiveCfg = Debug|Any CPU
		{651FE982-609C-4F13-8B96-8ABE4705B0AB}.Debug|Any CPU.Build.0 = Debug|Any CPU
		{651FE982-609C-4F13-8B96-8ABE4705B0AB}.Release|Any CPU.ActiveCfg = Release|Any CPU
		{651FE982-609C-4F13-8B96-8ABE4705B0AB}.Release|Any CPU.Build.0 = Release|Any CPU
		{EE6A1E3D-F48D-47E7-ADB3-BEE78B93DC47}.Debug|Any CPU.ActiveCfg = Debug|Any CPU
		{EE6A1E3D-F48D-47E7-ADB3-BEE78B93DC47}.Debug|Any CPU.Build.0 = Debug|Any CPU
		{EE6A1E3D-F48D-47E7-ADB3-BEE78B93DC47}.Release|Any CPU.ActiveCfg = Release|Any CPU
		{EE6A1E3D-F48D-47E7-ADB3-BEE78B93DC47}.Release|Any CPU.Build.0 = Release|Any CPU
		{4A630D1A-4684-4F57-97F2-AA5AB27F04ED}.Debug|Any CPU.ActiveCfg = Debug|Any CPU
		{4A630D1A-4684-4F57-97F2-AA5AB27F04ED}.Debug|Any CPU.Build.0 = Debug|Any CPU
		{4A630D1A-4684-4F57-97F2-AA5AB27F04ED}.Release|Any CPU.ActiveCfg = Release|Any CPU
		{4A630D1A-4684-4F57-97F2-AA5AB27F04ED}.Release|Any CPU.Build.0 = Release|Any CPU
		{DF6B6E43-C131-4EA0-9039-4927A1C6F8F5}.Debug|Any CPU.ActiveCfg = Debug|Any CPU
		{DF6B6E43-C131-4EA0-9039-4927A1C6F8F5}.Debug|Any CPU.Build.0 = Debug|Any CPU
		{DF6B6E43-C131-4EA0-9039-4927A1C6F8F5}.Release|Any CPU.ActiveCfg = Release|Any CPU
		{DF6B6E43-C131-4EA0-9039-4927A1C6F8F5}.Release|Any CPU.Build.0 = Release|Any CPU
		{A758A682-C7D6-4FB3-BDE5-0F0A3BCD8C42}.Debug|Any CPU.ActiveCfg = Debug|Any CPU
		{A758A682-C7D6-4FB3-BDE5-0F0A3BCD8C42}.Debug|Any CPU.Build.0 = Debug|Any CPU
		{A758A682-C7D6-4FB3-BDE5-0F0A3BCD8C42}.Release|Any CPU.ActiveCfg = Release|Any CPU
		{A758A682-C7D6-4FB3-BDE5-0F0A3BCD8C42}.Release|Any CPU.Build.0 = Release|Any CPU
		{8B1096AA-14F5-4E61-9A7C-4B20BE335028}.Debug|Any CPU.ActiveCfg = Debug|Any CPU
		{8B1096AA-14F5-4E61-9A7C-4B20BE335028}.Debug|Any CPU.Build.0 = Debug|Any CPU
		{8B1096AA-14F5-4E61-9A7C-4B20BE335028}.Release|Any CPU.ActiveCfg = Release|Any CPU
		{8B1096AA-14F5-4E61-9A7C-4B20BE335028}.Release|Any CPU.Build.0 = Release|Any CPU
		{49D4C81F-B5FA-4410-9BF7-1AC2F97DE84C}.Debug|Any CPU.ActiveCfg = Debug|Any CPU
		{49D4C81F-B5FA-4410-9BF7-1AC2F97DE84C}.Debug|Any CPU.Build.0 = Debug|Any CPU
		{49D4C81F-B5FA-4410-9BF7-1AC2F97DE84C}.Release|Any CPU.ActiveCfg = Release|Any CPU
		{49D4C81F-B5FA-4410-9BF7-1AC2F97DE84C}.Release|Any CPU.Build.0 = Release|Any CPU
		{9B536430-332F-4EBE-8C09-1A3988F6448C}.Debug|Any CPU.ActiveCfg = Debug|Any CPU
		{9B536430-332F-4EBE-8C09-1A3988F6448C}.Debug|Any CPU.Build.0 = Debug|Any CPU
		{9B536430-332F-4EBE-8C09-1A3988F6448C}.Release|Any CPU.ActiveCfg = Release|Any CPU
		{9B536430-332F-4EBE-8C09-1A3988F6448C}.Release|Any CPU.Build.0 = Release|Any CPU
		{60E266FF-1BD3-4380-879C-3D079582DDF5}.Debug|Any CPU.ActiveCfg = Debug|Any CPU
		{60E266FF-1BD3-4380-879C-3D079582DDF5}.Debug|Any CPU.Build.0 = Debug|Any CPU
		{60E266FF-1BD3-4380-879C-3D079582DDF5}.Release|Any CPU.ActiveCfg = Release|Any CPU
		{60E266FF-1BD3-4380-879C-3D079582DDF5}.Release|Any CPU.Build.0 = Release|Any CPU
		{FF7BD2B7-D9B3-45F5-AB82-715D42D4BD60}.Debug|Any CPU.ActiveCfg = Debug|Any CPU
		{FF7BD2B7-D9B3-45F5-AB82-715D42D4BD60}.Debug|Any CPU.Build.0 = Debug|Any CPU
		{FF7BD2B7-D9B3-45F5-AB82-715D42D4BD60}.Release|Any CPU.ActiveCfg = Release|Any CPU
		{FF7BD2B7-D9B3-45F5-AB82-715D42D4BD60}.Release|Any CPU.Build.0 = Release|Any CPU
	EndGlobalSection
	GlobalSection(SolutionProperties) = preSolution
		HideSolutionNode = FALSE
	EndGlobalSection
	GlobalSection(NestedProjects) = preSolution
		{DFE42318-B911-485D-97AA-05731503AADD} = {344FB20B-6315-477C-B032-B4E217E8A2DD}
		{5D495249-F8EF-4434-965C-3417A613C427} = {DFE42318-B911-485D-97AA-05731503AADD}
		{002EC4CB-C2EB-42C4-BA8F-6F6C2B62172C} = {DFE42318-B911-485D-97AA-05731503AADD}
		{D4284FC8-2CBB-417C-AF28-0179F3794E75} = {002EC4CB-C2EB-42C4-BA8F-6F6C2B62172C}
		{E9A80297-6B5D-49E3-9972-85DCB599C0F4} = {002EC4CB-C2EB-42C4-BA8F-6F6C2B62172C}
		{4621BA2B-7CCA-47CC-B1E8-59F9B26A936D} = {DFE42318-B911-485D-97AA-05731503AADD}
		{9D948552-DF2E-412F-AEA6-B59F8BB708C5} = {344FB20B-6315-477C-B032-B4E217E8A2DD}
		{604A6DDE-6E25-4C6A-9FDE-08F52FBAC3D9} = {9D948552-DF2E-412F-AEA6-B59F8BB708C5}
		{1EF9D9DA-B4CF-4467-A5F4-CDBACEAA34CD} = {9D948552-DF2E-412F-AEA6-B59F8BB708C5}
		{FD69764C-27B0-46F0-8EAC-D3E57609912E} = {604A6DDE-6E25-4C6A-9FDE-08F52FBAC3D9}
		{0963F331-A8F5-421A-AA88-1AFE70D321D7} = {2AF0C58F-9CCB-457D-97C5-C73DB45F31BD}
		{7B20E6D8-C9E8-41B1-AAA4-1450A1FCFEF8} = {5D495249-F8EF-4434-965C-3417A613C427}
		{426370E8-3B9F-4A1A-B0DE-A0AFD35F14E9} = {5D495249-F8EF-4434-965C-3417A613C427}
		{D901AB4C-1F12-48D2-848F-A369282A2E96} = {5D495249-F8EF-4434-965C-3417A613C427}
		{489AE651-D0DB-4C62-A4A9-E7D1A1E7AECE} = {5D495249-F8EF-4434-965C-3417A613C427}
		{06FAB388-F711-4F65-BF27-C0738EC25BB3} = {5D495249-F8EF-4434-965C-3417A613C427}
		{2C5AF45D-44C6-4B2B-B5FA-38538F7687CB} = {5D495249-F8EF-4434-965C-3417A613C427}
		{ED38A6FD-A058-4FD4-A393-35BE9CE8659D} = {5D495249-F8EF-4434-965C-3417A613C427}
		{86DB348B-1726-4E04-A161-661D2C1B6EA3} = {5D495249-F8EF-4434-965C-3417A613C427}
		{DF4BA226-DE20-4C23-B404-40BFDA7CAAF0} = {5D495249-F8EF-4434-965C-3417A613C427}
		{556B9953-BD87-4E48-8A82-61E9FA4D9753} = {5D495249-F8EF-4434-965C-3417A613C427}
		{8273041F-ED19-44D6-BCBD-F6BFE68A45F8} = {5D495249-F8EF-4434-965C-3417A613C427}
		{81623062-1410-4E74-BE0F-1B1B19FB377A} = {5D495249-F8EF-4434-965C-3417A613C427}
		{4B8C7CAB-1B2E-4B6B-A78A-497114086B51} = {5D495249-F8EF-4434-965C-3417A613C427}
		{587AC7DE-9621-4BB8-84C5-59DA2ECF1705} = {5D495249-F8EF-4434-965C-3417A613C427}
		{A6DCA611-A675-4414-936D-14FF6F7A8121} = {5D495249-F8EF-4434-965C-3417A613C427}
		{BE721AA9-5038-4DC1-B779-471E780BF810} = {5D495249-F8EF-4434-965C-3417A613C427}
		{D8982D22-B3CC-4F57-9E2A-DE09B0E4E3D4} = {5D495249-F8EF-4434-965C-3417A613C427}
		{354258E0-8522-4BF4-B0A7-AB236C3268CB} = {5D495249-F8EF-4434-965C-3417A613C427}
		{C3B04F48-2BC3-447C-843B-9071E427E485} = {5D495249-F8EF-4434-965C-3417A613C427}
		{5A750590-0B24-4F30-8354-25FAEF6F707D} = {5D495249-F8EF-4434-965C-3417A613C427}
		{C0C0DE5C-DAA1-46B4-82DC-847E85CC0D20} = {5D495249-F8EF-4434-965C-3417A613C427}
		{A50A2A2B-1509-4A49-8BF7-E731EAF8F769} = {5D495249-F8EF-4434-965C-3417A613C427}
		{7FD432D2-CF7F-4884-B8F4-3EF87EC6D64C} = {5D495249-F8EF-4434-965C-3417A613C427}
		{9BBD117A-CE1B-47B0-BEAD-185EB48AD0FF} = {5D495249-F8EF-4434-965C-3417A613C427}
		{9544618B-403A-44D2-BC43-655178EF93D5} = {5D495249-F8EF-4434-965C-3417A613C427}
		{16E015BE-3455-44B3-8EF3-2B4D5CBFD0C0} = {002EC4CB-C2EB-42C4-BA8F-6F6C2B62172C}
		{EB791356-B533-4D08-B0D7-BE624A982D9D} = {002EC4CB-C2EB-42C4-BA8F-6F6C2B62172C}
		{B2AA4D93-00D5-4BDE-8797-BD04104A1AC0} = {002EC4CB-C2EB-42C4-BA8F-6F6C2B62172C}
		{132E519D-F9B1-44A9-B6FD-B1DD466BEB28} = {002EC4CB-C2EB-42C4-BA8F-6F6C2B62172C}
		{A740F67A-9FAC-4FEF-825A-6AA37E1E3900} = {002EC4CB-C2EB-42C4-BA8F-6F6C2B62172C}
		{2283B88E-2473-4A44-BA07-EE7D3AACF4DB} = {002EC4CB-C2EB-42C4-BA8F-6F6C2B62172C}
		{FAADE319-CB91-4414-ADFC-93338A2D2967} = {002EC4CB-C2EB-42C4-BA8F-6F6C2B62172C}
		{FD55C044-9A35-4537-8432-4D6B496D04B9} = {4621BA2B-7CCA-47CC-B1E8-59F9B26A936D}
		{7C30D9AD-4049-4D5A-BD1F-A689D23C5452} = {4621BA2B-7CCA-47CC-B1E8-59F9B26A936D}
		{36B1B04A-00DC-4903-B745-1A7066099DE0} = {4621BA2B-7CCA-47CC-B1E8-59F9B26A936D}
		{BE3C326F-A714-4393-A2E8-6985FBE6C2F9} = {4621BA2B-7CCA-47CC-B1E8-59F9B26A936D}
		{AFB246DB-4887-4FB9-9481-BBB1D6E4D52A} = {4621BA2B-7CCA-47CC-B1E8-59F9B26A936D}
		{5FDDD693-A1F1-4EF5-9158-AB56B7412F4C} = {604A6DDE-6E25-4C6A-9FDE-08F52FBAC3D9}
		{34B62035-785C-43AD-A608-B472D1211335} = {604A6DDE-6E25-4C6A-9FDE-08F52FBAC3D9}
		{082D473B-3C74-4903-9B40-117268A9B8C5} = {604A6DDE-6E25-4C6A-9FDE-08F52FBAC3D9}
		{FBDAAE20-80C6-4B9F-8454-D9F78CF19E08} = {604A6DDE-6E25-4C6A-9FDE-08F52FBAC3D9}
		{06E33C54-5128-42CF-B0FF-2D072EC10216} = {604A6DDE-6E25-4C6A-9FDE-08F52FBAC3D9}
		{FE13D79A-7329-4AF2-AB01-160F20F28D22} = {604A6DDE-6E25-4C6A-9FDE-08F52FBAC3D9}
		{DF7C5AB5-19C3-4B98-9AD3-E65F892B140B} = {604A6DDE-6E25-4C6A-9FDE-08F52FBAC3D9}
		{CB9DC9D2-0CA6-4ED1-92DB-0342B5B80ECD} = {604A6DDE-6E25-4C6A-9FDE-08F52FBAC3D9}
		{6EA17E17-EEB9-48EE-9CFB-D0B0FB248833} = {604A6DDE-6E25-4C6A-9FDE-08F52FBAC3D9}
		{7400AB7B-54DD-4DF4-A4A4-6C97EF269B94} = {604A6DDE-6E25-4C6A-9FDE-08F52FBAC3D9}
		{FF0F438A-D88B-43C5-88BC-60CA2C427DBB} = {604A6DDE-6E25-4C6A-9FDE-08F52FBAC3D9}
		{820ABCDD-77D3-44E2-BA98-8F4BC5AD4ED8} = {604A6DDE-6E25-4C6A-9FDE-08F52FBAC3D9}
		{2793060D-8F90-4A08-8CC3-2D9DB25CA0EC} = {2AF0C58F-9CCB-457D-97C5-C73DB45F31BD}
		{D425B6E8-AC44-417A-A5A6-262A8FADA241} = {604A6DDE-6E25-4C6A-9FDE-08F52FBAC3D9}
		{D3161469-7F25-4E7D-A8D9-BD4A8ACD57A1} = {1EF9D9DA-B4CF-4467-A5F4-CDBACEAA34CD}
		{5D194E09-4D75-4F8F-8296-B923CCEC6C0E} = {1EF9D9DA-B4CF-4467-A5F4-CDBACEAA34CD}
		{2AF0C58F-9CCB-457D-97C5-C73DB45F31BD} = {9D948552-DF2E-412F-AEA6-B59F8BB708C5}
		{45B8DC5B-4439-42DF-AD86-40548C5CD01D} = {1EF9D9DA-B4CF-4467-A5F4-CDBACEAA34CD}
		{3BBA4BF1-2037-4DC2-8CC5-11F5B7165C8D} = {1EF9D9DA-B4CF-4467-A5F4-CDBACEAA34CD}
		{FB992740-9391-4C32-B63E-8FB12006B2D5} = {1EF9D9DA-B4CF-4467-A5F4-CDBACEAA34CD}
		{C5DC7E7E-18C9-44EC-89B5-ABC9BB1A8B38} = {344FB20B-6315-477C-B032-B4E217E8A2DD}
		{4A338938-805D-4B6B-8BDC-606542E56123} = {C5DC7E7E-18C9-44EC-89B5-ABC9BB1A8B38}
		{3DE9498D-5690-4D10-A4C8-0A7F6C0260B1} = {C5DC7E7E-18C9-44EC-89B5-ABC9BB1A8B38}
		{24B47AC3-0399-41CA-B90D-50BC6C56D919} = {C5DC7E7E-18C9-44EC-89B5-ABC9BB1A8B38}
		{C563D26A-A54D-4F0A-BD27-B1EFDB714435} = {C5DC7E7E-18C9-44EC-89B5-ABC9BB1A8B38}
		{52B10C1B-78F7-493B-AB00-58EFD921FDA6} = {C563D26A-A54D-4F0A-BD27-B1EFDB714435}
		{A276AAD8-4579-4ECF-AAD2-4AAC07EB630E} = {C563D26A-A54D-4F0A-BD27-B1EFDB714435}
		{A2D007A4-C423-4D25-8EDE-C36A8C150839} = {4A338938-805D-4B6B-8BDC-606542E56123}
		{FB1B4499-2665-4981-AAA6-77EE36352D8E} = {4A338938-805D-4B6B-8BDC-606542E56123}
		{651FE982-609C-4F13-8B96-8ABE4705B0AB} = {4A338938-805D-4B6B-8BDC-606542E56123}
		{EE6A1E3D-F48D-47E7-ADB3-BEE78B93DC47} = {4A338938-805D-4B6B-8BDC-606542E56123}
		{4A630D1A-4684-4F57-97F2-AA5AB27F04ED} = {4A338938-805D-4B6B-8BDC-606542E56123}
		{DF6B6E43-C131-4EA0-9039-4927A1C6F8F5} = {4A338938-805D-4B6B-8BDC-606542E56123}
		{A758A682-C7D6-4FB3-BDE5-0F0A3BCD8C42} = {4A338938-805D-4B6B-8BDC-606542E56123}
		{8B1096AA-14F5-4E61-9A7C-4B20BE335028} = {4A338938-805D-4B6B-8BDC-606542E56123}
		{49D4C81F-B5FA-4410-9BF7-1AC2F97DE84C} = {4A338938-805D-4B6B-8BDC-606542E56123}
		{9B536430-332F-4EBE-8C09-1A3988F6448C} = {4A338938-805D-4B6B-8BDC-606542E56123}
		{60E266FF-1BD3-4380-879C-3D079582DDF5} = {4A338938-805D-4B6B-8BDC-606542E56123}
		{FF7BD2B7-D9B3-45F5-AB82-715D42D4BD60} = {4A338938-805D-4B6B-8BDC-606542E56123}
	EndGlobalSection
EndGlobal
