
Microsoft Visual Studio Solution File, Format Version 12.00
# Visual Studio 15
VisualStudioVersion = 15.0.26430.13
MinimumVisualStudioVersion = 10.0.40219.1
Project("{2150E333-8FDC-42A3-9474-1A3956D46DE8}") = "第一章 基础", "第一章 基础", "{344FB20B-6315-477C-B032-B4E217E8A2DD}"
EndProject
Project("{2150E333-8FDC-42A3-9474-1A3956D46DE8}") = "1.1 基础编程模型", "1.1 基础编程模型", "{DFE42318-B911-485D-97AA-05731503AADD}"
EndProject
Project("{2150E333-8FDC-42A3-9474-1A3956D46DE8}") = "1-练习", "1-练习", "{5D495249-F8EF-4434-965C-3417A613C427}"
EndProject
Project("{2150E333-8FDC-42A3-9474-1A3956D46DE8}") = "Solution Items", "Solution Items", "{4972DBA6-799A-424A-A8A2-3B622DED1EFB}"
	ProjectSection(SolutionItems) = preProject
		README.md = README.md
	EndProjectSection
EndProject
Project("{9A19103F-16F7-4668-BE54-9A1E7A4F7556}") = "1.1.1", "1 Fundamental\1.1\1.1.1\1.1.1.csproj", "{EFBF3BEF-9184-4531-9BF9-0A7C20301EB5}"
EndProject
Project("{9A19103F-16F7-4668-BE54-9A1E7A4F7556}") = "1.1.2", "1 Fundamental\1.1\1.1.2\1.1.2.csproj", "{7C2031D7-A780-4AEF-9493-91384BEBFBE2}"
EndProject
Project("{9A19103F-16F7-4668-BE54-9A1E7A4F7556}") = "1.1.3", "1 Fundamental\1.1\1.1.3\1.1.3.csproj", "{B6EDD53A-8C12-4087-BFB6-9D2FC1485ABC}"
EndProject
Project("{9A19103F-16F7-4668-BE54-9A1E7A4F7556}") = "1.1.4", "1 Fundamental\1.1\1.1.4\1.1.4.csproj", "{7749519C-F166-47D3-A927-9A685CD9CA58}"
EndProject
Project("{9A19103F-16F7-4668-BE54-9A1E7A4F7556}") = "1.1.5", "1 Fundamental\1.1\1.1.5\1.1.5.csproj", "{4967B0B5-F775-4CCD-91C9-B6B00351B3CB}"
EndProject
Project("{9A19103F-16F7-4668-BE54-9A1E7A4F7556}") = "1.1.6", "1 Fundamental\1.1\1.1.6\1.1.6.csproj", "{D0505F74-005F-4102-AC50-92A792258B71}"
EndProject
Project("{9A19103F-16F7-4668-BE54-9A1E7A4F7556}") = "1.1.7", "1 Fundamental\1.1\1.1.7\1.1.7.csproj", "{2A7CF129-62BF-4575-8F12-CC1A6472C6DD}"
EndProject
Project("{9A19103F-16F7-4668-BE54-9A1E7A4F7556}") = "1.1.8", "1 Fundamental\1.1\1.1.8\1.1.8.csproj", "{F072ADFA-BE31-4DAA-A499-D68D20E8A1DA}"
EndProject
Project("{9A19103F-16F7-4668-BE54-9A1E7A4F7556}") = "1.1.9", "1 Fundamental\1.1\1.1.9\1.1.9.csproj", "{5F3C4B91-B513-4EE6-8085-A309091FDFCC}"
EndProject
Project("{9A19103F-16F7-4668-BE54-9A1E7A4F7556}") = "1.1.10", "1 Fundamental\1.1\1.1.10\1.1.10.csproj", "{E667EE8C-EB16-4EBF-9141-961D884628E9}"
EndProject
Project("{9A19103F-16F7-4668-BE54-9A1E7A4F7556}") = "1.1.11", "1 Fundamental\1.1\1.1.11\1.1.11.csproj", "{B6F2A9CF-D9EE-4A4B-9A92-D817730CDEF8}"
EndProject
Project("{9A19103F-16F7-4668-BE54-9A1E7A4F7556}") = "1.1.12", "1 Fundamental\1.1\1.1.12\1.1.12.csproj", "{D279A45F-D8BF-4E8B-8391-54B7AFD3A5F7}"
EndProject
Project("{9A19103F-16F7-4668-BE54-9A1E7A4F7556}") = "1.1.13", "1 Fundamental\1.1\1.1.13\1.1.13.csproj", "{ECFF0FDC-40F0-4CFA-B3BA-FF83897CDD09}"
EndProject
Project("{9A19103F-16F7-4668-BE54-9A1E7A4F7556}") = "1.1.14", "1 Fundamental\1.1\1.1.14\1.1.14.csproj", "{13982E33-0D2F-4E7A-9441-4C1321C89528}"
EndProject
Project("{9A19103F-16F7-4668-BE54-9A1E7A4F7556}") = "1.1.15", "1 Fundamental\1.1\1.1.15\1.1.15.csproj", "{D494F1EE-346D-49EE-9F1D-E6EF6EA695D6}"
EndProject
Project("{9A19103F-16F7-4668-BE54-9A1E7A4F7556}") = "1.1.16", "1 Fundamental\1.1\1.1.16\1.1.16.csproj", "{2D91DFC3-EF93-455B-8EC0-7895BBC2EF24}"
EndProject
Project("{9A19103F-16F7-4668-BE54-9A1E7A4F7556}") = "1.1.17", "1 Fundamental\1.1\1.1.17\1.1.17.csproj", "{DE9FFB66-1812-421F-8692-4D202560C716}"
EndProject
Project("{9A19103F-16F7-4668-BE54-9A1E7A4F7556}") = "1.1.18", "1 Fundamental\1.1\1.1.18\1.1.18.csproj", "{5EB0592C-E617-4DC2-A3DA-3C00AD3764AB}"
EndProject
Project("{FAE04EC0-301F-11D3-BF4B-00C04F79EFBC}") = "1.1.19", "1 Fundamental\1.1\1.1.19\1.1.19.csproj", "{2783141F-896F-47A8-AAA7-CDDFEA335E93}"
EndProject
Project("{FAE04EC0-301F-11D3-BF4B-00C04F79EFBC}") = "1.1.38", "1 Fundamental\1.1\1.1.38\1.1.38.csproj", "{2D264CF8-6D2C-4EB3-A308-0BDB6BCED8DE}"
EndProject
Project("{FAE04EC0-301F-11D3-BF4B-00C04F79EFBC}") = "1.1.20", "1 Fundamental\1.1\1.1.20\1.1.20.csproj", "{0530C2B8-5CEC-4ACA-998E-9415BD49BDE0}"
EndProject
Project("{FAE04EC0-301F-11D3-BF4B-00C04F79EFBC}") = "1.1.21", "1 Fundamental\1.1\1.1.21\1.1.21.csproj", "{562E8862-6499-4AAE-89D5-01DACE8C72D7}"
EndProject
Project("{FAE04EC0-301F-11D3-BF4B-00C04F79EFBC}") = "1.1.22", "1 Fundamental\1.1\1.1.22\1.1.22.csproj", "{B610CD83-38A9-4256-87AC-18F180F68E7A}"
EndProject
Project("{FAE04EC0-301F-11D3-BF4B-00C04F79EFBC}") = "1.1.23", "1 Fundamental\1.1\1.1.23\1.1.23.csproj", "{E721473F-B962-4874-AEA1-EBB12D72EAB0}"
EndProject
Project("{FAE04EC0-301F-11D3-BF4B-00C04F79EFBC}") = "1.1.24", "1 Fundamental\1.1\1.1.24\1.1.24.csproj", "{25F84664-5566-4AD4-A5C3-FFED36CAF193}"
EndProject
Project("{FAE04EC0-301F-11D3-BF4B-00C04F79EFBC}") = "1.1.25", "1 Fundamental\1.1\1.1.25\1.1.25.csproj", "{C9B613C8-0DA2-4F99-A8BF-F0D0C0BCB7D7}"
EndProject
Project("{2150E333-8FDC-42A3-9474-1A3956D46DE8}") = "2-提高题", "2-提高题", "{002EC4CB-C2EB-42C4-BA8F-6F6C2B62172C}"
EndProject
Project("{FAE04EC0-301F-11D3-BF4B-00C04F79EFBC}") = "1.1.26", "1 Fundamental\1.1\1.1.26\1.1.26.csproj", "{9A33AD8A-4484-4844-AD43-C60AFA71579F}"
EndProject
Project("{FAE04EC0-301F-11D3-BF4B-00C04F79EFBC}") = "1.1.27", "1 Fundamental\1.1\1.1.27\1.1.27.csproj", "{83347DC3-F3D9-4AE6-B931-AF33616DA93B}"
EndProject
Project("{FAE04EC0-301F-11D3-BF4B-00C04F79EFBC}") = "1.1.28", "1 Fundamental\1.1\1.1.28\1.1.28.csproj", "{0DC3E8F7-A378-4688-968E-200ACCE7A515}"
EndProject
Project("{FAE04EC0-301F-11D3-BF4B-00C04F79EFBC}") = "1.1.29", "1 Fundamental\1.1\1.1.29\1.1.29.csproj", "{62B35DD5-DD58-4177-BF70-15E8C2087D4D}"
EndProject
Project("{FAE04EC0-301F-11D3-BF4B-00C04F79EFBC}") = "1.1.30", "1 Fundamental\1.1\1.1.30\1.1.30.csproj", "{D681ECF6-6021-4F45-9EB6-6CD8651A4BAE}"
EndProject
Project("{FAE04EC0-301F-11D3-BF4B-00C04F79EFBC}") = "1.1.31", "1 Fundamental\1.1\1.1.31\1.1.31.csproj", "{D4284FC8-2CBB-417C-AF28-0179F3794E75}"
EndProject
Project("{FAE04EC0-301F-11D3-BF4B-00C04F79EFBC}") = "1.1.32", "1 Fundamental\1.1\1.1.32\1.1.32.csproj", "{E9A80297-6B5D-49E3-9972-85DCB599C0F4}"
EndProject
Project("{FAE04EC0-301F-11D3-BF4B-00C04F79EFBC}") = "1.1.33", "1 Fundamental\1.1\1.1.33\1.1.33.csproj", "{44B5BF9F-3285-4A96-9581-49A8EB4588D5}"
EndProject
Project("{FAE04EC0-301F-11D3-BF4B-00C04F79EFBC}") = "1.1.34", "1 Fundamental\1.1\1.1.34\1.1.34.csproj", "{14F06734-6ABE-4B9B-9BDF-A8EDFA2BF2FC}"
EndProject
Project("{2150E333-8FDC-42A3-9474-1A3956D46DE8}") = "3-实验题", "3-实验题", "{4621BA2B-7CCA-47CC-B1E8-59F9B26A936D}"
EndProject
Project("{FAE04EC0-301F-11D3-BF4B-00C04F79EFBC}") = "1.1.35", "1 Fundamental\1.1\1.1.35\1.1.35.csproj", "{DC1E9C32-D085-48DF-8611-902300B9AE87}"
EndProject
Project("{FAE04EC0-301F-11D3-BF4B-00C04F79EFBC}") = "1.1.36", "1 Fundamental\1.1\1.1.36\1.1.36.csproj", "{A9575A01-48D5-4577-B412-609544048A8A}"
EndProject
Project("{FAE04EC0-301F-11D3-BF4B-00C04F79EFBC}") = "1.1.37", "1 Fundamental\1.1\1.1.37\1.1.37.csproj", "{F496F93F-9F21-40C9-812F-210D02D93304}"
EndProject
Global
	GlobalSection(SolutionConfigurationPlatforms) = preSolution
		Debug|Any CPU = Debug|Any CPU
		Release|Any CPU = Release|Any CPU
	EndGlobalSection
	GlobalSection(ProjectConfigurationPlatforms) = postSolution
		{EFBF3BEF-9184-4531-9BF9-0A7C20301EB5}.Debug|Any CPU.ActiveCfg = Debug|Any CPU
		{EFBF3BEF-9184-4531-9BF9-0A7C20301EB5}.Debug|Any CPU.Build.0 = Debug|Any CPU
		{EFBF3BEF-9184-4531-9BF9-0A7C20301EB5}.Release|Any CPU.ActiveCfg = Release|Any CPU
		{EFBF3BEF-9184-4531-9BF9-0A7C20301EB5}.Release|Any CPU.Build.0 = Release|Any CPU
		{7C2031D7-A780-4AEF-9493-91384BEBFBE2}.Debug|Any CPU.ActiveCfg = Debug|Any CPU
		{7C2031D7-A780-4AEF-9493-91384BEBFBE2}.Debug|Any CPU.Build.0 = Debug|Any CPU
		{7C2031D7-A780-4AEF-9493-91384BEBFBE2}.Release|Any CPU.ActiveCfg = Release|Any CPU
		{7C2031D7-A780-4AEF-9493-91384BEBFBE2}.Release|Any CPU.Build.0 = Release|Any CPU
		{B6EDD53A-8C12-4087-BFB6-9D2FC1485ABC}.Debug|Any CPU.ActiveCfg = Debug|Any CPU
		{B6EDD53A-8C12-4087-BFB6-9D2FC1485ABC}.Debug|Any CPU.Build.0 = Debug|Any CPU
		{B6EDD53A-8C12-4087-BFB6-9D2FC1485ABC}.Release|Any CPU.ActiveCfg = Release|Any CPU
		{B6EDD53A-8C12-4087-BFB6-9D2FC1485ABC}.Release|Any CPU.Build.0 = Release|Any CPU
		{7749519C-F166-47D3-A927-9A685CD9CA58}.Debug|Any CPU.ActiveCfg = Debug|Any CPU
		{7749519C-F166-47D3-A927-9A685CD9CA58}.Debug|Any CPU.Build.0 = Debug|Any CPU
		{7749519C-F166-47D3-A927-9A685CD9CA58}.Release|Any CPU.ActiveCfg = Release|Any CPU
		{7749519C-F166-47D3-A927-9A685CD9CA58}.Release|Any CPU.Build.0 = Release|Any CPU
		{4967B0B5-F775-4CCD-91C9-B6B00351B3CB}.Debug|Any CPU.ActiveCfg = Debug|Any CPU
		{4967B0B5-F775-4CCD-91C9-B6B00351B3CB}.Debug|Any CPU.Build.0 = Debug|Any CPU
		{4967B0B5-F775-4CCD-91C9-B6B00351B3CB}.Release|Any CPU.ActiveCfg = Release|Any CPU
		{4967B0B5-F775-4CCD-91C9-B6B00351B3CB}.Release|Any CPU.Build.0 = Release|Any CPU
		{D0505F74-005F-4102-AC50-92A792258B71}.Debug|Any CPU.ActiveCfg = Debug|Any CPU
		{D0505F74-005F-4102-AC50-92A792258B71}.Debug|Any CPU.Build.0 = Debug|Any CPU
		{D0505F74-005F-4102-AC50-92A792258B71}.Release|Any CPU.ActiveCfg = Release|Any CPU
		{D0505F74-005F-4102-AC50-92A792258B71}.Release|Any CPU.Build.0 = Release|Any CPU
		{2A7CF129-62BF-4575-8F12-CC1A6472C6DD}.Debug|Any CPU.ActiveCfg = Debug|Any CPU
		{2A7CF129-62BF-4575-8F12-CC1A6472C6DD}.Debug|Any CPU.Build.0 = Debug|Any CPU
		{2A7CF129-62BF-4575-8F12-CC1A6472C6DD}.Release|Any CPU.ActiveCfg = Release|Any CPU
		{2A7CF129-62BF-4575-8F12-CC1A6472C6DD}.Release|Any CPU.Build.0 = Release|Any CPU
		{F072ADFA-BE31-4DAA-A499-D68D20E8A1DA}.Debug|Any CPU.ActiveCfg = Debug|Any CPU
		{F072ADFA-BE31-4DAA-A499-D68D20E8A1DA}.Debug|Any CPU.Build.0 = Debug|Any CPU
		{F072ADFA-BE31-4DAA-A499-D68D20E8A1DA}.Release|Any CPU.ActiveCfg = Release|Any CPU
		{F072ADFA-BE31-4DAA-A499-D68D20E8A1DA}.Release|Any CPU.Build.0 = Release|Any CPU
		{5F3C4B91-B513-4EE6-8085-A309091FDFCC}.Debug|Any CPU.ActiveCfg = Debug|Any CPU
		{5F3C4B91-B513-4EE6-8085-A309091FDFCC}.Debug|Any CPU.Build.0 = Debug|Any CPU
		{5F3C4B91-B513-4EE6-8085-A309091FDFCC}.Release|Any CPU.ActiveCfg = Release|Any CPU
		{5F3C4B91-B513-4EE6-8085-A309091FDFCC}.Release|Any CPU.Build.0 = Release|Any CPU
		{E667EE8C-EB16-4EBF-9141-961D884628E9}.Debug|Any CPU.ActiveCfg = Debug|Any CPU
		{E667EE8C-EB16-4EBF-9141-961D884628E9}.Debug|Any CPU.Build.0 = Debug|Any CPU
		{E667EE8C-EB16-4EBF-9141-961D884628E9}.Release|Any CPU.ActiveCfg = Release|Any CPU
		{E667EE8C-EB16-4EBF-9141-961D884628E9}.Release|Any CPU.Build.0 = Release|Any CPU
		{B6F2A9CF-D9EE-4A4B-9A92-D817730CDEF8}.Debug|Any CPU.ActiveCfg = Debug|Any CPU
		{B6F2A9CF-D9EE-4A4B-9A92-D817730CDEF8}.Debug|Any CPU.Build.0 = Debug|Any CPU
		{B6F2A9CF-D9EE-4A4B-9A92-D817730CDEF8}.Release|Any CPU.ActiveCfg = Release|Any CPU
		{B6F2A9CF-D9EE-4A4B-9A92-D817730CDEF8}.Release|Any CPU.Build.0 = Release|Any CPU
		{D279A45F-D8BF-4E8B-8391-54B7AFD3A5F7}.Debug|Any CPU.ActiveCfg = Debug|Any CPU
		{D279A45F-D8BF-4E8B-8391-54B7AFD3A5F7}.Debug|Any CPU.Build.0 = Debug|Any CPU
		{D279A45F-D8BF-4E8B-8391-54B7AFD3A5F7}.Release|Any CPU.ActiveCfg = Release|Any CPU
		{D279A45F-D8BF-4E8B-8391-54B7AFD3A5F7}.Release|Any CPU.Build.0 = Release|Any CPU
		{ECFF0FDC-40F0-4CFA-B3BA-FF83897CDD09}.Debug|Any CPU.ActiveCfg = Debug|Any CPU
		{ECFF0FDC-40F0-4CFA-B3BA-FF83897CDD09}.Debug|Any CPU.Build.0 = Debug|Any CPU
		{ECFF0FDC-40F0-4CFA-B3BA-FF83897CDD09}.Release|Any CPU.ActiveCfg = Release|Any CPU
		{ECFF0FDC-40F0-4CFA-B3BA-FF83897CDD09}.Release|Any CPU.Build.0 = Release|Any CPU
		{13982E33-0D2F-4E7A-9441-4C1321C89528}.Debug|Any CPU.ActiveCfg = Debug|Any CPU
		{13982E33-0D2F-4E7A-9441-4C1321C89528}.Debug|Any CPU.Build.0 = Debug|Any CPU
		{13982E33-0D2F-4E7A-9441-4C1321C89528}.Release|Any CPU.ActiveCfg = Release|Any CPU
		{13982E33-0D2F-4E7A-9441-4C1321C89528}.Release|Any CPU.Build.0 = Release|Any CPU
		{D494F1EE-346D-49EE-9F1D-E6EF6EA695D6}.Debug|Any CPU.ActiveCfg = Debug|Any CPU
		{D494F1EE-346D-49EE-9F1D-E6EF6EA695D6}.Debug|Any CPU.Build.0 = Debug|Any CPU
		{D494F1EE-346D-49EE-9F1D-E6EF6EA695D6}.Release|Any CPU.ActiveCfg = Release|Any CPU
		{D494F1EE-346D-49EE-9F1D-E6EF6EA695D6}.Release|Any CPU.Build.0 = Release|Any CPU
		{2D91DFC3-EF93-455B-8EC0-7895BBC2EF24}.Debug|Any CPU.ActiveCfg = Debug|Any CPU
		{2D91DFC3-EF93-455B-8EC0-7895BBC2EF24}.Debug|Any CPU.Build.0 = Debug|Any CPU
		{2D91DFC3-EF93-455B-8EC0-7895BBC2EF24}.Release|Any CPU.ActiveCfg = Release|Any CPU
		{2D91DFC3-EF93-455B-8EC0-7895BBC2EF24}.Release|Any CPU.Build.0 = Release|Any CPU
		{DE9FFB66-1812-421F-8692-4D202560C716}.Debug|Any CPU.ActiveCfg = Debug|Any CPU
		{DE9FFB66-1812-421F-8692-4D202560C716}.Debug|Any CPU.Build.0 = Debug|Any CPU
		{DE9FFB66-1812-421F-8692-4D202560C716}.Release|Any CPU.ActiveCfg = Release|Any CPU
		{DE9FFB66-1812-421F-8692-4D202560C716}.Release|Any CPU.Build.0 = Release|Any CPU
		{5EB0592C-E617-4DC2-A3DA-3C00AD3764AB}.Debug|Any CPU.ActiveCfg = Debug|Any CPU
		{5EB0592C-E617-4DC2-A3DA-3C00AD3764AB}.Debug|Any CPU.Build.0 = Debug|Any CPU
		{5EB0592C-E617-4DC2-A3DA-3C00AD3764AB}.Release|Any CPU.ActiveCfg = Release|Any CPU
		{5EB0592C-E617-4DC2-A3DA-3C00AD3764AB}.Release|Any CPU.Build.0 = Release|Any CPU
		{2783141F-896F-47A8-AAA7-CDDFEA335E93}.Debug|Any CPU.ActiveCfg = Debug|Any CPU
		{2783141F-896F-47A8-AAA7-CDDFEA335E93}.Debug|Any CPU.Build.0 = Debug|Any CPU
		{2783141F-896F-47A8-AAA7-CDDFEA335E93}.Release|Any CPU.ActiveCfg = Release|Any CPU
		{2783141F-896F-47A8-AAA7-CDDFEA335E93}.Release|Any CPU.Build.0 = Release|Any CPU
		{2D264CF8-6D2C-4EB3-A308-0BDB6BCED8DE}.Debug|Any CPU.ActiveCfg = Debug|Any CPU
		{2D264CF8-6D2C-4EB3-A308-0BDB6BCED8DE}.Debug|Any CPU.Build.0 = Debug|Any CPU
		{2D264CF8-6D2C-4EB3-A308-0BDB6BCED8DE}.Release|Any CPU.ActiveCfg = Release|Any CPU
		{2D264CF8-6D2C-4EB3-A308-0BDB6BCED8DE}.Release|Any CPU.Build.0 = Release|Any CPU
		{0530C2B8-5CEC-4ACA-998E-9415BD49BDE0}.Debug|Any CPU.ActiveCfg = Debug|Any CPU
		{0530C2B8-5CEC-4ACA-998E-9415BD49BDE0}.Debug|Any CPU.Build.0 = Debug|Any CPU
		{0530C2B8-5CEC-4ACA-998E-9415BD49BDE0}.Release|Any CPU.ActiveCfg = Release|Any CPU
		{0530C2B8-5CEC-4ACA-998E-9415BD49BDE0}.Release|Any CPU.Build.0 = Release|Any CPU
		{562E8862-6499-4AAE-89D5-01DACE8C72D7}.Debug|Any CPU.ActiveCfg = Debug|Any CPU
		{562E8862-6499-4AAE-89D5-01DACE8C72D7}.Debug|Any CPU.Build.0 = Debug|Any CPU
		{562E8862-6499-4AAE-89D5-01DACE8C72D7}.Release|Any CPU.ActiveCfg = Release|Any CPU
		{562E8862-6499-4AAE-89D5-01DACE8C72D7}.Release|Any CPU.Build.0 = Release|Any CPU
		{B610CD83-38A9-4256-87AC-18F180F68E7A}.Debug|Any CPU.ActiveCfg = Debug|Any CPU
		{B610CD83-38A9-4256-87AC-18F180F68E7A}.Debug|Any CPU.Build.0 = Debug|Any CPU
		{B610CD83-38A9-4256-87AC-18F180F68E7A}.Release|Any CPU.ActiveCfg = Release|Any CPU
		{B610CD83-38A9-4256-87AC-18F180F68E7A}.Release|Any CPU.Build.0 = Release|Any CPU
		{E721473F-B962-4874-AEA1-EBB12D72EAB0}.Debug|Any CPU.ActiveCfg = Debug|Any CPU
		{E721473F-B962-4874-AEA1-EBB12D72EAB0}.Debug|Any CPU.Build.0 = Debug|Any CPU
		{E721473F-B962-4874-AEA1-EBB12D72EAB0}.Release|Any CPU.ActiveCfg = Release|Any CPU
		{E721473F-B962-4874-AEA1-EBB12D72EAB0}.Release|Any CPU.Build.0 = Release|Any CPU
		{25F84664-5566-4AD4-A5C3-FFED36CAF193}.Debug|Any CPU.ActiveCfg = Debug|Any CPU
		{25F84664-5566-4AD4-A5C3-FFED36CAF193}.Debug|Any CPU.Build.0 = Debug|Any CPU
		{25F84664-5566-4AD4-A5C3-FFED36CAF193}.Release|Any CPU.ActiveCfg = Release|Any CPU
		{25F84664-5566-4AD4-A5C3-FFED36CAF193}.Release|Any CPU.Build.0 = Release|Any CPU
		{C9B613C8-0DA2-4F99-A8BF-F0D0C0BCB7D7}.Debug|Any CPU.ActiveCfg = Debug|Any CPU
		{C9B613C8-0DA2-4F99-A8BF-F0D0C0BCB7D7}.Debug|Any CPU.Build.0 = Debug|Any CPU
		{C9B613C8-0DA2-4F99-A8BF-F0D0C0BCB7D7}.Release|Any CPU.ActiveCfg = Release|Any CPU
		{C9B613C8-0DA2-4F99-A8BF-F0D0C0BCB7D7}.Release|Any CPU.Build.0 = Release|Any CPU
		{9A33AD8A-4484-4844-AD43-C60AFA71579F}.Debug|Any CPU.ActiveCfg = Debug|Any CPU
		{9A33AD8A-4484-4844-AD43-C60AFA71579F}.Debug|Any CPU.Build.0 = Debug|Any CPU
		{9A33AD8A-4484-4844-AD43-C60AFA71579F}.Release|Any CPU.ActiveCfg = Release|Any CPU
		{9A33AD8A-4484-4844-AD43-C60AFA71579F}.Release|Any CPU.Build.0 = Release|Any CPU
		{83347DC3-F3D9-4AE6-B931-AF33616DA93B}.Debug|Any CPU.ActiveCfg = Debug|Any CPU
		{83347DC3-F3D9-4AE6-B931-AF33616DA93B}.Debug|Any CPU.Build.0 = Debug|Any CPU
		{83347DC3-F3D9-4AE6-B931-AF33616DA93B}.Release|Any CPU.ActiveCfg = Release|Any CPU
		{83347DC3-F3D9-4AE6-B931-AF33616DA93B}.Release|Any CPU.Build.0 = Release|Any CPU
		{0DC3E8F7-A378-4688-968E-200ACCE7A515}.Debug|Any CPU.ActiveCfg = Debug|Any CPU
		{0DC3E8F7-A378-4688-968E-200ACCE7A515}.Debug|Any CPU.Build.0 = Debug|Any CPU
		{0DC3E8F7-A378-4688-968E-200ACCE7A515}.Release|Any CPU.ActiveCfg = Release|Any CPU
		{0DC3E8F7-A378-4688-968E-200ACCE7A515}.Release|Any CPU.Build.0 = Release|Any CPU
		{62B35DD5-DD58-4177-BF70-15E8C2087D4D}.Debug|Any CPU.ActiveCfg = Debug|Any CPU
		{62B35DD5-DD58-4177-BF70-15E8C2087D4D}.Debug|Any CPU.Build.0 = Debug|Any CPU
		{62B35DD5-DD58-4177-BF70-15E8C2087D4D}.Release|Any CPU.ActiveCfg = Release|Any CPU
		{62B35DD5-DD58-4177-BF70-15E8C2087D4D}.Release|Any CPU.Build.0 = Release|Any CPU
		{D681ECF6-6021-4F45-9EB6-6CD8651A4BAE}.Debug|Any CPU.ActiveCfg = Debug|Any CPU
		{D681ECF6-6021-4F45-9EB6-6CD8651A4BAE}.Debug|Any CPU.Build.0 = Debug|Any CPU
		{D681ECF6-6021-4F45-9EB6-6CD8651A4BAE}.Release|Any CPU.ActiveCfg = Release|Any CPU
		{D681ECF6-6021-4F45-9EB6-6CD8651A4BAE}.Release|Any CPU.Build.0 = Release|Any CPU
		{D4284FC8-2CBB-417C-AF28-0179F3794E75}.Debug|Any CPU.ActiveCfg = Debug|Any CPU
		{D4284FC8-2CBB-417C-AF28-0179F3794E75}.Debug|Any CPU.Build.0 = Debug|Any CPU
		{D4284FC8-2CBB-417C-AF28-0179F3794E75}.Release|Any CPU.ActiveCfg = Release|Any CPU
		{D4284FC8-2CBB-417C-AF28-0179F3794E75}.Release|Any CPU.Build.0 = Release|Any CPU
		{E9A80297-6B5D-49E3-9972-85DCB599C0F4}.Debug|Any CPU.ActiveCfg = Debug|Any CPU
		{E9A80297-6B5D-49E3-9972-85DCB599C0F4}.Debug|Any CPU.Build.0 = Debug|Any CPU
		{E9A80297-6B5D-49E3-9972-85DCB599C0F4}.Release|Any CPU.ActiveCfg = Release|Any CPU
		{E9A80297-6B5D-49E3-9972-85DCB599C0F4}.Release|Any CPU.Build.0 = Release|Any CPU
		{44B5BF9F-3285-4A96-9581-49A8EB4588D5}.Debug|Any CPU.ActiveCfg = Debug|Any CPU
		{44B5BF9F-3285-4A96-9581-49A8EB4588D5}.Debug|Any CPU.Build.0 = Debug|Any CPU
		{44B5BF9F-3285-4A96-9581-49A8EB4588D5}.Release|Any CPU.ActiveCfg = Release|Any CPU
		{44B5BF9F-3285-4A96-9581-49A8EB4588D5}.Release|Any CPU.Build.0 = Release|Any CPU
		{14F06734-6ABE-4B9B-9BDF-A8EDFA2BF2FC}.Debug|Any CPU.ActiveCfg = Debug|Any CPU
		{14F06734-6ABE-4B9B-9BDF-A8EDFA2BF2FC}.Debug|Any CPU.Build.0 = Debug|Any CPU
		{14F06734-6ABE-4B9B-9BDF-A8EDFA2BF2FC}.Release|Any CPU.ActiveCfg = Release|Any CPU
		{14F06734-6ABE-4B9B-9BDF-A8EDFA2BF2FC}.Release|Any CPU.Build.0 = Release|Any CPU
		{DC1E9C32-D085-48DF-8611-902300B9AE87}.Debug|Any CPU.ActiveCfg = Debug|Any CPU
		{DC1E9C32-D085-48DF-8611-902300B9AE87}.Debug|Any CPU.Build.0 = Debug|Any CPU
		{DC1E9C32-D085-48DF-8611-902300B9AE87}.Release|Any CPU.ActiveCfg = Release|Any CPU
		{DC1E9C32-D085-48DF-8611-902300B9AE87}.Release|Any CPU.Build.0 = Release|Any CPU
		{A9575A01-48D5-4577-B412-609544048A8A}.Debug|Any CPU.ActiveCfg = Debug|Any CPU
		{A9575A01-48D5-4577-B412-609544048A8A}.Debug|Any CPU.Build.0 = Debug|Any CPU
		{A9575A01-48D5-4577-B412-609544048A8A}.Release|Any CPU.ActiveCfg = Release|Any CPU
		{A9575A01-48D5-4577-B412-609544048A8A}.Release|Any CPU.Build.0 = Release|Any CPU
		{F496F93F-9F21-40C9-812F-210D02D93304}.Debug|Any CPU.ActiveCfg = Debug|Any CPU
		{F496F93F-9F21-40C9-812F-210D02D93304}.Debug|Any CPU.Build.0 = Debug|Any CPU
		{F496F93F-9F21-40C9-812F-210D02D93304}.Release|Any CPU.ActiveCfg = Release|Any CPU
		{F496F93F-9F21-40C9-812F-210D02D93304}.Release|Any CPU.Build.0 = Release|Any CPU
	EndGlobalSection
	GlobalSection(SolutionProperties) = preSolution
		HideSolutionNode = FALSE
	EndGlobalSection
	GlobalSection(NestedProjects) = preSolution
		{DFE42318-B911-485D-97AA-05731503AADD} = {344FB20B-6315-477C-B032-B4E217E8A2DD}
		{5D495249-F8EF-4434-965C-3417A613C427} = {DFE42318-B911-485D-97AA-05731503AADD}
		{EFBF3BEF-9184-4531-9BF9-0A7C20301EB5} = {5D495249-F8EF-4434-965C-3417A613C427}
		{7C2031D7-A780-4AEF-9493-91384BEBFBE2} = {5D495249-F8EF-4434-965C-3417A613C427}
		{B6EDD53A-8C12-4087-BFB6-9D2FC1485ABC} = {5D495249-F8EF-4434-965C-3417A613C427}
		{7749519C-F166-47D3-A927-9A685CD9CA58} = {5D495249-F8EF-4434-965C-3417A613C427}
		{4967B0B5-F775-4CCD-91C9-B6B00351B3CB} = {5D495249-F8EF-4434-965C-3417A613C427}
		{D0505F74-005F-4102-AC50-92A792258B71} = {5D495249-F8EF-4434-965C-3417A613C427}
		{2A7CF129-62BF-4575-8F12-CC1A6472C6DD} = {5D495249-F8EF-4434-965C-3417A613C427}
		{F072ADFA-BE31-4DAA-A499-D68D20E8A1DA} = {5D495249-F8EF-4434-965C-3417A613C427}
		{5F3C4B91-B513-4EE6-8085-A309091FDFCC} = {5D495249-F8EF-4434-965C-3417A613C427}
		{E667EE8C-EB16-4EBF-9141-961D884628E9} = {5D495249-F8EF-4434-965C-3417A613C427}
		{B6F2A9CF-D9EE-4A4B-9A92-D817730CDEF8} = {5D495249-F8EF-4434-965C-3417A613C427}
		{D279A45F-D8BF-4E8B-8391-54B7AFD3A5F7} = {5D495249-F8EF-4434-965C-3417A613C427}
		{ECFF0FDC-40F0-4CFA-B3BA-FF83897CDD09} = {5D495249-F8EF-4434-965C-3417A613C427}
		{13982E33-0D2F-4E7A-9441-4C1321C89528} = {5D495249-F8EF-4434-965C-3417A613C427}
		{D494F1EE-346D-49EE-9F1D-E6EF6EA695D6} = {5D495249-F8EF-4434-965C-3417A613C427}
		{2D91DFC3-EF93-455B-8EC0-7895BBC2EF24} = {5D495249-F8EF-4434-965C-3417A613C427}
		{DE9FFB66-1812-421F-8692-4D202560C716} = {5D495249-F8EF-4434-965C-3417A613C427}
		{5EB0592C-E617-4DC2-A3DA-3C00AD3764AB} = {5D495249-F8EF-4434-965C-3417A613C427}
		{2783141F-896F-47A8-AAA7-CDDFEA335E93} = {5D495249-F8EF-4434-965C-3417A613C427}
		{2D264CF8-6D2C-4EB3-A308-0BDB6BCED8DE} = {4621BA2B-7CCA-47CC-B1E8-59F9B26A936D}
		{0530C2B8-5CEC-4ACA-998E-9415BD49BDE0} = {5D495249-F8EF-4434-965C-3417A613C427}
		{562E8862-6499-4AAE-89D5-01DACE8C72D7} = {5D495249-F8EF-4434-965C-3417A613C427}
		{B610CD83-38A9-4256-87AC-18F180F68E7A} = {5D495249-F8EF-4434-965C-3417A613C427}
		{E721473F-B962-4874-AEA1-EBB12D72EAB0} = {5D495249-F8EF-4434-965C-3417A613C427}
		{25F84664-5566-4AD4-A5C3-FFED36CAF193} = {5D495249-F8EF-4434-965C-3417A613C427}
		{C9B613C8-0DA2-4F99-A8BF-F0D0C0BCB7D7} = {5D495249-F8EF-4434-965C-3417A613C427}
		{002EC4CB-C2EB-42C4-BA8F-6F6C2B62172C} = {DFE42318-B911-485D-97AA-05731503AADD}
		{9A33AD8A-4484-4844-AD43-C60AFA71579F} = {002EC4CB-C2EB-42C4-BA8F-6F6C2B62172C}
		{83347DC3-F3D9-4AE6-B931-AF33616DA93B} = {002EC4CB-C2EB-42C4-BA8F-6F6C2B62172C}
		{0DC3E8F7-A378-4688-968E-200ACCE7A515} = {002EC4CB-C2EB-42C4-BA8F-6F6C2B62172C}
		{62B35DD5-DD58-4177-BF70-15E8C2087D4D} = {002EC4CB-C2EB-42C4-BA8F-6F6C2B62172C}
		{D681ECF6-6021-4F45-9EB6-6CD8651A4BAE} = {002EC4CB-C2EB-42C4-BA8F-6F6C2B62172C}
		{D4284FC8-2CBB-417C-AF28-0179F3794E75} = {002EC4CB-C2EB-42C4-BA8F-6F6C2B62172C}
		{E9A80297-6B5D-49E3-9972-85DCB599C0F4} = {002EC4CB-C2EB-42C4-BA8F-6F6C2B62172C}
		{44B5BF9F-3285-4A96-9581-49A8EB4588D5} = {002EC4CB-C2EB-42C4-BA8F-6F6C2B62172C}
		{14F06734-6ABE-4B9B-9BDF-A8EDFA2BF2FC} = {002EC4CB-C2EB-42C4-BA8F-6F6C2B62172C}
		{4621BA2B-7CCA-47CC-B1E8-59F9B26A936D} = {DFE42318-B911-485D-97AA-05731503AADD}
		{DC1E9C32-D085-48DF-8611-902300B9AE87} = {4621BA2B-7CCA-47CC-B1E8-59F9B26A936D}
		{A9575A01-48D5-4577-B412-609544048A8A} = {4621BA2B-7CCA-47CC-B1E8-59F9B26A936D}
		{F496F93F-9F21-40C9-812F-210D02D93304} = {4621BA2B-7CCA-47CC-B1E8-59F9B26A936D}
	EndGlobalSection
EndGlobal
