
Microsoft Visual Studio Solution File, Format Version 12.00
# Visual Studio 15
VisualStudioVersion = 15.0.27130.2010
MinimumVisualStudioVersion = 10.0.40219.1
Project("{2150E333-8FDC-42A3-9474-1A3956D46DE8}") = "0-类库、单元测试", "0-类库、单元测试", "{420279CB-6C4E-4F32-BBA8-E5501EB14522}"
EndProject
Project("{2150E333-8FDC-42A3-9474-1A3956D46DE8}") = "1-基础题（2.1.1~2.1.12）", "1-基础题（2.1.1~2.1.12）", "{0C2E4537-D780-42E5-A49D-942B7BFB4FAC}"
EndProject
Project("{2150E333-8FDC-42A3-9474-1A3956D46DE8}") = "2-提高题（2.1.13~2.1.22）", "2-提高题（2.1.13~2.1.22）", "{2955C856-53B7-4C44-9BD4-39C9B1CAA831}"
EndProject
Project("{2150E333-8FDC-42A3-9474-1A3956D46DE8}") = "3-实验题（2.1.23~2.1.38）", "3-实验题（2.1.23~2.1.38）", "{135D48A9-42D4-439E-847B-8F52993B206F}"
EndProject
Project("{FAE04EC0-301F-11D3-BF4B-00C04F79EFBC}") = "Sort", "Sort\Sort.csproj", "{98883E39-656A-4887-8CBA-963C7E8D4A02}"
EndProject
Project("{FAE04EC0-301F-11D3-BF4B-00C04F79EFBC}") = "SortData", "SortData\SortData.csproj", "{513EA35B-323E-4A3C-B499-C4E70F2C0C47}"
EndProject
Project("{FAE04EC0-301F-11D3-BF4B-00C04F79EFBC}") = "SortUnionTest", "SortUnionTest\SortUnionTest.csproj", "{69F2BC43-2BD4-44A7-A670-5B32DA6DCC8B}"
EndProject
Project("{FAE04EC0-301F-11D3-BF4B-00C04F79EFBC}") = "2.1.1", "2.1.1\2.1.1.csproj", "{F6A33D28-E12D-4444-9776-E4C564A4D7D3}"
EndProject
Project("{FAE04EC0-301F-11D3-BF4B-00C04F79EFBC}") = "2.1.2", "2.1.2\2.1.2.csproj", "{0177C1E5-1AEE-4F1D-B74D-967884CE0C5B}"
EndProject
Project("{FAE04EC0-301F-11D3-BF4B-00C04F79EFBC}") = "2.1.3", "2.1.3\2.1.3.csproj", "{571D1F4A-A294-4A3B-95C4-2656FD81FB6A}"
EndProject
Project("{FAE04EC0-301F-11D3-BF4B-00C04F79EFBC}") = "2.1.4", "2.1.4\2.1.4.csproj", "{B4058B2E-A1B1-4729-84CF-C7C71CF0F985}"
EndProject
Project("{FAE04EC0-301F-11D3-BF4B-00C04F79EFBC}") = "2.1.5", "2.1.5\2.1.5.csproj", "{1C21041D-612D-4821-99F0-A65DB4DFDF67}"
EndProject
Project("{FAE04EC0-301F-11D3-BF4B-00C04F79EFBC}") = "2.1.6", "2.1.6\2.1.6.csproj", "{EC13FF45-B188-49B9-8ACB-AEB27BD9CF84}"
EndProject
Project("{FAE04EC0-301F-11D3-BF4B-00C04F79EFBC}") = "2.1.7", "2.1.7\2.1.7.csproj", "{7A4086F8-12DC-4C3D-98DC-FB27945995F3}"
EndProject
Project("{FAE04EC0-301F-11D3-BF4B-00C04F79EFBC}") = "2.1.8", "2.1.8\2.1.8.csproj", "{52FE3909-8348-4EA0-BCF7-33E47F95CF3B}"
EndProject
Project("{FAE04EC0-301F-11D3-BF4B-00C04F79EFBC}") = "2.1.9", "2.1.9\2.1.9.csproj", "{750DFB65-C3BF-49E8-9FA0-99BA7332981B}"
EndProject
Project("{FAE04EC0-301F-11D3-BF4B-00C04F79EFBC}") = "2.1.10", "2.1.10\2.1.10.csproj", "{306CAFE4-7108-4B16-BB83-294616208709}"
EndProject
Project("{FAE04EC0-301F-11D3-BF4B-00C04F79EFBC}") = "2.1.11", "2.1.11\2.1.11.csproj", "{EB27F423-F8E4-44AF-A4AF-62E75E189617}"
EndProject
Project("{FAE04EC0-301F-11D3-BF4B-00C04F79EFBC}") = "2.1.12", "2.1.12\2.1.12.csproj", "{787202F8-EFE8-4C22-8BC1-B3B9A4945AD7}"
EndProject
Project("{FAE04EC0-301F-11D3-BF4B-00C04F79EFBC}") = "2.1.13", "2.1.13\2.1.13.csproj", "{E71BCC20-5C46-43CA-8BB3-7D489AC6A02A}"
EndProject
Project("{FAE04EC0-301F-11D3-BF4B-00C04F79EFBC}") = "2.1.14", "2.1.14\2.1.14.csproj", "{B32B7CDE-C358-49FD-9D02-D715DD5A3E66}"
EndProject
Project("{FAE04EC0-301F-11D3-BF4B-00C04F79EFBC}") = "2.1.15", "2.1.15\2.1.15.csproj", "{4793CC80-5496-480A-8945-2D4BAEF51770}"
EndProject
Project("{FAE04EC0-301F-11D3-BF4B-00C04F79EFBC}") = "2.1.16", "2.1.16\2.1.16.csproj", "{A9D503D3-9E04-4581-B322-F2141524FDC9}"
EndProject
Project("{FAE04EC0-301F-11D3-BF4B-00C04F79EFBC}") = "2.1.17", "2.1.17\2.1.17.csproj", "{1ACD976B-74E2-40DF-85D9-45D79ABD1A6F}"
EndProject
Project("{FAE04EC0-301F-11D3-BF4B-00C04F79EFBC}") = "2.1.18", "2.1.18\2.1.18.csproj", "{981F822C-44E6-4E91-9EBE-D9C6D8EB0A1F}"
EndProject
Project("{FAE04EC0-301F-11D3-BF4B-00C04F79EFBC}") = "2.1.19", "2.1.19\2.1.19.csproj", "{E7442C0C-178F-4648-B5C0-561412A223CC}"
EndProject
Project("{FAE04EC0-301F-11D3-BF4B-00C04F79EFBC}") = "2.1.20", "2.1.20\2.1.20.csproj", "{9CED7FB1-383D-41D2-BBCA-39C222536D53}"
EndProject
Project("{FAE04EC0-301F-11D3-BF4B-00C04F79EFBC}") = "2.1.21", "2.1.21\2.1.21.csproj", "{FBB02B2C-CFC6-4A62-AEC0-140B67F277D3}"
EndProject
Project("{FAE04EC0-301F-11D3-BF4B-00C04F79EFBC}") = "2.1.22", "2.1.22\2.1.22.csproj", "{C95D3AFA-2291-41D5-8F28-1174C50E92D0}"
EndProject
Project("{FAE04EC0-301F-11D3-BF4B-00C04F79EFBC}") = "2.1.23", "2.1.23\2.1.23.csproj", "{41020215-2EC0-4C3A-85B6-299DBDF4DC3B}"
EndProject
Project("{FAE04EC0-301F-11D3-BF4B-00C04F79EFBC}") = "2.1.24", "2.1.24\2.1.24.csproj", "{97B86D54-35B1-446E-893C-86A3D1D3B5FB}"
EndProject
Project("{FAE04EC0-301F-11D3-BF4B-00C04F79EFBC}") = "2.1.25", "2.1.25\2.1.25.csproj", "{CC64C1A3-ACB5-4AB8-BCE2-4A3F16685C9F}"
EndProject
Project("{FAE04EC0-301F-11D3-BF4B-00C04F79EFBC}") = "2.1.26", "2.1.26\2.1.26.csproj", "{9483DF13-23A9-4DA7-935C-B029C5DE85B3}"
EndProject
Project("{FAE04EC0-301F-11D3-BF4B-00C04F79EFBC}") = "2.1.27", "2.1.27\2.1.27.csproj", "{A3FE5E17-E72F-4BEF-9380-045042E1BF2A}"
EndProject
Project("{FAE04EC0-301F-11D3-BF4B-00C04F79EFBC}") = "2.1.28", "2.1.28\2.1.28.csproj", "{7B64461B-D6CB-4361-B20C-F54909EBED43}"
EndProject
Project("{FAE04EC0-301F-11D3-BF4B-00C04F79EFBC}") = "2.1.29", "2.1.29\2.1.29.csproj", "{CEB8FD08-9E24-4E93-9E17-77310C867ECF}"
EndProject
Project("{FAE04EC0-301F-11D3-BF4B-00C04F79EFBC}") = "2.1.30", "2.1.30\2.1.30.csproj", "{DD2AE40F-5679-4906-9691-323FA3256DF4}"
EndProject
Project("{FAE04EC0-301F-11D3-BF4B-00C04F79EFBC}") = "2.1.31", "2.1.31\2.1.31.csproj", "{71D31AC0-26BD-46FD-88E6-2F83F7C7B693}"
EndProject
Project("{FAE04EC0-301F-11D3-BF4B-00C04F79EFBC}") = "2.1.32", "2.1.32\2.1.32.csproj", "{8F01BD03-B6FE-4A5D-A5C5-B26A2773BCEC}"
EndProject
Project("{FAE04EC0-301F-11D3-BF4B-00C04F79EFBC}") = "2.1.33", "2.1.33\2.1.33.csproj", "{32DC2475-B33C-4005-97DA-F700818163ED}"
EndProject
Project("{FAE04EC0-301F-11D3-BF4B-00C04F79EFBC}") = "2.1.34", "2.1.34\2.1.34.csproj", "{68DA748B-F24D-4F12-AE1E-11F75BAAD24F}"
EndProject
Project("{FAE04EC0-301F-11D3-BF4B-00C04F79EFBC}") = "2.1.35", "2.1.35\2.1.35.csproj", "{AF8CD4D7-BE53-457C-A153-4D9691EF4750}"
EndProject
Project("{FAE04EC0-301F-11D3-BF4B-00C04F79EFBC}") = "2.1.36", "2.1.36\2.1.36.csproj", "{0648C5B9-1495-480D-A0F0-E3CC9BF92A66}"
EndProject
Project("{FAE04EC0-301F-11D3-BF4B-00C04F79EFBC}") = "2.1.37", "2.1.37\2.1.37.csproj", "{04D7D56B-DD8B-4A5E-97E5-A38405441728}"
EndProject
Project("{FAE04EC0-301F-11D3-BF4B-00C04F79EFBC}") = "2.1.38", "2.1.38\2.1.38.csproj", "{824D50BB-F806-4BE7-A711-8EA65869DEA7}"
EndProject
Global
	GlobalSection(SolutionConfigurationPlatforms) = preSolution
		Debug|Any CPU = Debug|Any CPU
		Release|Any CPU = Release|Any CPU
	EndGlobalSection
	GlobalSection(ProjectConfigurationPlatforms) = postSolution
		{98883E39-656A-4887-8CBA-963C7E8D4A02}.Debug|Any CPU.ActiveCfg = Debug|Any CPU
		{98883E39-656A-4887-8CBA-963C7E8D4A02}.Debug|Any CPU.Build.0 = Debug|Any CPU
		{98883E39-656A-4887-8CBA-963C7E8D4A02}.Release|Any CPU.ActiveCfg = Release|Any CPU
		{98883E39-656A-4887-8CBA-963C7E8D4A02}.Release|Any CPU.Build.0 = Release|Any CPU
		{513EA35B-323E-4A3C-B499-C4E70F2C0C47}.Debug|Any CPU.ActiveCfg = Debug|Any CPU
		{513EA35B-323E-4A3C-B499-C4E70F2C0C47}.Debug|Any CPU.Build.0 = Debug|Any CPU
		{513EA35B-323E-4A3C-B499-C4E70F2C0C47}.Release|Any CPU.ActiveCfg = Release|Any CPU
		{513EA35B-323E-4A3C-B499-C4E70F2C0C47}.Release|Any CPU.Build.0 = Release|Any CPU
		{69F2BC43-2BD4-44A7-A670-5B32DA6DCC8B}.Debug|Any CPU.ActiveCfg = Debug|Any CPU
		{69F2BC43-2BD4-44A7-A670-5B32DA6DCC8B}.Debug|Any CPU.Build.0 = Debug|Any CPU
		{69F2BC43-2BD4-44A7-A670-5B32DA6DCC8B}.Release|Any CPU.ActiveCfg = Release|Any CPU
		{69F2BC43-2BD4-44A7-A670-5B32DA6DCC8B}.Release|Any CPU.Build.0 = Release|Any CPU
		{F6A33D28-E12D-4444-9776-E4C564A4D7D3}.Debug|Any CPU.ActiveCfg = Debug|Any CPU
		{F6A33D28-E12D-4444-9776-E4C564A4D7D3}.Debug|Any CPU.Build.0 = Debug|Any CPU
		{F6A33D28-E12D-4444-9776-E4C564A4D7D3}.Release|Any CPU.ActiveCfg = Release|Any CPU
		{F6A33D28-E12D-4444-9776-E4C564A4D7D3}.Release|Any CPU.Build.0 = Release|Any CPU
		{0177C1E5-1AEE-4F1D-B74D-967884CE0C5B}.Debug|Any CPU.ActiveCfg = Debug|Any CPU
		{0177C1E5-1AEE-4F1D-B74D-967884CE0C5B}.Debug|Any CPU.Build.0 = Debug|Any CPU
		{0177C1E5-1AEE-4F1D-B74D-967884CE0C5B}.Release|Any CPU.ActiveCfg = Release|Any CPU
		{0177C1E5-1AEE-4F1D-B74D-967884CE0C5B}.Release|Any CPU.Build.0 = Release|Any CPU
		{571D1F4A-A294-4A3B-95C4-2656FD81FB6A}.Debug|Any CPU.ActiveCfg = Debug|Any CPU
		{571D1F4A-A294-4A3B-95C4-2656FD81FB6A}.Debug|Any CPU.Build.0 = Debug|Any CPU
		{571D1F4A-A294-4A3B-95C4-2656FD81FB6A}.Release|Any CPU.ActiveCfg = Release|Any CPU
		{571D1F4A-A294-4A3B-95C4-2656FD81FB6A}.Release|Any CPU.Build.0 = Release|Any CPU
		{B4058B2E-A1B1-4729-84CF-C7C71CF0F985}.Debug|Any CPU.ActiveCfg = Debug|Any CPU
		{B4058B2E-A1B1-4729-84CF-C7C71CF0F985}.Debug|Any CPU.Build.0 = Debug|Any CPU
		{B4058B2E-A1B1-4729-84CF-C7C71CF0F985}.Release|Any CPU.ActiveCfg = Release|Any CPU
		{B4058B2E-A1B1-4729-84CF-C7C71CF0F985}.Release|Any CPU.Build.0 = Release|Any CPU
		{1C21041D-612D-4821-99F0-A65DB4DFDF67}.Debug|Any CPU.ActiveCfg = Debug|Any CPU
		{1C21041D-612D-4821-99F0-A65DB4DFDF67}.Debug|Any CPU.Build.0 = Debug|Any CPU
		{1C21041D-612D-4821-99F0-A65DB4DFDF67}.Release|Any CPU.ActiveCfg = Release|Any CPU
		{1C21041D-612D-4821-99F0-A65DB4DFDF67}.Release|Any CPU.Build.0 = Release|Any CPU
		{EC13FF45-B188-49B9-8ACB-AEB27BD9CF84}.Debug|Any CPU.ActiveCfg = Debug|Any CPU
		{EC13FF45-B188-49B9-8ACB-AEB27BD9CF84}.Debug|Any CPU.Build.0 = Debug|Any CPU
		{EC13FF45-B188-49B9-8ACB-AEB27BD9CF84}.Release|Any CPU.ActiveCfg = Release|Any CPU
		{EC13FF45-B188-49B9-8ACB-AEB27BD9CF84}.Release|Any CPU.Build.0 = Release|Any CPU
		{7A4086F8-12DC-4C3D-98DC-FB27945995F3}.Debug|Any CPU.ActiveCfg = Debug|Any CPU
		{7A4086F8-12DC-4C3D-98DC-FB27945995F3}.Debug|Any CPU.Build.0 = Debug|Any CPU
		{7A4086F8-12DC-4C3D-98DC-FB27945995F3}.Release|Any CPU.ActiveCfg = Release|Any CPU
		{7A4086F8-12DC-4C3D-98DC-FB27945995F3}.Release|Any CPU.Build.0 = Release|Any CPU
		{52FE3909-8348-4EA0-BCF7-33E47F95CF3B}.Debug|Any CPU.ActiveCfg = Debug|Any CPU
		{52FE3909-8348-4EA0-BCF7-33E47F95CF3B}.Debug|Any CPU.Build.0 = Debug|Any CPU
		{52FE3909-8348-4EA0-BCF7-33E47F95CF3B}.Release|Any CPU.ActiveCfg = Release|Any CPU
		{52FE3909-8348-4EA0-BCF7-33E47F95CF3B}.Release|Any CPU.Build.0 = Release|Any CPU
		{750DFB65-C3BF-49E8-9FA0-99BA7332981B}.Debug|Any CPU.ActiveCfg = Debug|Any CPU
		{750DFB65-C3BF-49E8-9FA0-99BA7332981B}.Debug|Any CPU.Build.0 = Debug|Any CPU
		{750DFB65-C3BF-49E8-9FA0-99BA7332981B}.Release|Any CPU.ActiveCfg = Release|Any CPU
		{750DFB65-C3BF-49E8-9FA0-99BA7332981B}.Release|Any CPU.Build.0 = Release|Any CPU
		{306CAFE4-7108-4B16-BB83-294616208709}.Debug|Any CPU.ActiveCfg = Debug|Any CPU
		{306CAFE4-7108-4B16-BB83-294616208709}.Debug|Any CPU.Build.0 = Debug|Any CPU
		{306CAFE4-7108-4B16-BB83-294616208709}.Release|Any CPU.ActiveCfg = Release|Any CPU
		{306CAFE4-7108-4B16-BB83-294616208709}.Release|Any CPU.Build.0 = Release|Any CPU
		{EB27F423-F8E4-44AF-A4AF-62E75E189617}.Debug|Any CPU.ActiveCfg = Debug|Any CPU
		{EB27F423-F8E4-44AF-A4AF-62E75E189617}.Debug|Any CPU.Build.0 = Debug|Any CPU
		{EB27F423-F8E4-44AF-A4AF-62E75E189617}.Release|Any CPU.ActiveCfg = Release|Any CPU
		{EB27F423-F8E4-44AF-A4AF-62E75E189617}.Release|Any CPU.Build.0 = Release|Any CPU
		{787202F8-EFE8-4C22-8BC1-B3B9A4945AD7}.Debug|Any CPU.ActiveCfg = Debug|Any CPU
		{787202F8-EFE8-4C22-8BC1-B3B9A4945AD7}.Debug|Any CPU.Build.0 = Debug|Any CPU
		{787202F8-EFE8-4C22-8BC1-B3B9A4945AD7}.Release|Any CPU.ActiveCfg = Release|Any CPU
		{787202F8-EFE8-4C22-8BC1-B3B9A4945AD7}.Release|Any CPU.Build.0 = Release|Any CPU
		{E71BCC20-5C46-43CA-8BB3-7D489AC6A02A}.Debug|Any CPU.ActiveCfg = Debug|Any CPU
		{E71BCC20-5C46-43CA-8BB3-7D489AC6A02A}.Debug|Any CPU.Build.0 = Debug|Any CPU
		{E71BCC20-5C46-43CA-8BB3-7D489AC6A02A}.Release|Any CPU.ActiveCfg = Release|Any CPU
		{E71BCC20-5C46-43CA-8BB3-7D489AC6A02A}.Release|Any CPU.Build.0 = Release|Any CPU
		{B32B7CDE-C358-49FD-9D02-D715DD5A3E66}.Debug|Any CPU.ActiveCfg = Debug|Any CPU
		{B32B7CDE-C358-49FD-9D02-D715DD5A3E66}.Debug|Any CPU.Build.0 = Debug|Any CPU
		{B32B7CDE-C358-49FD-9D02-D715DD5A3E66}.Release|Any CPU.ActiveCfg = Release|Any CPU
		{B32B7CDE-C358-49FD-9D02-D715DD5A3E66}.Release|Any CPU.Build.0 = Release|Any CPU
		{4793CC80-5496-480A-8945-2D4BAEF51770}.Debug|Any CPU.ActiveCfg = Debug|Any CPU
		{4793CC80-5496-480A-8945-2D4BAEF51770}.Debug|Any CPU.Build.0 = Debug|Any CPU
		{4793CC80-5496-480A-8945-2D4BAEF51770}.Release|Any CPU.ActiveCfg = Release|Any CPU
		{4793CC80-5496-480A-8945-2D4BAEF51770}.Release|Any CPU.Build.0 = Release|Any CPU
		{A9D503D3-9E04-4581-B322-F2141524FDC9}.Debug|Any CPU.ActiveCfg = Debug|Any CPU
		{A9D503D3-9E04-4581-B322-F2141524FDC9}.Debug|Any CPU.Build.0 = Debug|Any CPU
		{A9D503D3-9E04-4581-B322-F2141524FDC9}.Release|Any CPU.ActiveCfg = Release|Any CPU
		{A9D503D3-9E04-4581-B322-F2141524FDC9}.Release|Any CPU.Build.0 = Release|Any CPU
		{1ACD976B-74E2-40DF-85D9-45D79ABD1A6F}.Debug|Any CPU.ActiveCfg = Debug|Any CPU
		{1ACD976B-74E2-40DF-85D9-45D79ABD1A6F}.Debug|Any CPU.Build.0 = Debug|Any CPU
		{1ACD976B-74E2-40DF-85D9-45D79ABD1A6F}.Release|Any CPU.ActiveCfg = Release|Any CPU
		{1ACD976B-74E2-40DF-85D9-45D79ABD1A6F}.Release|Any CPU.Build.0 = Release|Any CPU
		{981F822C-44E6-4E91-9EBE-D9C6D8EB0A1F}.Debug|Any CPU.ActiveCfg = Debug|Any CPU
		{981F822C-44E6-4E91-9EBE-D9C6D8EB0A1F}.Debug|Any CPU.Build.0 = Debug|Any CPU
		{981F822C-44E6-4E91-9EBE-D9C6D8EB0A1F}.Release|Any CPU.ActiveCfg = Release|Any CPU
		{981F822C-44E6-4E91-9EBE-D9C6D8EB0A1F}.Release|Any CPU.Build.0 = Release|Any CPU
		{E7442C0C-178F-4648-B5C0-561412A223CC}.Debug|Any CPU.ActiveCfg = Debug|Any CPU
		{E7442C0C-178F-4648-B5C0-561412A223CC}.Debug|Any CPU.Build.0 = Debug|Any CPU
		{E7442C0C-178F-4648-B5C0-561412A223CC}.Release|Any CPU.ActiveCfg = Release|Any CPU
		{E7442C0C-178F-4648-B5C0-561412A223CC}.Release|Any CPU.Build.0 = Release|Any CPU
		{9CED7FB1-383D-41D2-BBCA-39C222536D53}.Debug|Any CPU.ActiveCfg = Debug|Any CPU
		{9CED7FB1-383D-41D2-BBCA-39C222536D53}.Debug|Any CPU.Build.0 = Debug|Any CPU
		{9CED7FB1-383D-41D2-BBCA-39C222536D53}.Release|Any CPU.ActiveCfg = Release|Any CPU
		{9CED7FB1-383D-41D2-BBCA-39C222536D53}.Release|Any CPU.Build.0 = Release|Any CPU
		{FBB02B2C-CFC6-4A62-AEC0-140B67F277D3}.Debug|Any CPU.ActiveCfg = Debug|Any CPU
		{FBB02B2C-CFC6-4A62-AEC0-140B67F277D3}.Debug|Any CPU.Build.0 = Debug|Any CPU
		{FBB02B2C-CFC6-4A62-AEC0-140B67F277D3}.Release|Any CPU.ActiveCfg = Release|Any CPU
		{FBB02B2C-CFC6-4A62-AEC0-140B67F277D3}.Release|Any CPU.Build.0 = Release|Any CPU
		{C95D3AFA-2291-41D5-8F28-1174C50E92D0}.Debug|Any CPU.ActiveCfg = Debug|Any CPU
		{C95D3AFA-2291-41D5-8F28-1174C50E92D0}.Debug|Any CPU.Build.0 = Debug|Any CPU
		{C95D3AFA-2291-41D5-8F28-1174C50E92D0}.Release|Any CPU.ActiveCfg = Release|Any CPU
		{C95D3AFA-2291-41D5-8F28-1174C50E92D0}.Release|Any CPU.Build.0 = Release|Any CPU
		{41020215-2EC0-4C3A-85B6-299DBDF4DC3B}.Debug|Any CPU.ActiveCfg = Debug|Any CPU
		{41020215-2EC0-4C3A-85B6-299DBDF4DC3B}.Debug|Any CPU.Build.0 = Debug|Any CPU
		{41020215-2EC0-4C3A-85B6-299DBDF4DC3B}.Release|Any CPU.ActiveCfg = Release|Any CPU
		{41020215-2EC0-4C3A-85B6-299DBDF4DC3B}.Release|Any CPU.Build.0 = Release|Any CPU
		{97B86D54-35B1-446E-893C-86A3D1D3B5FB}.Debug|Any CPU.ActiveCfg = Debug|Any CPU
		{97B86D54-35B1-446E-893C-86A3D1D3B5FB}.Debug|Any CPU.Build.0 = Debug|Any CPU
		{97B86D54-35B1-446E-893C-86A3D1D3B5FB}.Release|Any CPU.ActiveCfg = Release|Any CPU
		{97B86D54-35B1-446E-893C-86A3D1D3B5FB}.Release|Any CPU.Build.0 = Release|Any CPU
		{CC64C1A3-ACB5-4AB8-BCE2-4A3F16685C9F}.Debug|Any CPU.ActiveCfg = Debug|Any CPU
		{CC64C1A3-ACB5-4AB8-BCE2-4A3F16685C9F}.Debug|Any CPU.Build.0 = Debug|Any CPU
		{CC64C1A3-ACB5-4AB8-BCE2-4A3F16685C9F}.Release|Any CPU.ActiveCfg = Release|Any CPU
		{CC64C1A3-ACB5-4AB8-BCE2-4A3F16685C9F}.Release|Any CPU.Build.0 = Release|Any CPU
		{9483DF13-23A9-4DA7-935C-B029C5DE85B3}.Debug|Any CPU.ActiveCfg = Debug|Any CPU
		{9483DF13-23A9-4DA7-935C-B029C5DE85B3}.Debug|Any CPU.Build.0 = Debug|Any CPU
		{9483DF13-23A9-4DA7-935C-B029C5DE85B3}.Release|Any CPU.ActiveCfg = Release|Any CPU
		{9483DF13-23A9-4DA7-935C-B029C5DE85B3}.Release|Any CPU.Build.0 = Release|Any CPU
		{A3FE5E17-E72F-4BEF-9380-045042E1BF2A}.Debug|Any CPU.ActiveCfg = Debug|Any CPU
		{A3FE5E17-E72F-4BEF-9380-045042E1BF2A}.Debug|Any CPU.Build.0 = Debug|Any CPU
		{A3FE5E17-E72F-4BEF-9380-045042E1BF2A}.Release|Any CPU.ActiveCfg = Release|Any CPU
		{A3FE5E17-E72F-4BEF-9380-045042E1BF2A}.Release|Any CPU.Build.0 = Release|Any CPU
		{7B64461B-D6CB-4361-B20C-F54909EBED43}.Debug|Any CPU.ActiveCfg = Debug|Any CPU
		{7B64461B-D6CB-4361-B20C-F54909EBED43}.Debug|Any CPU.Build.0 = Debug|Any CPU
		{7B64461B-D6CB-4361-B20C-F54909EBED43}.Release|Any CPU.ActiveCfg = Release|Any CPU
		{7B64461B-D6CB-4361-B20C-F54909EBED43}.Release|Any CPU.Build.0 = Release|Any CPU
		{CEB8FD08-9E24-4E93-9E17-77310C867ECF}.Debug|Any CPU.ActiveCfg = Debug|Any CPU
		{CEB8FD08-9E24-4E93-9E17-77310C867ECF}.Debug|Any CPU.Build.0 = Debug|Any CPU
		{CEB8FD08-9E24-4E93-9E17-77310C867ECF}.Release|Any CPU.ActiveCfg = Release|Any CPU
		{CEB8FD08-9E24-4E93-9E17-77310C867ECF}.Release|Any CPU.Build.0 = Release|Any CPU
		{DD2AE40F-5679-4906-9691-323FA3256DF4}.Debug|Any CPU.ActiveCfg = Debug|Any CPU
		{DD2AE40F-5679-4906-9691-323FA3256DF4}.Debug|Any CPU.Build.0 = Debug|Any CPU
		{DD2AE40F-5679-4906-9691-323FA3256DF4}.Release|Any CPU.ActiveCfg = Release|Any CPU
		{DD2AE40F-5679-4906-9691-323FA3256DF4}.Release|Any CPU.Build.0 = Release|Any CPU
		{71D31AC0-26BD-46FD-88E6-2F83F7C7B693}.Debug|Any CPU.ActiveCfg = Debug|Any CPU
		{71D31AC0-26BD-46FD-88E6-2F83F7C7B693}.Debug|Any CPU.Build.0 = Debug|Any CPU
		{71D31AC0-26BD-46FD-88E6-2F83F7C7B693}.Release|Any CPU.ActiveCfg = Release|Any CPU
		{71D31AC0-26BD-46FD-88E6-2F83F7C7B693}.Release|Any CPU.Build.0 = Release|Any CPU
		{8F01BD03-B6FE-4A5D-A5C5-B26A2773BCEC}.Debug|Any CPU.ActiveCfg = Debug|Any CPU
		{8F01BD03-B6FE-4A5D-A5C5-B26A2773BCEC}.Debug|Any CPU.Build.0 = Debug|Any CPU
		{8F01BD03-B6FE-4A5D-A5C5-B26A2773BCEC}.Release|Any CPU.ActiveCfg = Release|Any CPU
		{8F01BD03-B6FE-4A5D-A5C5-B26A2773BCEC}.Release|Any CPU.Build.0 = Release|Any CPU
		{32DC2475-B33C-4005-97DA-F700818163ED}.Debug|Any CPU.ActiveCfg = Debug|Any CPU
		{32DC2475-B33C-4005-97DA-F700818163ED}.Debug|Any CPU.Build.0 = Debug|Any CPU
		{32DC2475-B33C-4005-97DA-F700818163ED}.Release|Any CPU.ActiveCfg = Release|Any CPU
		{32DC2475-B33C-4005-97DA-F700818163ED}.Release|Any CPU.Build.0 = Release|Any CPU
		{68DA748B-F24D-4F12-AE1E-11F75BAAD24F}.Debug|Any CPU.ActiveCfg = Debug|Any CPU
		{68DA748B-F24D-4F12-AE1E-11F75BAAD24F}.Debug|Any CPU.Build.0 = Debug|Any CPU
		{68DA748B-F24D-4F12-AE1E-11F75BAAD24F}.Release|Any CPU.ActiveCfg = Release|Any CPU
		{68DA748B-F24D-4F12-AE1E-11F75BAAD24F}.Release|Any CPU.Build.0 = Release|Any CPU
		{AF8CD4D7-BE53-457C-A153-4D9691EF4750}.Debug|Any CPU.ActiveCfg = Debug|Any CPU
		{AF8CD4D7-BE53-457C-A153-4D9691EF4750}.Debug|Any CPU.Build.0 = Debug|Any CPU
		{AF8CD4D7-BE53-457C-A153-4D9691EF4750}.Release|Any CPU.ActiveCfg = Release|Any CPU
		{AF8CD4D7-BE53-457C-A153-4D9691EF4750}.Release|Any CPU.Build.0 = Release|Any CPU
		{0648C5B9-1495-480D-A0F0-E3CC9BF92A66}.Debug|Any CPU.ActiveCfg = Debug|Any CPU
		{0648C5B9-1495-480D-A0F0-E3CC9BF92A66}.Debug|Any CPU.Build.0 = Debug|Any CPU
		{0648C5B9-1495-480D-A0F0-E3CC9BF92A66}.Release|Any CPU.ActiveCfg = Release|Any CPU
		{0648C5B9-1495-480D-A0F0-E3CC9BF92A66}.Release|Any CPU.Build.0 = Release|Any CPU
		{04D7D56B-DD8B-4A5E-97E5-A38405441728}.Debug|Any CPU.ActiveCfg = Debug|Any CPU
		{04D7D56B-DD8B-4A5E-97E5-A38405441728}.Debug|Any CPU.Build.0 = Debug|Any CPU
		{04D7D56B-DD8B-4A5E-97E5-A38405441728}.Release|Any CPU.ActiveCfg = Release|Any CPU
		{04D7D56B-DD8B-4A5E-97E5-A38405441728}.Release|Any CPU.Build.0 = Release|Any CPU
		{824D50BB-F806-4BE7-A711-8EA65869DEA7}.Debug|Any CPU.ActiveCfg = Debug|Any CPU
		{824D50BB-F806-4BE7-A711-8EA65869DEA7}.Debug|Any CPU.Build.0 = Debug|Any CPU
		{824D50BB-F806-4BE7-A711-8EA65869DEA7}.Release|Any CPU.ActiveCfg = Release|Any CPU
		{824D50BB-F806-4BE7-A711-8EA65869DEA7}.Release|Any CPU.Build.0 = Release|Any CPU
	EndGlobalSection
	GlobalSection(SolutionProperties) = preSolution
		HideSolutionNode = FALSE
	EndGlobalSection
	GlobalSection(NestedProjects) = preSolution
		{98883E39-656A-4887-8CBA-963C7E8D4A02} = {420279CB-6C4E-4F32-BBA8-E5501EB14522}
		{513EA35B-323E-4A3C-B499-C4E70F2C0C47} = {420279CB-6C4E-4F32-BBA8-E5501EB14522}
		{69F2BC43-2BD4-44A7-A670-5B32DA6DCC8B} = {420279CB-6C4E-4F32-BBA8-E5501EB14522}
		{F6A33D28-E12D-4444-9776-E4C564A4D7D3} = {0C2E4537-D780-42E5-A49D-942B7BFB4FAC}
		{0177C1E5-1AEE-4F1D-B74D-967884CE0C5B} = {0C2E4537-D780-42E5-A49D-942B7BFB4FAC}
		{571D1F4A-A294-4A3B-95C4-2656FD81FB6A} = {0C2E4537-D780-42E5-A49D-942B7BFB4FAC}
		{B4058B2E-A1B1-4729-84CF-C7C71CF0F985} = {0C2E4537-D780-42E5-A49D-942B7BFB4FAC}
		{1C21041D-612D-4821-99F0-A65DB4DFDF67} = {0C2E4537-D780-42E5-A49D-942B7BFB4FAC}
		{EC13FF45-B188-49B9-8ACB-AEB27BD9CF84} = {0C2E4537-D780-42E5-A49D-942B7BFB4FAC}
		{7A4086F8-12DC-4C3D-98DC-FB27945995F3} = {0C2E4537-D780-42E5-A49D-942B7BFB4FAC}
		{52FE3909-8348-4EA0-BCF7-33E47F95CF3B} = {0C2E4537-D780-42E5-A49D-942B7BFB4FAC}
		{750DFB65-C3BF-49E8-9FA0-99BA7332981B} = {0C2E4537-D780-42E5-A49D-942B7BFB4FAC}
		{306CAFE4-7108-4B16-BB83-294616208709} = {0C2E4537-D780-42E5-A49D-942B7BFB4FAC}
		{EB27F423-F8E4-44AF-A4AF-62E75E189617} = {0C2E4537-D780-42E5-A49D-942B7BFB4FAC}
		{787202F8-EFE8-4C22-8BC1-B3B9A4945AD7} = {0C2E4537-D780-42E5-A49D-942B7BFB4FAC}
		{E71BCC20-5C46-43CA-8BB3-7D489AC6A02A} = {2955C856-53B7-4C44-9BD4-39C9B1CAA831}
		{B32B7CDE-C358-49FD-9D02-D715DD5A3E66} = {2955C856-53B7-4C44-9BD4-39C9B1CAA831}
		{4793CC80-5496-480A-8945-2D4BAEF51770} = {2955C856-53B7-4C44-9BD4-39C9B1CAA831}
		{A9D503D3-9E04-4581-B322-F2141524FDC9} = {2955C856-53B7-4C44-9BD4-39C9B1CAA831}
		{1ACD976B-74E2-40DF-85D9-45D79ABD1A6F} = {2955C856-53B7-4C44-9BD4-39C9B1CAA831}
		{981F822C-44E6-4E91-9EBE-D9C6D8EB0A1F} = {2955C856-53B7-4C44-9BD4-39C9B1CAA831}
		{E7442C0C-178F-4648-B5C0-561412A223CC} = {2955C856-53B7-4C44-9BD4-39C9B1CAA831}
		{9CED7FB1-383D-41D2-BBCA-39C222536D53} = {2955C856-53B7-4C44-9BD4-39C9B1CAA831}
		{FBB02B2C-CFC6-4A62-AEC0-140B67F277D3} = {2955C856-53B7-4C44-9BD4-39C9B1CAA831}
		{C95D3AFA-2291-41D5-8F28-1174C50E92D0} = {2955C856-53B7-4C44-9BD4-39C9B1CAA831}
		{41020215-2EC0-4C3A-85B6-299DBDF4DC3B} = {135D48A9-42D4-439E-847B-8F52993B206F}
		{97B86D54-35B1-446E-893C-86A3D1D3B5FB} = {135D48A9-42D4-439E-847B-8F52993B206F}
		{CC64C1A3-ACB5-4AB8-BCE2-4A3F16685C9F} = {135D48A9-42D4-439E-847B-8F52993B206F}
		{9483DF13-23A9-4DA7-935C-B029C5DE85B3} = {135D48A9-42D4-439E-847B-8F52993B206F}
		{A3FE5E17-E72F-4BEF-9380-045042E1BF2A} = {135D48A9-42D4-439E-847B-8F52993B206F}
		{7B64461B-D6CB-4361-B20C-F54909EBED43} = {135D48A9-42D4-439E-847B-8F52993B206F}
		{CEB8FD08-9E24-4E93-9E17-77310C867ECF} = {135D48A9-42D4-439E-847B-8F52993B206F}
		{DD2AE40F-5679-4906-9691-323FA3256DF4} = {135D48A9-42D4-439E-847B-8F52993B206F}
		{71D31AC0-26BD-46FD-88E6-2F83F7C7B693} = {135D48A9-42D4-439E-847B-8F52993B206F}
		{8F01BD03-B6FE-4A5D-A5C5-B26A2773BCEC} = {135D48A9-42D4-439E-847B-8F52993B206F}
		{32DC2475-B33C-4005-97DA-F700818163ED} = {135D48A9-42D4-439E-847B-8F52993B206F}
		{68DA748B-F24D-4F12-AE1E-11F75BAAD24F} = {135D48A9-42D4-439E-847B-8F52993B206F}
		{AF8CD4D7-BE53-457C-A153-4D9691EF4750} = {135D48A9-42D4-439E-847B-8F52993B206F}
		{0648C5B9-1495-480D-A0F0-E3CC9BF92A66} = {135D48A9-42D4-439E-847B-8F52993B206F}
		{04D7D56B-DD8B-4A5E-97E5-A38405441728} = {135D48A9-42D4-439E-847B-8F52993B206F}
		{824D50BB-F806-4BE7-A711-8EA65869DEA7} = {135D48A9-42D4-439E-847B-8F52993B206F}
	EndGlobalSection
	GlobalSection(ExtensibilityGlobals) = postSolution
		SolutionGuid = {04F45B6D-05EC-410D-A08F-CECA6BA9C077}
	EndGlobalSection
EndGlobal
