
Microsoft Visual Studio Solution File, Format Version 12.00
# Visual Studio 15
VisualStudioVersion = 15.0.28307.329
MinimumVisualStudioVersion = 10.0.40219.1
Project("{2150E333-8FDC-42A3-9474-1A3956D46DE8}") = "0-类库", "0-类库", "{D0456468-4690-4D5B-8A3C-0693A62453F2}"
EndProject
Project("{2150E333-8FDC-42A3-9474-1A3956D46DE8}") = "1-基础题（3.1.1~3.1.20）", "1-基础题（3.1.1~3.1.20）", "{DA458018-F615-4FF7-9BDA-065E87170BF2}"
EndProject
Project("{2150E333-8FDC-42A3-9474-1A3956D46DE8}") = "2-提高题（3.1.21~3.1.30）", "2-提高题（3.1.21~3.1.30）", "{0D225CDA-C46C-46AA-9D39-A7527F751CFD}"
EndProject
Project("{2150E333-8FDC-42A3-9474-1A3956D46DE8}") = "3-实验题（3.1.31~3.1.41）", "3-实验题（3.1.31~3.1.41）", "{49EB87F0-B16C-4207-B46F-92E1F8F3D665}"
EndProject
Project("{FAE04EC0-301F-11D3-BF4B-00C04F79EFBC}") = "SymbolTable", "SymbolTable\SymbolTable.csproj", "{3B220D25-5761-4853-9428-A4595D71EB60}"
EndProject
Project("{FAE04EC0-301F-11D3-BF4B-00C04F79EFBC}") = "3.1.1", "3.1.1\3.1.1.csproj", "{4D1A15DE-E500-41D8-9F86-284904D361C3}"
EndProject
Project("{FAE04EC0-301F-11D3-BF4B-00C04F79EFBC}") = "3.1.41", "3.1.41\3.1.41.csproj", "{EE46F91D-3EB8-4E6C-B71F-10B3AF7CAB97}"
EndProject
Project("{FAE04EC0-301F-11D3-BF4B-00C04F79EFBC}") = "3.1.40", "3.1.40\3.1.40.csproj", "{6EA48AF4-541E-47D0-B1B7-E72BB3305773}"
EndProject
Project("{FAE04EC0-301F-11D3-BF4B-00C04F79EFBC}") = "3.1.39", "3.1.39\3.1.39.csproj", "{CCA70CC0-BFCE-4081-BF13-6A72C0270088}"
EndProject
Project("{FAE04EC0-301F-11D3-BF4B-00C04F79EFBC}") = "3.1.38", "3.1.38\3.1.38.csproj", "{A46FCA4D-9FD9-4172-8528-32BB93EBBCB8}"
EndProject
Project("{FAE04EC0-301F-11D3-BF4B-00C04F79EFBC}") = "3.1.37", "3.1.37\3.1.37.csproj", "{23AA0CEE-D156-478D-9CF9-67C978E7CDDB}"
EndProject
Project("{FAE04EC0-301F-11D3-BF4B-00C04F79EFBC}") = "3.1.36", "3.1.36\3.1.36.csproj", "{4F78AA3B-7873-423D-8748-8D7DC86BD58F}"
EndProject
Project("{FAE04EC0-301F-11D3-BF4B-00C04F79EFBC}") = "3.1.35", "3.1.35\3.1.35.csproj", "{5EA75BDC-3A0C-418A-9C07-3989E0C0CFFA}"
EndProject
Project("{FAE04EC0-301F-11D3-BF4B-00C04F79EFBC}") = "3.1.34", "3.1.34\3.1.34.csproj", "{1C796FB9-FE7C-49F5-8B44-C026E5DF96B9}"
EndProject
Project("{FAE04EC0-301F-11D3-BF4B-00C04F79EFBC}") = "3.1.33", "3.1.33\3.1.33.csproj", "{6C7068E6-656B-4BB7-889E-195C42B7C2FF}"
EndProject
Project("{FAE04EC0-301F-11D3-BF4B-00C04F79EFBC}") = "3.1.32", "3.1.32\3.1.32.csproj", "{DA2837B8-C086-4561-B2B1-76620A5E2AE1}"
EndProject
Project("{FAE04EC0-301F-11D3-BF4B-00C04F79EFBC}") = "3.1.31", "3.1.31\3.1.31.csproj", "{A796E7E8-C045-4AC0-A0EE-D04295A3574D}"
EndProject
Project("{FAE04EC0-301F-11D3-BF4B-00C04F79EFBC}") = "3.1.30", "3.1.30\3.1.30.csproj", "{0C749077-70F7-4C0D-98F5-140BA65294CF}"
EndProject
Project("{FAE04EC0-301F-11D3-BF4B-00C04F79EFBC}") = "3.1.29", "3.1.29\3.1.29.csproj", "{FDF628A4-3A4F-4093-B44C-1D12BF74AF7D}"
EndProject
Project("{FAE04EC0-301F-11D3-BF4B-00C04F79EFBC}") = "3.1.28", "3.1.28\3.1.28.csproj", "{EBBB1BAB-CE99-4E44-8F5E-5A854D0453D1}"
EndProject
Project("{FAE04EC0-301F-11D3-BF4B-00C04F79EFBC}") = "3.1.27", "3.1.27\3.1.27.csproj", "{356682F3-D704-4899-AF09-CBC1EF47D80F}"
EndProject
Project("{FAE04EC0-301F-11D3-BF4B-00C04F79EFBC}") = "3.1.26", "3.1.26\3.1.26.csproj", "{DC6A3134-0CFC-4205-8DFE-CBFD097A746D}"
EndProject
Project("{FAE04EC0-301F-11D3-BF4B-00C04F79EFBC}") = "3.1.25", "3.1.25\3.1.25.csproj", "{ADF9C8E2-2689-4B0D-9714-59D0F921C208}"
EndProject
Project("{FAE04EC0-301F-11D3-BF4B-00C04F79EFBC}") = "3.1.24", "3.1.24\3.1.24.csproj", "{D7325808-A492-491F-8561-F10F8677BBF2}"
EndProject
Project("{FAE04EC0-301F-11D3-BF4B-00C04F79EFBC}") = "3.1.23", "3.1.23\3.1.23.csproj", "{BF4D126B-16F8-4166-AB06-4999A8A1956E}"
EndProject
Project("{FAE04EC0-301F-11D3-BF4B-00C04F79EFBC}") = "3.1.22", "3.1.22\3.1.22.csproj", "{894A096E-C2DD-4A98-B37A-F5FD8B262349}"
EndProject
Project("{FAE04EC0-301F-11D3-BF4B-00C04F79EFBC}") = "3.1.21", "3.1.21\3.1.21.csproj", "{4178B9E7-CAA2-4B56-8757-40557B9B415D}"
EndProject
Project("{FAE04EC0-301F-11D3-BF4B-00C04F79EFBC}") = "3.1.2", "3.1.2\3.1.2.csproj", "{F4ECF6F9-3602-43FC-B6AF-0B3EF11A7A8E}"
EndProject
Project("{FAE04EC0-301F-11D3-BF4B-00C04F79EFBC}") = "3.1.3", "3.1.3\3.1.3.csproj", "{4C552840-C897-419A-92AD-9D6F182FFCA9}"
EndProject
Project("{FAE04EC0-301F-11D3-BF4B-00C04F79EFBC}") = "3.1.4", "3.1.4\3.1.4.csproj", "{CA04E9B7-4EF7-4976-8D66-72579CB55672}"
EndProject
Project("{FAE04EC0-301F-11D3-BF4B-00C04F79EFBC}") = "3.1.5", "3.1.5\3.1.5.csproj", "{865099E0-EB44-47F5-81FF-67EBBA64A1B9}"
EndProject
Project("{FAE04EC0-301F-11D3-BF4B-00C04F79EFBC}") = "3.1.6", "3.1.6\3.1.6.csproj", "{F9B09F84-2517-4C6C-A02E-8B37A4E72791}"
EndProject
Project("{FAE04EC0-301F-11D3-BF4B-00C04F79EFBC}") = "3.1.7", "3.1.7\3.1.7.csproj", "{247DAEF3-8719-4E3C-A9B3-0D8D33C22633}"
EndProject
Project("{FAE04EC0-301F-11D3-BF4B-00C04F79EFBC}") = "3.1.8", "3.1.8\3.1.8.csproj", "{6C4A63E2-E242-4B94-987C-5D1D9EC2710C}"
EndProject
Project("{FAE04EC0-301F-11D3-BF4B-00C04F79EFBC}") = "3.1.9", "3.1.9\3.1.9.csproj", "{A0950217-7179-4923-892A-15C75599F2D0}"
EndProject
Project("{FAE04EC0-301F-11D3-BF4B-00C04F79EFBC}") = "3.1.10", "3.1.10\3.1.10.csproj", "{679521AA-9E2E-4970-848B-9631278522C4}"
EndProject
Project("{FAE04EC0-301F-11D3-BF4B-00C04F79EFBC}") = "3.1.11", "3.1.11\3.1.11.csproj", "{CBB9C15C-A78F-4559-B97C-81C551C5D39A}"
EndProject
Project("{FAE04EC0-301F-11D3-BF4B-00C04F79EFBC}") = "3.1.12", "3.1.12\3.1.12.csproj", "{7B24A0B1-2CC6-4344-9F3D-03924A1A8E67}"
EndProject
Project("{FAE04EC0-301F-11D3-BF4B-00C04F79EFBC}") = "3.1.13", "3.1.13\3.1.13.csproj", "{A2516DE1-0A64-4E44-9D8B-CA60776405A9}"
EndProject
Project("{FAE04EC0-301F-11D3-BF4B-00C04F79EFBC}") = "3.1.14", "3.1.14\3.1.14.csproj", "{D9C5B5AE-59E3-457C-8B84-0DFA3C96AC53}"
EndProject
Project("{FAE04EC0-301F-11D3-BF4B-00C04F79EFBC}") = "3.1.15", "3.1.15\3.1.15.csproj", "{B6B88F89-7A33-4179-87B8-0E706BCCD4FA}"
EndProject
Project("{FAE04EC0-301F-11D3-BF4B-00C04F79EFBC}") = "3.1.16", "3.1.16\3.1.16.csproj", "{B0E69712-974F-49A2-9E72-C71ED76E2739}"
EndProject
Project("{FAE04EC0-301F-11D3-BF4B-00C04F79EFBC}") = "3.1.17", "3.1.17\3.1.17.csproj", "{A2ED7E95-E4DE-45D4-9181-7B748D0D58FC}"
EndProject
Project("{FAE04EC0-301F-11D3-BF4B-00C04F79EFBC}") = "3.1.18", "3.1.18\3.1.18.csproj", "{8BB9D502-AEBE-44C8-83E3-9D7BDF88D887}"
EndProject
Project("{FAE04EC0-301F-11D3-BF4B-00C04F79EFBC}") = "3.1.19", "3.1.19\3.1.19.csproj", "{13A84FEC-35DD-4C95-A7C1-B0BF7455873B}"
EndProject
Project("{FAE04EC0-301F-11D3-BF4B-00C04F79EFBC}") = "3.1.20", "3.1.20\3.1.20.csproj", "{9A95AC96-4B24-4B12-A909-11065D0EB619}"
EndProject
Global
	GlobalSection(SolutionConfigurationPlatforms) = preSolution
		Debug|Any CPU = Debug|Any CPU
		Release|Any CPU = Release|Any CPU
	EndGlobalSection
	GlobalSection(ProjectConfigurationPlatforms) = postSolution
		{3B220D25-5761-4853-9428-A4595D71EB60}.Debug|Any CPU.ActiveCfg = Debug|Any CPU
		{3B220D25-5761-4853-9428-A4595D71EB60}.Debug|Any CPU.Build.0 = Debug|Any CPU
		{3B220D25-5761-4853-9428-A4595D71EB60}.Release|Any CPU.ActiveCfg = Release|Any CPU
		{3B220D25-5761-4853-9428-A4595D71EB60}.Release|Any CPU.Build.0 = Release|Any CPU
		{4D1A15DE-E500-41D8-9F86-284904D361C3}.Debug|Any CPU.ActiveCfg = Debug|Any CPU
		{4D1A15DE-E500-41D8-9F86-284904D361C3}.Debug|Any CPU.Build.0 = Debug|Any CPU
		{4D1A15DE-E500-41D8-9F86-284904D361C3}.Release|Any CPU.ActiveCfg = Release|Any CPU
		{4D1A15DE-E500-41D8-9F86-284904D361C3}.Release|Any CPU.Build.0 = Release|Any CPU
		{EE46F91D-3EB8-4E6C-B71F-10B3AF7CAB97}.Debug|Any CPU.ActiveCfg = Debug|Any CPU
		{EE46F91D-3EB8-4E6C-B71F-10B3AF7CAB97}.Debug|Any CPU.Build.0 = Debug|Any CPU
		{EE46F91D-3EB8-4E6C-B71F-10B3AF7CAB97}.Release|Any CPU.ActiveCfg = Release|Any CPU
		{EE46F91D-3EB8-4E6C-B71F-10B3AF7CAB97}.Release|Any CPU.Build.0 = Release|Any CPU
		{6EA48AF4-541E-47D0-B1B7-E72BB3305773}.Debug|Any CPU.ActiveCfg = Debug|Any CPU
		{6EA48AF4-541E-47D0-B1B7-E72BB3305773}.Debug|Any CPU.Build.0 = Debug|Any CPU
		{6EA48AF4-541E-47D0-B1B7-E72BB3305773}.Release|Any CPU.ActiveCfg = Release|Any CPU
		{6EA48AF4-541E-47D0-B1B7-E72BB3305773}.Release|Any CPU.Build.0 = Release|Any CPU
		{CCA70CC0-BFCE-4081-BF13-6A72C0270088}.Debug|Any CPU.ActiveCfg = Debug|Any CPU
		{CCA70CC0-BFCE-4081-BF13-6A72C0270088}.Debug|Any CPU.Build.0 = Debug|Any CPU
		{CCA70CC0-BFCE-4081-BF13-6A72C0270088}.Release|Any CPU.ActiveCfg = Release|Any CPU
		{CCA70CC0-BFCE-4081-BF13-6A72C0270088}.Release|Any CPU.Build.0 = Release|Any CPU
		{A46FCA4D-9FD9-4172-8528-32BB93EBBCB8}.Debug|Any CPU.ActiveCfg = Debug|Any CPU
		{A46FCA4D-9FD9-4172-8528-32BB93EBBCB8}.Debug|Any CPU.Build.0 = Debug|Any CPU
		{A46FCA4D-9FD9-4172-8528-32BB93EBBCB8}.Release|Any CPU.ActiveCfg = Release|Any CPU
		{A46FCA4D-9FD9-4172-8528-32BB93EBBCB8}.Release|Any CPU.Build.0 = Release|Any CPU
		{23AA0CEE-D156-478D-9CF9-67C978E7CDDB}.Debug|Any CPU.ActiveCfg = Debug|Any CPU
		{23AA0CEE-D156-478D-9CF9-67C978E7CDDB}.Debug|Any CPU.Build.0 = Debug|Any CPU
		{23AA0CEE-D156-478D-9CF9-67C978E7CDDB}.Release|Any CPU.ActiveCfg = Release|Any CPU
		{23AA0CEE-D156-478D-9CF9-67C978E7CDDB}.Release|Any CPU.Build.0 = Release|Any CPU
		{4F78AA3B-7873-423D-8748-8D7DC86BD58F}.Debug|Any CPU.ActiveCfg = Debug|Any CPU
		{4F78AA3B-7873-423D-8748-8D7DC86BD58F}.Debug|Any CPU.Build.0 = Debug|Any CPU
		{4F78AA3B-7873-423D-8748-8D7DC86BD58F}.Release|Any CPU.ActiveCfg = Release|Any CPU
		{4F78AA3B-7873-423D-8748-8D7DC86BD58F}.Release|Any CPU.Build.0 = Release|Any CPU
		{5EA75BDC-3A0C-418A-9C07-3989E0C0CFFA}.Debug|Any CPU.ActiveCfg = Debug|Any CPU
		{5EA75BDC-3A0C-418A-9C07-3989E0C0CFFA}.Debug|Any CPU.Build.0 = Debug|Any CPU
		{5EA75BDC-3A0C-418A-9C07-3989E0C0CFFA}.Release|Any CPU.ActiveCfg = Release|Any CPU
		{5EA75BDC-3A0C-418A-9C07-3989E0C0CFFA}.Release|Any CPU.Build.0 = Release|Any CPU
		{1C796FB9-FE7C-49F5-8B44-C026E5DF96B9}.Debug|Any CPU.ActiveCfg = Debug|Any CPU
		{1C796FB9-FE7C-49F5-8B44-C026E5DF96B9}.Debug|Any CPU.Build.0 = Debug|Any CPU
		{1C796FB9-FE7C-49F5-8B44-C026E5DF96B9}.Release|Any CPU.ActiveCfg = Release|Any CPU
		{1C796FB9-FE7C-49F5-8B44-C026E5DF96B9}.Release|Any CPU.Build.0 = Release|Any CPU
		{6C7068E6-656B-4BB7-889E-195C42B7C2FF}.Debug|Any CPU.ActiveCfg = Debug|Any CPU
		{6C7068E6-656B-4BB7-889E-195C42B7C2FF}.Debug|Any CPU.Build.0 = Debug|Any CPU
		{6C7068E6-656B-4BB7-889E-195C42B7C2FF}.Release|Any CPU.ActiveCfg = Release|Any CPU
		{6C7068E6-656B-4BB7-889E-195C42B7C2FF}.Release|Any CPU.Build.0 = Release|Any CPU
		{DA2837B8-C086-4561-B2B1-76620A5E2AE1}.Debug|Any CPU.ActiveCfg = Debug|Any CPU
		{DA2837B8-C086-4561-B2B1-76620A5E2AE1}.Debug|Any CPU.Build.0 = Debug|Any CPU
		{DA2837B8-C086-4561-B2B1-76620A5E2AE1}.Release|Any CPU.ActiveCfg = Release|Any CPU
		{DA2837B8-C086-4561-B2B1-76620A5E2AE1}.Release|Any CPU.Build.0 = Release|Any CPU
		{A796E7E8-C045-4AC0-A0EE-D04295A3574D}.Debug|Any CPU.ActiveCfg = Debug|Any CPU
		{A796E7E8-C045-4AC0-A0EE-D04295A3574D}.Debug|Any CPU.Build.0 = Debug|Any CPU
		{A796E7E8-C045-4AC0-A0EE-D04295A3574D}.Release|Any CPU.ActiveCfg = Release|Any CPU
		{A796E7E8-C045-4AC0-A0EE-D04295A3574D}.Release|Any CPU.Build.0 = Release|Any CPU
		{0C749077-70F7-4C0D-98F5-140BA65294CF}.Debug|Any CPU.ActiveCfg = Debug|Any CPU
		{0C749077-70F7-4C0D-98F5-140BA65294CF}.Debug|Any CPU.Build.0 = Debug|Any CPU
		{0C749077-70F7-4C0D-98F5-140BA65294CF}.Release|Any CPU.ActiveCfg = Release|Any CPU
		{0C749077-70F7-4C0D-98F5-140BA65294CF}.Release|Any CPU.Build.0 = Release|Any CPU
		{FDF628A4-3A4F-4093-B44C-1D12BF74AF7D}.Debug|Any CPU.ActiveCfg = Debug|Any CPU
		{FDF628A4-3A4F-4093-B44C-1D12BF74AF7D}.Debug|Any CPU.Build.0 = Debug|Any CPU
		{FDF628A4-3A4F-4093-B44C-1D12BF74AF7D}.Release|Any CPU.ActiveCfg = Release|Any CPU
		{FDF628A4-3A4F-4093-B44C-1D12BF74AF7D}.Release|Any CPU.Build.0 = Release|Any CPU
		{EBBB1BAB-CE99-4E44-8F5E-5A854D0453D1}.Debug|Any CPU.ActiveCfg = Debug|Any CPU
		{EBBB1BAB-CE99-4E44-8F5E-5A854D0453D1}.Debug|Any CPU.Build.0 = Debug|Any CPU
		{EBBB1BAB-CE99-4E44-8F5E-5A854D0453D1}.Release|Any CPU.ActiveCfg = Release|Any CPU
		{EBBB1BAB-CE99-4E44-8F5E-5A854D0453D1}.Release|Any CPU.Build.0 = Release|Any CPU
		{356682F3-D704-4899-AF09-CBC1EF47D80F}.Debug|Any CPU.ActiveCfg = Debug|Any CPU
		{356682F3-D704-4899-AF09-CBC1EF47D80F}.Debug|Any CPU.Build.0 = Debug|Any CPU
		{356682F3-D704-4899-AF09-CBC1EF47D80F}.Release|Any CPU.ActiveCfg = Release|Any CPU
		{356682F3-D704-4899-AF09-CBC1EF47D80F}.Release|Any CPU.Build.0 = Release|Any CPU
		{DC6A3134-0CFC-4205-8DFE-CBFD097A746D}.Debug|Any CPU.ActiveCfg = Debug|Any CPU
		{DC6A3134-0CFC-4205-8DFE-CBFD097A746D}.Debug|Any CPU.Build.0 = Debug|Any CPU
		{DC6A3134-0CFC-4205-8DFE-CBFD097A746D}.Release|Any CPU.ActiveCfg = Release|Any CPU
		{DC6A3134-0CFC-4205-8DFE-CBFD097A746D}.Release|Any CPU.Build.0 = Release|Any CPU
		{ADF9C8E2-2689-4B0D-9714-59D0F921C208}.Debug|Any CPU.ActiveCfg = Debug|Any CPU
		{ADF9C8E2-2689-4B0D-9714-59D0F921C208}.Debug|Any CPU.Build.0 = Debug|Any CPU
		{ADF9C8E2-2689-4B0D-9714-59D0F921C208}.Release|Any CPU.ActiveCfg = Release|Any CPU
		{ADF9C8E2-2689-4B0D-9714-59D0F921C208}.Release|Any CPU.Build.0 = Release|Any CPU
		{D7325808-A492-491F-8561-F10F8677BBF2}.Debug|Any CPU.ActiveCfg = Debug|Any CPU
		{D7325808-A492-491F-8561-F10F8677BBF2}.Debug|Any CPU.Build.0 = Debug|Any CPU
		{D7325808-A492-491F-8561-F10F8677BBF2}.Release|Any CPU.ActiveCfg = Release|Any CPU
		{D7325808-A492-491F-8561-F10F8677BBF2}.Release|Any CPU.Build.0 = Release|Any CPU
		{BF4D126B-16F8-4166-AB06-4999A8A1956E}.Debug|Any CPU.ActiveCfg = Debug|Any CPU
		{BF4D126B-16F8-4166-AB06-4999A8A1956E}.Debug|Any CPU.Build.0 = Debug|Any CPU
		{BF4D126B-16F8-4166-AB06-4999A8A1956E}.Release|Any CPU.ActiveCfg = Release|Any CPU
		{BF4D126B-16F8-4166-AB06-4999A8A1956E}.Release|Any CPU.Build.0 = Release|Any CPU
		{894A096E-C2DD-4A98-B37A-F5FD8B262349}.Debug|Any CPU.ActiveCfg = Debug|Any CPU
		{894A096E-C2DD-4A98-B37A-F5FD8B262349}.Debug|Any CPU.Build.0 = Debug|Any CPU
		{894A096E-C2DD-4A98-B37A-F5FD8B262349}.Release|Any CPU.ActiveCfg = Release|Any CPU
		{894A096E-C2DD-4A98-B37A-F5FD8B262349}.Release|Any CPU.Build.0 = Release|Any CPU
		{4178B9E7-CAA2-4B56-8757-40557B9B415D}.Debug|Any CPU.ActiveCfg = Debug|Any CPU
		{4178B9E7-CAA2-4B56-8757-40557B9B415D}.Debug|Any CPU.Build.0 = Debug|Any CPU
		{4178B9E7-CAA2-4B56-8757-40557B9B415D}.Release|Any CPU.ActiveCfg = Release|Any CPU
		{4178B9E7-CAA2-4B56-8757-40557B9B415D}.Release|Any CPU.Build.0 = Release|Any CPU
		{F4ECF6F9-3602-43FC-B6AF-0B3EF11A7A8E}.Debug|Any CPU.ActiveCfg = Debug|Any CPU
		{F4ECF6F9-3602-43FC-B6AF-0B3EF11A7A8E}.Debug|Any CPU.Build.0 = Debug|Any CPU
		{F4ECF6F9-3602-43FC-B6AF-0B3EF11A7A8E}.Release|Any CPU.ActiveCfg = Release|Any CPU
		{F4ECF6F9-3602-43FC-B6AF-0B3EF11A7A8E}.Release|Any CPU.Build.0 = Release|Any CPU
		{4C552840-C897-419A-92AD-9D6F182FFCA9}.Debug|Any CPU.ActiveCfg = Debug|Any CPU
		{4C552840-C897-419A-92AD-9D6F182FFCA9}.Debug|Any CPU.Build.0 = Debug|Any CPU
		{4C552840-C897-419A-92AD-9D6F182FFCA9}.Release|Any CPU.ActiveCfg = Release|Any CPU
		{4C552840-C897-419A-92AD-9D6F182FFCA9}.Release|Any CPU.Build.0 = Release|Any CPU
		{CA04E9B7-4EF7-4976-8D66-72579CB55672}.Debug|Any CPU.ActiveCfg = Debug|Any CPU
		{CA04E9B7-4EF7-4976-8D66-72579CB55672}.Debug|Any CPU.Build.0 = Debug|Any CPU
		{CA04E9B7-4EF7-4976-8D66-72579CB55672}.Release|Any CPU.ActiveCfg = Release|Any CPU
		{CA04E9B7-4EF7-4976-8D66-72579CB55672}.Release|Any CPU.Build.0 = Release|Any CPU
		{865099E0-EB44-47F5-81FF-67EBBA64A1B9}.Debug|Any CPU.ActiveCfg = Debug|Any CPU
		{865099E0-EB44-47F5-81FF-67EBBA64A1B9}.Debug|Any CPU.Build.0 = Debug|Any CPU
		{865099E0-EB44-47F5-81FF-67EBBA64A1B9}.Release|Any CPU.ActiveCfg = Release|Any CPU
		{865099E0-EB44-47F5-81FF-67EBBA64A1B9}.Release|Any CPU.Build.0 = Release|Any CPU
		{F9B09F84-2517-4C6C-A02E-8B37A4E72791}.Debug|Any CPU.ActiveCfg = Debug|Any CPU
		{F9B09F84-2517-4C6C-A02E-8B37A4E72791}.Debug|Any CPU.Build.0 = Debug|Any CPU
		{F9B09F84-2517-4C6C-A02E-8B37A4E72791}.Release|Any CPU.ActiveCfg = Release|Any CPU
		{F9B09F84-2517-4C6C-A02E-8B37A4E72791}.Release|Any CPU.Build.0 = Release|Any CPU
		{247DAEF3-8719-4E3C-A9B3-0D8D33C22633}.Debug|Any CPU.ActiveCfg = Debug|Any CPU
		{247DAEF3-8719-4E3C-A9B3-0D8D33C22633}.Debug|Any CPU.Build.0 = Debug|Any CPU
		{247DAEF3-8719-4E3C-A9B3-0D8D33C22633}.Release|Any CPU.ActiveCfg = Release|Any CPU
		{247DAEF3-8719-4E3C-A9B3-0D8D33C22633}.Release|Any CPU.Build.0 = Release|Any CPU
		{6C4A63E2-E242-4B94-987C-5D1D9EC2710C}.Debug|Any CPU.ActiveCfg = Debug|Any CPU
		{6C4A63E2-E242-4B94-987C-5D1D9EC2710C}.Debug|Any CPU.Build.0 = Debug|Any CPU
		{6C4A63E2-E242-4B94-987C-5D1D9EC2710C}.Release|Any CPU.ActiveCfg = Release|Any CPU
		{6C4A63E2-E242-4B94-987C-5D1D9EC2710C}.Release|Any CPU.Build.0 = Release|Any CPU
		{A0950217-7179-4923-892A-15C75599F2D0}.Debug|Any CPU.ActiveCfg = Debug|Any CPU
		{A0950217-7179-4923-892A-15C75599F2D0}.Debug|Any CPU.Build.0 = Debug|Any CPU
		{A0950217-7179-4923-892A-15C75599F2D0}.Release|Any CPU.ActiveCfg = Release|Any CPU
		{A0950217-7179-4923-892A-15C75599F2D0}.Release|Any CPU.Build.0 = Release|Any CPU
		{679521AA-9E2E-4970-848B-9631278522C4}.Debug|Any CPU.ActiveCfg = Debug|Any CPU
		{679521AA-9E2E-4970-848B-9631278522C4}.Debug|Any CPU.Build.0 = Debug|Any CPU
		{679521AA-9E2E-4970-848B-9631278522C4}.Release|Any CPU.ActiveCfg = Release|Any CPU
		{679521AA-9E2E-4970-848B-9631278522C4}.Release|Any CPU.Build.0 = Release|Any CPU
		{CBB9C15C-A78F-4559-B97C-81C551C5D39A}.Debug|Any CPU.ActiveCfg = Debug|Any CPU
		{CBB9C15C-A78F-4559-B97C-81C551C5D39A}.Debug|Any CPU.Build.0 = Debug|Any CPU
		{CBB9C15C-A78F-4559-B97C-81C551C5D39A}.Release|Any CPU.ActiveCfg = Release|Any CPU
		{CBB9C15C-A78F-4559-B97C-81C551C5D39A}.Release|Any CPU.Build.0 = Release|Any CPU
		{7B24A0B1-2CC6-4344-9F3D-03924A1A8E67}.Debug|Any CPU.ActiveCfg = Debug|Any CPU
		{7B24A0B1-2CC6-4344-9F3D-03924A1A8E67}.Debug|Any CPU.Build.0 = Debug|Any CPU
		{7B24A0B1-2CC6-4344-9F3D-03924A1A8E67}.Release|Any CPU.ActiveCfg = Release|Any CPU
		{7B24A0B1-2CC6-4344-9F3D-03924A1A8E67}.Release|Any CPU.Build.0 = Release|Any CPU
		{A2516DE1-0A64-4E44-9D8B-CA60776405A9}.Debug|Any CPU.ActiveCfg = Debug|Any CPU
		{A2516DE1-0A64-4E44-9D8B-CA60776405A9}.Debug|Any CPU.Build.0 = Debug|Any CPU
		{A2516DE1-0A64-4E44-9D8B-CA60776405A9}.Release|Any CPU.ActiveCfg = Release|Any CPU
		{A2516DE1-0A64-4E44-9D8B-CA60776405A9}.Release|Any CPU.Build.0 = Release|Any CPU
		{D9C5B5AE-59E3-457C-8B84-0DFA3C96AC53}.Debug|Any CPU.ActiveCfg = Debug|Any CPU
		{D9C5B5AE-59E3-457C-8B84-0DFA3C96AC53}.Debug|Any CPU.Build.0 = Debug|Any CPU
		{D9C5B5AE-59E3-457C-8B84-0DFA3C96AC53}.Release|Any CPU.ActiveCfg = Release|Any CPU
		{D9C5B5AE-59E3-457C-8B84-0DFA3C96AC53}.Release|Any CPU.Build.0 = Release|Any CPU
		{B6B88F89-7A33-4179-87B8-0E706BCCD4FA}.Debug|Any CPU.ActiveCfg = Debug|Any CPU
		{B6B88F89-7A33-4179-87B8-0E706BCCD4FA}.Debug|Any CPU.Build.0 = Debug|Any CPU
		{B6B88F89-7A33-4179-87B8-0E706BCCD4FA}.Release|Any CPU.ActiveCfg = Release|Any CPU
		{B6B88F89-7A33-4179-87B8-0E706BCCD4FA}.Release|Any CPU.Build.0 = Release|Any CPU
		{B0E69712-974F-49A2-9E72-C71ED76E2739}.Debug|Any CPU.ActiveCfg = Debug|Any CPU
		{B0E69712-974F-49A2-9E72-C71ED76E2739}.Debug|Any CPU.Build.0 = Debug|Any CPU
		{B0E69712-974F-49A2-9E72-C71ED76E2739}.Release|Any CPU.ActiveCfg = Release|Any CPU
		{B0E69712-974F-49A2-9E72-C71ED76E2739}.Release|Any CPU.Build.0 = Release|Any CPU
		{A2ED7E95-E4DE-45D4-9181-7B748D0D58FC}.Debug|Any CPU.ActiveCfg = Debug|Any CPU
		{A2ED7E95-E4DE-45D4-9181-7B748D0D58FC}.Debug|Any CPU.Build.0 = Debug|Any CPU
		{A2ED7E95-E4DE-45D4-9181-7B748D0D58FC}.Release|Any CPU.ActiveCfg = Release|Any CPU
		{A2ED7E95-E4DE-45D4-9181-7B748D0D58FC}.Release|Any CPU.Build.0 = Release|Any CPU
		{8BB9D502-AEBE-44C8-83E3-9D7BDF88D887}.Debug|Any CPU.ActiveCfg = Debug|Any CPU
		{8BB9D502-AEBE-44C8-83E3-9D7BDF88D887}.Debug|Any CPU.Build.0 = Debug|Any CPU
		{8BB9D502-AEBE-44C8-83E3-9D7BDF88D887}.Release|Any CPU.ActiveCfg = Release|Any CPU
		{8BB9D502-AEBE-44C8-83E3-9D7BDF88D887}.Release|Any CPU.Build.0 = Release|Any CPU
		{13A84FEC-35DD-4C95-A7C1-B0BF7455873B}.Debug|Any CPU.ActiveCfg = Debug|Any CPU
		{13A84FEC-35DD-4C95-A7C1-B0BF7455873B}.Debug|Any CPU.Build.0 = Debug|Any CPU
		{13A84FEC-35DD-4C95-A7C1-B0BF7455873B}.Release|Any CPU.ActiveCfg = Release|Any CPU
		{13A84FEC-35DD-4C95-A7C1-B0BF7455873B}.Release|Any CPU.Build.0 = Release|Any CPU
		{9A95AC96-4B24-4B12-A909-11065D0EB619}.Debug|Any CPU.ActiveCfg = Debug|Any CPU
		{9A95AC96-4B24-4B12-A909-11065D0EB619}.Debug|Any CPU.Build.0 = Debug|Any CPU
		{9A95AC96-4B24-4B12-A909-11065D0EB619}.Release|Any CPU.ActiveCfg = Release|Any CPU
		{9A95AC96-4B24-4B12-A909-11065D0EB619}.Release|Any CPU.Build.0 = Release|Any CPU
	EndGlobalSection
	GlobalSection(SolutionProperties) = preSolution
		HideSolutionNode = FALSE
	EndGlobalSection
	GlobalSection(NestedProjects) = preSolution
		{3B220D25-5761-4853-9428-A4595D71EB60} = {D0456468-4690-4D5B-8A3C-0693A62453F2}
		{4D1A15DE-E500-41D8-9F86-284904D361C3} = {DA458018-F615-4FF7-9BDA-065E87170BF2}
		{EE46F91D-3EB8-4E6C-B71F-10B3AF7CAB97} = {49EB87F0-B16C-4207-B46F-92E1F8F3D665}
		{6EA48AF4-541E-47D0-B1B7-E72BB3305773} = {49EB87F0-B16C-4207-B46F-92E1F8F3D665}
		{CCA70CC0-BFCE-4081-BF13-6A72C0270088} = {49EB87F0-B16C-4207-B46F-92E1F8F3D665}
		{A46FCA4D-9FD9-4172-8528-32BB93EBBCB8} = {49EB87F0-B16C-4207-B46F-92E1F8F3D665}
		{23AA0CEE-D156-478D-9CF9-67C978E7CDDB} = {49EB87F0-B16C-4207-B46F-92E1F8F3D665}
		{4F78AA3B-7873-423D-8748-8D7DC86BD58F} = {49EB87F0-B16C-4207-B46F-92E1F8F3D665}
		{5EA75BDC-3A0C-418A-9C07-3989E0C0CFFA} = {49EB87F0-B16C-4207-B46F-92E1F8F3D665}
		{1C796FB9-FE7C-49F5-8B44-C026E5DF96B9} = {49EB87F0-B16C-4207-B46F-92E1F8F3D665}
		{6C7068E6-656B-4BB7-889E-195C42B7C2FF} = {49EB87F0-B16C-4207-B46F-92E1F8F3D665}
		{DA2837B8-C086-4561-B2B1-76620A5E2AE1} = {49EB87F0-B16C-4207-B46F-92E1F8F3D665}
		{A796E7E8-C045-4AC0-A0EE-D04295A3574D} = {49EB87F0-B16C-4207-B46F-92E1F8F3D665}
		{0C749077-70F7-4C0D-98F5-140BA65294CF} = {0D225CDA-C46C-46AA-9D39-A7527F751CFD}
		{FDF628A4-3A4F-4093-B44C-1D12BF74AF7D} = {0D225CDA-C46C-46AA-9D39-A7527F751CFD}
		{EBBB1BAB-CE99-4E44-8F5E-5A854D0453D1} = {0D225CDA-C46C-46AA-9D39-A7527F751CFD}
		{356682F3-D704-4899-AF09-CBC1EF47D80F} = {0D225CDA-C46C-46AA-9D39-A7527F751CFD}
		{DC6A3134-0CFC-4205-8DFE-CBFD097A746D} = {0D225CDA-C46C-46AA-9D39-A7527F751CFD}
		{ADF9C8E2-2689-4B0D-9714-59D0F921C208} = {0D225CDA-C46C-46AA-9D39-A7527F751CFD}
		{D7325808-A492-491F-8561-F10F8677BBF2} = {0D225CDA-C46C-46AA-9D39-A7527F751CFD}
		{BF4D126B-16F8-4166-AB06-4999A8A1956E} = {0D225CDA-C46C-46AA-9D39-A7527F751CFD}
		{894A096E-C2DD-4A98-B37A-F5FD8B262349} = {0D225CDA-C46C-46AA-9D39-A7527F751CFD}
		{4178B9E7-CAA2-4B56-8757-40557B9B415D} = {0D225CDA-C46C-46AA-9D39-A7527F751CFD}
		{F4ECF6F9-3602-43FC-B6AF-0B3EF11A7A8E} = {DA458018-F615-4FF7-9BDA-065E87170BF2}
		{4C552840-C897-419A-92AD-9D6F182FFCA9} = {DA458018-F615-4FF7-9BDA-065E87170BF2}
		{CA04E9B7-4EF7-4976-8D66-72579CB55672} = {DA458018-F615-4FF7-9BDA-065E87170BF2}
		{865099E0-EB44-47F5-81FF-67EBBA64A1B9} = {DA458018-F615-4FF7-9BDA-065E87170BF2}
		{F9B09F84-2517-4C6C-A02E-8B37A4E72791} = {DA458018-F615-4FF7-9BDA-065E87170BF2}
		{247DAEF3-8719-4E3C-A9B3-0D8D33C22633} = {DA458018-F615-4FF7-9BDA-065E87170BF2}
		{6C4A63E2-E242-4B94-987C-5D1D9EC2710C} = {DA458018-F615-4FF7-9BDA-065E87170BF2}
		{A0950217-7179-4923-892A-15C75599F2D0} = {DA458018-F615-4FF7-9BDA-065E87170BF2}
		{679521AA-9E2E-4970-848B-9631278522C4} = {DA458018-F615-4FF7-9BDA-065E87170BF2}
		{CBB9C15C-A78F-4559-B97C-81C551C5D39A} = {DA458018-F615-4FF7-9BDA-065E87170BF2}
		{7B24A0B1-2CC6-4344-9F3D-03924A1A8E67} = {DA458018-F615-4FF7-9BDA-065E87170BF2}
		{A2516DE1-0A64-4E44-9D8B-CA60776405A9} = {DA458018-F615-4FF7-9BDA-065E87170BF2}
		{D9C5B5AE-59E3-457C-8B84-0DFA3C96AC53} = {DA458018-F615-4FF7-9BDA-065E87170BF2}
		{B6B88F89-7A33-4179-87B8-0E706BCCD4FA} = {DA458018-F615-4FF7-9BDA-065E87170BF2}
		{B0E69712-974F-49A2-9E72-C71ED76E2739} = {DA458018-F615-4FF7-9BDA-065E87170BF2}
		{A2ED7E95-E4DE-45D4-9181-7B748D0D58FC} = {DA458018-F615-4FF7-9BDA-065E87170BF2}
		{8BB9D502-AEBE-44C8-83E3-9D7BDF88D887} = {DA458018-F615-4FF7-9BDA-065E87170BF2}
		{13A84FEC-35DD-4C95-A7C1-B0BF7455873B} = {DA458018-F615-4FF7-9BDA-065E87170BF2}
		{9A95AC96-4B24-4B12-A909-11065D0EB619} = {DA458018-F615-4FF7-9BDA-065E87170BF2}
	EndGlobalSection
	GlobalSection(ExtensibilityGlobals) = postSolution
		SolutionGuid = {3AD1055C-C145-45E3-B4BA-12BE2F528177}
	EndGlobalSection
EndGlobal
