
Microsoft Visual Studio Solution File, Format Version 12.00
# Visual Studio 15
VisualStudioVersion = 15.0.27703.2047
MinimumVisualStudioVersion = 10.0.40219.1
Project("{2150E333-8FDC-42A3-9474-1A3956D46DE8}") = "0-类库", "0-类库", "{274D3097-801D-4430-940E-C729B88902DD}"
EndProject
Project("{2150E333-8FDC-42A3-9474-1A3956D46DE8}") = "1-基础题（2.4.1~2.4.20）", "1-基础题（2.4.1~2.4.20）", "{17E1CE77-1409-490F-A996-10E824755FA8}"
EndProject
Project("{2150E333-8FDC-42A3-9474-1A3956D46DE8}") = "2-提高题（2.4.21~2.4.35）", "2-提高题（2.4.21~2.4.35）", "{22866D51-333F-41FD-B065-B5B6CB255D7D}"
EndProject
Project("{2150E333-8FDC-42A3-9474-1A3956D46DE8}") = "3-实验题（2.4.36~2.4.42）", "3-实验题（2.4.36~2.4.42）", "{FAB5E597-9513-4454-8517-F58BE4038A1B}"
EndProject
Project("{FAE04EC0-301F-11D3-BF4B-00C04F79EFBC}") = "2.4.1", "2.4.1\2.4.1.csproj", "{B02DBE16-44FB-4668-BF7D-EC11411E0AC6}"
EndProject
Project("{FAE04EC0-301F-11D3-BF4B-00C04F79EFBC}") = "2.4.2", "2.4.2\2.4.2.csproj", "{51F88DDE-822C-4AF8-941F-D82F7E3BDABC}"
EndProject
Project("{FAE04EC0-301F-11D3-BF4B-00C04F79EFBC}") = "2.4.3", "2.4.3\2.4.3.csproj", "{D80A4B1E-1812-4123-817D-29BB8956F0BC}"
EndProject
Project("{FAE04EC0-301F-11D3-BF4B-00C04F79EFBC}") = "PriorityQueue", "PriorityQueue\PriorityQueue.csproj", "{E040340E-EBB2-4650-8E19-EE46EB684E14}"
EndProject
Project("{FAE04EC0-301F-11D3-BF4B-00C04F79EFBC}") = "2.4.4", "2.4.4\2.4.4.csproj", "{64A73790-B7A5-4868-98AF-1C316C00DAA9}"
EndProject
Project("{FAE04EC0-301F-11D3-BF4B-00C04F79EFBC}") = "2.4.5", "2.4.5\2.4.5.csproj", "{00319FBF-9EE6-4294-B30A-5C276A834824}"
EndProject
Project("{FAE04EC0-301F-11D3-BF4B-00C04F79EFBC}") = "2.4.6", "2.4.6\2.4.6.csproj", "{4F27F222-A522-4D26-B98F-E45333A91CD0}"
EndProject
Project("{FAE04EC0-301F-11D3-BF4B-00C04F79EFBC}") = "2.4.7", "2.4.7\2.4.7.csproj", "{CFF208AA-6106-481A-8E29-2A1ABBB53D5F}"
EndProject
Project("{FAE04EC0-301F-11D3-BF4B-00C04F79EFBC}") = "2.4.8", "2.4.8\2.4.8.csproj", "{CFD13DBB-36D9-43E1-8E78-A29D2236BE79}"
EndProject
Project("{FAE04EC0-301F-11D3-BF4B-00C04F79EFBC}") = "2.4.9", "2.4.9\2.4.9.csproj", "{ECC51890-E3B6-4D06-A7A7-92128A211617}"
EndProject
Project("{FAE04EC0-301F-11D3-BF4B-00C04F79EFBC}") = "2.4.10", "2.4.10\2.4.10.csproj", "{BA490271-E2B6-479C-A4ED-5E55BB4FE007}"
EndProject
Project("{FAE04EC0-301F-11D3-BF4B-00C04F79EFBC}") = "2.4.11", "2.4.11\2.4.11.csproj", "{92E0F22F-8ED3-4973-91F5-55D32B61176A}"
EndProject
Project("{FAE04EC0-301F-11D3-BF4B-00C04F79EFBC}") = "2.4.12", "2.4.12\2.4.12.csproj", "{C0F167E2-671C-401C-9A73-8BF1F0B38CFD}"
EndProject
Project("{FAE04EC0-301F-11D3-BF4B-00C04F79EFBC}") = "2.4.13", "2.4.13\2.4.13.csproj", "{23EF8201-AA7E-4EA2-AA20-F17FE9C721EB}"
EndProject
Project("{FAE04EC0-301F-11D3-BF4B-00C04F79EFBC}") = "2.4.14", "2.4.14\2.4.14.csproj", "{F403A114-E991-4C95-9AE2-FDEC3ADF044C}"
EndProject
Project("{FAE04EC0-301F-11D3-BF4B-00C04F79EFBC}") = "2.4.15", "2.4.15\2.4.15.csproj", "{B00DDE66-DEB8-4330-9E62-7393B2BA4859}"
EndProject
Project("{FAE04EC0-301F-11D3-BF4B-00C04F79EFBC}") = "2.4.16", "2.4.16\2.4.16.csproj", "{9336D246-AE7B-4FEE-B7FD-484CCE715E21}"
EndProject
Project("{FAE04EC0-301F-11D3-BF4B-00C04F79EFBC}") = "2.4.17", "2.4.17\2.4.17.csproj", "{54716BF5-5BC3-45E5-96B2-295B60AC6496}"
EndProject
Project("{FAE04EC0-301F-11D3-BF4B-00C04F79EFBC}") = "2.4.18", "2.4.18\2.4.18.csproj", "{0E27BECA-1945-4DDC-AA67-93A9D4E13EE9}"
EndProject
Project("{FAE04EC0-301F-11D3-BF4B-00C04F79EFBC}") = "2.4.19", "2.4.19\2.4.19.csproj", "{45413EBE-985A-432B-A020-E54CA9AF9F6E}"
EndProject
Project("{FAE04EC0-301F-11D3-BF4B-00C04F79EFBC}") = "2.4.20", "2.4.20\2.4.20.csproj", "{072D223C-EC45-48EB-A59A-E63B2A39EE37}"
EndProject
Project("{FAE04EC0-301F-11D3-BF4B-00C04F79EFBC}") = "2.4.21", "2.4.21\2.4.21.csproj", "{BD96DFB6-5106-46BC-B163-FAAABECBC728}"
EndProject
Project("{FAE04EC0-301F-11D3-BF4B-00C04F79EFBC}") = "2.4.22", "2.4.22\2.4.22.csproj", "{8A3CFBD1-E1D8-4E7A-B8CA-D356CEF16020}"
EndProject
Project("{FAE04EC0-301F-11D3-BF4B-00C04F79EFBC}") = "2.4.23", "2.4.23\2.4.23.csproj", "{DB79F5B0-D045-4E09-A52A-7DCC6F304981}"
EndProject
Project("{FAE04EC0-301F-11D3-BF4B-00C04F79EFBC}") = "2.4.24", "2.4.24\2.4.24.csproj", "{0853C91A-B86A-4765-B992-B88E88AA80C0}"
EndProject
Project("{FAE04EC0-301F-11D3-BF4B-00C04F79EFBC}") = "2.4.25", "2.4.25\2.4.25.csproj", "{A7D391BE-03D5-4EFF-A44E-C986764219F3}"
EndProject
Project("{FAE04EC0-301F-11D3-BF4B-00C04F79EFBC}") = "2.4.26", "2.4.26\2.4.26.csproj", "{18D02CA6-A2D9-456F-8400-F0CEDFC4D275}"
EndProject
Project("{FAE04EC0-301F-11D3-BF4B-00C04F79EFBC}") = "2.4.27", "2.4.27\2.4.27.csproj", "{B5F2D8A5-15F1-4A72-B9A7-65D1E94FAFCF}"
EndProject
Project("{FAE04EC0-301F-11D3-BF4B-00C04F79EFBC}") = "2.4.28", "2.4.28\2.4.28.csproj", "{9A4B3224-04D3-4631-AD12-8CB40D359E76}"
EndProject
Project("{FAE04EC0-301F-11D3-BF4B-00C04F79EFBC}") = "2.4.29", "2.4.29\2.4.29.csproj", "{99C51774-D8BE-433C-B659-704DC542A9B8}"
EndProject
Project("{FAE04EC0-301F-11D3-BF4B-00C04F79EFBC}") = "2.4.30", "2.4.30\2.4.30.csproj", "{896EE8BD-EE98-4715-BF6F-1F7509D433FC}"
EndProject
Project("{FAE04EC0-301F-11D3-BF4B-00C04F79EFBC}") = "2.4.31", "2.4.31\2.4.31.csproj", "{F88685DC-B1E9-41A2-BAF1-311A886CE109}"
EndProject
Project("{FAE04EC0-301F-11D3-BF4B-00C04F79EFBC}") = "2.4.32", "2.4.32\2.4.32.csproj", "{F8DCD1AB-FB2D-4E75-AAE0-CDB9F45F0A3B}"
EndProject
Project("{FAE04EC0-301F-11D3-BF4B-00C04F79EFBC}") = "2.4.33", "2.4.33\2.4.33.csproj", "{C06A6C6F-FA1A-4103-A4FE-A4307B454F87}"
EndProject
Project("{FAE04EC0-301F-11D3-BF4B-00C04F79EFBC}") = "2.4.34", "2.4.34\2.4.34.csproj", "{575871E1-3183-4D75-815D-5AD8ACA9C6EB}"
EndProject
Project("{FAE04EC0-301F-11D3-BF4B-00C04F79EFBC}") = "2.4.35", "2.4.35\2.4.35.csproj", "{9B9EF495-47C8-406C-ADE1-B31253FCDCAC}"
EndProject
Project("{FAE04EC0-301F-11D3-BF4B-00C04F79EFBC}") = "2.4.36", "2.4.36\2.4.36.csproj", "{0B4A0600-E527-4E64-B5D3-7839E16A925D}"
EndProject
Project("{FAE04EC0-301F-11D3-BF4B-00C04F79EFBC}") = "2.4.37", "2.4.37\2.4.37.csproj", "{35F69BB7-9BDB-422A-95FC-ED27AFFCA680}"
EndProject
Project("{FAE04EC0-301F-11D3-BF4B-00C04F79EFBC}") = "2.4.38", "2.4.38\2.4.38.csproj", "{54FB8778-BCEA-4A13-8A22-C1010D94875F}"
EndProject
Project("{FAE04EC0-301F-11D3-BF4B-00C04F79EFBC}") = "2.4.39", "2.4.39\2.4.39.csproj", "{5A7214C5-7136-4C6C-95C0-366769146DC9}"
EndProject
Project("{FAE04EC0-301F-11D3-BF4B-00C04F79EFBC}") = "2.4.40", "2.4.40\2.4.40.csproj", "{CDF9928F-60D3-46B7-BCC3-170D3B2C6A8D}"
EndProject
Project("{FAE04EC0-301F-11D3-BF4B-00C04F79EFBC}") = "2.4.41", "2.4.41\2.4.41.csproj", "{39888A7A-52A1-4AB5-BCC9-599725C78D15}"
EndProject
Project("{FAE04EC0-301F-11D3-BF4B-00C04F79EFBC}") = "2.4.42", "2.4.42\2.4.42.csproj", "{BF782B32-E9C0-44B9-973E-AE7A402B0972}"
EndProject
Global
	GlobalSection(SolutionConfigurationPlatforms) = preSolution
		Debug|Any CPU = Debug|Any CPU
		Release|Any CPU = Release|Any CPU
	EndGlobalSection
	GlobalSection(ProjectConfigurationPlatforms) = postSolution
		{B02DBE16-44FB-4668-BF7D-EC11411E0AC6}.Debug|Any CPU.ActiveCfg = Debug|Any CPU
		{B02DBE16-44FB-4668-BF7D-EC11411E0AC6}.Debug|Any CPU.Build.0 = Debug|Any CPU
		{B02DBE16-44FB-4668-BF7D-EC11411E0AC6}.Release|Any CPU.ActiveCfg = Release|Any CPU
		{B02DBE16-44FB-4668-BF7D-EC11411E0AC6}.Release|Any CPU.Build.0 = Release|Any CPU
		{51F88DDE-822C-4AF8-941F-D82F7E3BDABC}.Debug|Any CPU.ActiveCfg = Debug|Any CPU
		{51F88DDE-822C-4AF8-941F-D82F7E3BDABC}.Debug|Any CPU.Build.0 = Debug|Any CPU
		{51F88DDE-822C-4AF8-941F-D82F7E3BDABC}.Release|Any CPU.ActiveCfg = Release|Any CPU
		{51F88DDE-822C-4AF8-941F-D82F7E3BDABC}.Release|Any CPU.Build.0 = Release|Any CPU
		{D80A4B1E-1812-4123-817D-29BB8956F0BC}.Debug|Any CPU.ActiveCfg = Debug|Any CPU
		{D80A4B1E-1812-4123-817D-29BB8956F0BC}.Debug|Any CPU.Build.0 = Debug|Any CPU
		{D80A4B1E-1812-4123-817D-29BB8956F0BC}.Release|Any CPU.ActiveCfg = Release|Any CPU
		{D80A4B1E-1812-4123-817D-29BB8956F0BC}.Release|Any CPU.Build.0 = Release|Any CPU
		{E040340E-EBB2-4650-8E19-EE46EB684E14}.Debug|Any CPU.ActiveCfg = Debug|Any CPU
		{E040340E-EBB2-4650-8E19-EE46EB684E14}.Debug|Any CPU.Build.0 = Debug|Any CPU
		{E040340E-EBB2-4650-8E19-EE46EB684E14}.Release|Any CPU.ActiveCfg = Release|Any CPU
		{E040340E-EBB2-4650-8E19-EE46EB684E14}.Release|Any CPU.Build.0 = Release|Any CPU
		{64A73790-B7A5-4868-98AF-1C316C00DAA9}.Debug|Any CPU.ActiveCfg = Debug|Any CPU
		{64A73790-B7A5-4868-98AF-1C316C00DAA9}.Debug|Any CPU.Build.0 = Debug|Any CPU
		{64A73790-B7A5-4868-98AF-1C316C00DAA9}.Release|Any CPU.ActiveCfg = Release|Any CPU
		{64A73790-B7A5-4868-98AF-1C316C00DAA9}.Release|Any CPU.Build.0 = Release|Any CPU
		{00319FBF-9EE6-4294-B30A-5C276A834824}.Debug|Any CPU.ActiveCfg = Debug|Any CPU
		{00319FBF-9EE6-4294-B30A-5C276A834824}.Debug|Any CPU.Build.0 = Debug|Any CPU
		{00319FBF-9EE6-4294-B30A-5C276A834824}.Release|Any CPU.ActiveCfg = Release|Any CPU
		{00319FBF-9EE6-4294-B30A-5C276A834824}.Release|Any CPU.Build.0 = Release|Any CPU
		{4F27F222-A522-4D26-B98F-E45333A91CD0}.Debug|Any CPU.ActiveCfg = Debug|Any CPU
		{4F27F222-A522-4D26-B98F-E45333A91CD0}.Debug|Any CPU.Build.0 = Debug|Any CPU
		{4F27F222-A522-4D26-B98F-E45333A91CD0}.Release|Any CPU.ActiveCfg = Release|Any CPU
		{4F27F222-A522-4D26-B98F-E45333A91CD0}.Release|Any CPU.Build.0 = Release|Any CPU
		{CFF208AA-6106-481A-8E29-2A1ABBB53D5F}.Debug|Any CPU.ActiveCfg = Debug|Any CPU
		{CFF208AA-6106-481A-8E29-2A1ABBB53D5F}.Debug|Any CPU.Build.0 = Debug|Any CPU
		{CFF208AA-6106-481A-8E29-2A1ABBB53D5F}.Release|Any CPU.ActiveCfg = Release|Any CPU
		{CFF208AA-6106-481A-8E29-2A1ABBB53D5F}.Release|Any CPU.Build.0 = Release|Any CPU
		{CFD13DBB-36D9-43E1-8E78-A29D2236BE79}.Debug|Any CPU.ActiveCfg = Debug|Any CPU
		{CFD13DBB-36D9-43E1-8E78-A29D2236BE79}.Debug|Any CPU.Build.0 = Debug|Any CPU
		{CFD13DBB-36D9-43E1-8E78-A29D2236BE79}.Release|Any CPU.ActiveCfg = Release|Any CPU
		{CFD13DBB-36D9-43E1-8E78-A29D2236BE79}.Release|Any CPU.Build.0 = Release|Any CPU
		{ECC51890-E3B6-4D06-A7A7-92128A211617}.Debug|Any CPU.ActiveCfg = Debug|Any CPU
		{ECC51890-E3B6-4D06-A7A7-92128A211617}.Debug|Any CPU.Build.0 = Debug|Any CPU
		{ECC51890-E3B6-4D06-A7A7-92128A211617}.Release|Any CPU.ActiveCfg = Release|Any CPU
		{ECC51890-E3B6-4D06-A7A7-92128A211617}.Release|Any CPU.Build.0 = Release|Any CPU
		{BA490271-E2B6-479C-A4ED-5E55BB4FE007}.Debug|Any CPU.ActiveCfg = Debug|Any CPU
		{BA490271-E2B6-479C-A4ED-5E55BB4FE007}.Debug|Any CPU.Build.0 = Debug|Any CPU
		{BA490271-E2B6-479C-A4ED-5E55BB4FE007}.Release|Any CPU.ActiveCfg = Release|Any CPU
		{BA490271-E2B6-479C-A4ED-5E55BB4FE007}.Release|Any CPU.Build.0 = Release|Any CPU
		{92E0F22F-8ED3-4973-91F5-55D32B61176A}.Debug|Any CPU.ActiveCfg = Debug|Any CPU
		{92E0F22F-8ED3-4973-91F5-55D32B61176A}.Debug|Any CPU.Build.0 = Debug|Any CPU
		{92E0F22F-8ED3-4973-91F5-55D32B61176A}.Release|Any CPU.ActiveCfg = Release|Any CPU
		{92E0F22F-8ED3-4973-91F5-55D32B61176A}.Release|Any CPU.Build.0 = Release|Any CPU
		{C0F167E2-671C-401C-9A73-8BF1F0B38CFD}.Debug|Any CPU.ActiveCfg = Debug|Any CPU
		{C0F167E2-671C-401C-9A73-8BF1F0B38CFD}.Debug|Any CPU.Build.0 = Debug|Any CPU
		{C0F167E2-671C-401C-9A73-8BF1F0B38CFD}.Release|Any CPU.ActiveCfg = Release|Any CPU
		{C0F167E2-671C-401C-9A73-8BF1F0B38CFD}.Release|Any CPU.Build.0 = Release|Any CPU
		{23EF8201-AA7E-4EA2-AA20-F17FE9C721EB}.Debug|Any CPU.ActiveCfg = Debug|Any CPU
		{23EF8201-AA7E-4EA2-AA20-F17FE9C721EB}.Debug|Any CPU.Build.0 = Debug|Any CPU
		{23EF8201-AA7E-4EA2-AA20-F17FE9C721EB}.Release|Any CPU.ActiveCfg = Release|Any CPU
		{23EF8201-AA7E-4EA2-AA20-F17FE9C721EB}.Release|Any CPU.Build.0 = Release|Any CPU
		{F403A114-E991-4C95-9AE2-FDEC3ADF044C}.Debug|Any CPU.ActiveCfg = Debug|Any CPU
		{F403A114-E991-4C95-9AE2-FDEC3ADF044C}.Debug|Any CPU.Build.0 = Debug|Any CPU
		{F403A114-E991-4C95-9AE2-FDEC3ADF044C}.Release|Any CPU.ActiveCfg = Release|Any CPU
		{F403A114-E991-4C95-9AE2-FDEC3ADF044C}.Release|Any CPU.Build.0 = Release|Any CPU
		{B00DDE66-DEB8-4330-9E62-7393B2BA4859}.Debug|Any CPU.ActiveCfg = Debug|Any CPU
		{B00DDE66-DEB8-4330-9E62-7393B2BA4859}.Debug|Any CPU.Build.0 = Debug|Any CPU
		{B00DDE66-DEB8-4330-9E62-7393B2BA4859}.Release|Any CPU.ActiveCfg = Release|Any CPU
		{B00DDE66-DEB8-4330-9E62-7393B2BA4859}.Release|Any CPU.Build.0 = Release|Any CPU
		{9336D246-AE7B-4FEE-B7FD-484CCE715E21}.Debug|Any CPU.ActiveCfg = Debug|Any CPU
		{9336D246-AE7B-4FEE-B7FD-484CCE715E21}.Debug|Any CPU.Build.0 = Debug|Any CPU
		{9336D246-AE7B-4FEE-B7FD-484CCE715E21}.Release|Any CPU.ActiveCfg = Release|Any CPU
		{9336D246-AE7B-4FEE-B7FD-484CCE715E21}.Release|Any CPU.Build.0 = Release|Any CPU
		{54716BF5-5BC3-45E5-96B2-295B60AC6496}.Debug|Any CPU.ActiveCfg = Debug|Any CPU
		{54716BF5-5BC3-45E5-96B2-295B60AC6496}.Debug|Any CPU.Build.0 = Debug|Any CPU
		{54716BF5-5BC3-45E5-96B2-295B60AC6496}.Release|Any CPU.ActiveCfg = Release|Any CPU
		{54716BF5-5BC3-45E5-96B2-295B60AC6496}.Release|Any CPU.Build.0 = Release|Any CPU
		{0E27BECA-1945-4DDC-AA67-93A9D4E13EE9}.Debug|Any CPU.ActiveCfg = Debug|Any CPU
		{0E27BECA-1945-4DDC-AA67-93A9D4E13EE9}.Debug|Any CPU.Build.0 = Debug|Any CPU
		{0E27BECA-1945-4DDC-AA67-93A9D4E13EE9}.Release|Any CPU.ActiveCfg = Release|Any CPU
		{0E27BECA-1945-4DDC-AA67-93A9D4E13EE9}.Release|Any CPU.Build.0 = Release|Any CPU
		{45413EBE-985A-432B-A020-E54CA9AF9F6E}.Debug|Any CPU.ActiveCfg = Debug|Any CPU
		{45413EBE-985A-432B-A020-E54CA9AF9F6E}.Debug|Any CPU.Build.0 = Debug|Any CPU
		{45413EBE-985A-432B-A020-E54CA9AF9F6E}.Release|Any CPU.ActiveCfg = Release|Any CPU
		{45413EBE-985A-432B-A020-E54CA9AF9F6E}.Release|Any CPU.Build.0 = Release|Any CPU
		{072D223C-EC45-48EB-A59A-E63B2A39EE37}.Debug|Any CPU.ActiveCfg = Debug|Any CPU
		{072D223C-EC45-48EB-A59A-E63B2A39EE37}.Debug|Any CPU.Build.0 = Debug|Any CPU
		{072D223C-EC45-48EB-A59A-E63B2A39EE37}.Release|Any CPU.ActiveCfg = Release|Any CPU
		{072D223C-EC45-48EB-A59A-E63B2A39EE37}.Release|Any CPU.Build.0 = Release|Any CPU
		{BD96DFB6-5106-46BC-B163-FAAABECBC728}.Debug|Any CPU.ActiveCfg = Debug|Any CPU
		{BD96DFB6-5106-46BC-B163-FAAABECBC728}.Debug|Any CPU.Build.0 = Debug|Any CPU
		{BD96DFB6-5106-46BC-B163-FAAABECBC728}.Release|Any CPU.ActiveCfg = Release|Any CPU
		{BD96DFB6-5106-46BC-B163-FAAABECBC728}.Release|Any CPU.Build.0 = Release|Any CPU
		{8A3CFBD1-E1D8-4E7A-B8CA-D356CEF16020}.Debug|Any CPU.ActiveCfg = Debug|Any CPU
		{8A3CFBD1-E1D8-4E7A-B8CA-D356CEF16020}.Debug|Any CPU.Build.0 = Debug|Any CPU
		{8A3CFBD1-E1D8-4E7A-B8CA-D356CEF16020}.Release|Any CPU.ActiveCfg = Release|Any CPU
		{8A3CFBD1-E1D8-4E7A-B8CA-D356CEF16020}.Release|Any CPU.Build.0 = Release|Any CPU
		{DB79F5B0-D045-4E09-A52A-7DCC6F304981}.Debug|Any CPU.ActiveCfg = Debug|Any CPU
		{DB79F5B0-D045-4E09-A52A-7DCC6F304981}.Debug|Any CPU.Build.0 = Debug|Any CPU
		{DB79F5B0-D045-4E09-A52A-7DCC6F304981}.Release|Any CPU.ActiveCfg = Release|Any CPU
		{DB79F5B0-D045-4E09-A52A-7DCC6F304981}.Release|Any CPU.Build.0 = Release|Any CPU
		{0853C91A-B86A-4765-B992-B88E88AA80C0}.Debug|Any CPU.ActiveCfg = Debug|Any CPU
		{0853C91A-B86A-4765-B992-B88E88AA80C0}.Debug|Any CPU.Build.0 = Debug|Any CPU
		{0853C91A-B86A-4765-B992-B88E88AA80C0}.Release|Any CPU.ActiveCfg = Release|Any CPU
		{0853C91A-B86A-4765-B992-B88E88AA80C0}.Release|Any CPU.Build.0 = Release|Any CPU
		{A7D391BE-03D5-4EFF-A44E-C986764219F3}.Debug|Any CPU.ActiveCfg = Debug|Any CPU
		{A7D391BE-03D5-4EFF-A44E-C986764219F3}.Debug|Any CPU.Build.0 = Debug|Any CPU
		{A7D391BE-03D5-4EFF-A44E-C986764219F3}.Release|Any CPU.ActiveCfg = Release|Any CPU
		{A7D391BE-03D5-4EFF-A44E-C986764219F3}.Release|Any CPU.Build.0 = Release|Any CPU
		{18D02CA6-A2D9-456F-8400-F0CEDFC4D275}.Debug|Any CPU.ActiveCfg = Debug|Any CPU
		{18D02CA6-A2D9-456F-8400-F0CEDFC4D275}.Debug|Any CPU.Build.0 = Debug|Any CPU
		{18D02CA6-A2D9-456F-8400-F0CEDFC4D275}.Release|Any CPU.ActiveCfg = Release|Any CPU
		{18D02CA6-A2D9-456F-8400-F0CEDFC4D275}.Release|Any CPU.Build.0 = Release|Any CPU
		{B5F2D8A5-15F1-4A72-B9A7-65D1E94FAFCF}.Debug|Any CPU.ActiveCfg = Debug|Any CPU
		{B5F2D8A5-15F1-4A72-B9A7-65D1E94FAFCF}.Debug|Any CPU.Build.0 = Debug|Any CPU
		{B5F2D8A5-15F1-4A72-B9A7-65D1E94FAFCF}.Release|Any CPU.ActiveCfg = Release|Any CPU
		{B5F2D8A5-15F1-4A72-B9A7-65D1E94FAFCF}.Release|Any CPU.Build.0 = Release|Any CPU
		{9A4B3224-04D3-4631-AD12-8CB40D359E76}.Debug|Any CPU.ActiveCfg = Debug|Any CPU
		{9A4B3224-04D3-4631-AD12-8CB40D359E76}.Debug|Any CPU.Build.0 = Debug|Any CPU
		{9A4B3224-04D3-4631-AD12-8CB40D359E76}.Release|Any CPU.ActiveCfg = Release|Any CPU
		{9A4B3224-04D3-4631-AD12-8CB40D359E76}.Release|Any CPU.Build.0 = Release|Any CPU
		{99C51774-D8BE-433C-B659-704DC542A9B8}.Debug|Any CPU.ActiveCfg = Debug|Any CPU
		{99C51774-D8BE-433C-B659-704DC542A9B8}.Debug|Any CPU.Build.0 = Debug|Any CPU
		{99C51774-D8BE-433C-B659-704DC542A9B8}.Release|Any CPU.ActiveCfg = Release|Any CPU
		{99C51774-D8BE-433C-B659-704DC542A9B8}.Release|Any CPU.Build.0 = Release|Any CPU
		{896EE8BD-EE98-4715-BF6F-1F7509D433FC}.Debug|Any CPU.ActiveCfg = Debug|Any CPU
		{896EE8BD-EE98-4715-BF6F-1F7509D433FC}.Debug|Any CPU.Build.0 = Debug|Any CPU
		{896EE8BD-EE98-4715-BF6F-1F7509D433FC}.Release|Any CPU.ActiveCfg = Release|Any CPU
		{896EE8BD-EE98-4715-BF6F-1F7509D433FC}.Release|Any CPU.Build.0 = Release|Any CPU
		{F88685DC-B1E9-41A2-BAF1-311A886CE109}.Debug|Any CPU.ActiveCfg = Debug|Any CPU
		{F88685DC-B1E9-41A2-BAF1-311A886CE109}.Debug|Any CPU.Build.0 = Debug|Any CPU
		{F88685DC-B1E9-41A2-BAF1-311A886CE109}.Release|Any CPU.ActiveCfg = Release|Any CPU
		{F88685DC-B1E9-41A2-BAF1-311A886CE109}.Release|Any CPU.Build.0 = Release|Any CPU
		{F8DCD1AB-FB2D-4E75-AAE0-CDB9F45F0A3B}.Debug|Any CPU.ActiveCfg = Debug|Any CPU
		{F8DCD1AB-FB2D-4E75-AAE0-CDB9F45F0A3B}.Debug|Any CPU.Build.0 = Debug|Any CPU
		{F8DCD1AB-FB2D-4E75-AAE0-CDB9F45F0A3B}.Release|Any CPU.ActiveCfg = Release|Any CPU
		{F8DCD1AB-FB2D-4E75-AAE0-CDB9F45F0A3B}.Release|Any CPU.Build.0 = Release|Any CPU
		{C06A6C6F-FA1A-4103-A4FE-A4307B454F87}.Debug|Any CPU.ActiveCfg = Debug|Any CPU
		{C06A6C6F-FA1A-4103-A4FE-A4307B454F87}.Debug|Any CPU.Build.0 = Debug|Any CPU
		{C06A6C6F-FA1A-4103-A4FE-A4307B454F87}.Release|Any CPU.ActiveCfg = Release|Any CPU
		{C06A6C6F-FA1A-4103-A4FE-A4307B454F87}.Release|Any CPU.Build.0 = Release|Any CPU
		{575871E1-3183-4D75-815D-5AD8ACA9C6EB}.Debug|Any CPU.ActiveCfg = Debug|Any CPU
		{575871E1-3183-4D75-815D-5AD8ACA9C6EB}.Debug|Any CPU.Build.0 = Debug|Any CPU
		{575871E1-3183-4D75-815D-5AD8ACA9C6EB}.Release|Any CPU.ActiveCfg = Release|Any CPU
		{575871E1-3183-4D75-815D-5AD8ACA9C6EB}.Release|Any CPU.Build.0 = Release|Any CPU
		{9B9EF495-47C8-406C-ADE1-B31253FCDCAC}.Debug|Any CPU.ActiveCfg = Debug|Any CPU
		{9B9EF495-47C8-406C-ADE1-B31253FCDCAC}.Debug|Any CPU.Build.0 = Debug|Any CPU
		{9B9EF495-47C8-406C-ADE1-B31253FCDCAC}.Release|Any CPU.ActiveCfg = Release|Any CPU
		{9B9EF495-47C8-406C-ADE1-B31253FCDCAC}.Release|Any CPU.Build.0 = Release|Any CPU
		{0B4A0600-E527-4E64-B5D3-7839E16A925D}.Debug|Any CPU.ActiveCfg = Debug|Any CPU
		{0B4A0600-E527-4E64-B5D3-7839E16A925D}.Debug|Any CPU.Build.0 = Debug|Any CPU
		{0B4A0600-E527-4E64-B5D3-7839E16A925D}.Release|Any CPU.ActiveCfg = Release|Any CPU
		{0B4A0600-E527-4E64-B5D3-7839E16A925D}.Release|Any CPU.Build.0 = Release|Any CPU
		{35F69BB7-9BDB-422A-95FC-ED27AFFCA680}.Debug|Any CPU.ActiveCfg = Debug|Any CPU
		{35F69BB7-9BDB-422A-95FC-ED27AFFCA680}.Debug|Any CPU.Build.0 = Debug|Any CPU
		{35F69BB7-9BDB-422A-95FC-ED27AFFCA680}.Release|Any CPU.ActiveCfg = Release|Any CPU
		{35F69BB7-9BDB-422A-95FC-ED27AFFCA680}.Release|Any CPU.Build.0 = Release|Any CPU
		{54FB8778-BCEA-4A13-8A22-C1010D94875F}.Debug|Any CPU.ActiveCfg = Debug|Any CPU
		{54FB8778-BCEA-4A13-8A22-C1010D94875F}.Debug|Any CPU.Build.0 = Debug|Any CPU
		{54FB8778-BCEA-4A13-8A22-C1010D94875F}.Release|Any CPU.ActiveCfg = Release|Any CPU
		{54FB8778-BCEA-4A13-8A22-C1010D94875F}.Release|Any CPU.Build.0 = Release|Any CPU
		{5A7214C5-7136-4C6C-95C0-366769146DC9}.Debug|Any CPU.ActiveCfg = Debug|Any CPU
		{5A7214C5-7136-4C6C-95C0-366769146DC9}.Debug|Any CPU.Build.0 = Debug|Any CPU
		{5A7214C5-7136-4C6C-95C0-366769146DC9}.Release|Any CPU.ActiveCfg = Release|Any CPU
		{5A7214C5-7136-4C6C-95C0-366769146DC9}.Release|Any CPU.Build.0 = Release|Any CPU
		{CDF9928F-60D3-46B7-BCC3-170D3B2C6A8D}.Debug|Any CPU.ActiveCfg = Debug|Any CPU
		{CDF9928F-60D3-46B7-BCC3-170D3B2C6A8D}.Debug|Any CPU.Build.0 = Debug|Any CPU
		{CDF9928F-60D3-46B7-BCC3-170D3B2C6A8D}.Release|Any CPU.ActiveCfg = Release|Any CPU
		{CDF9928F-60D3-46B7-BCC3-170D3B2C6A8D}.Release|Any CPU.Build.0 = Release|Any CPU
		{39888A7A-52A1-4AB5-BCC9-599725C78D15}.Debug|Any CPU.ActiveCfg = Debug|Any CPU
		{39888A7A-52A1-4AB5-BCC9-599725C78D15}.Debug|Any CPU.Build.0 = Debug|Any CPU
		{39888A7A-52A1-4AB5-BCC9-599725C78D15}.Release|Any CPU.ActiveCfg = Release|Any CPU
		{39888A7A-52A1-4AB5-BCC9-599725C78D15}.Release|Any CPU.Build.0 = Release|Any CPU
		{BF782B32-E9C0-44B9-973E-AE7A402B0972}.Debug|Any CPU.ActiveCfg = Debug|Any CPU
		{BF782B32-E9C0-44B9-973E-AE7A402B0972}.Debug|Any CPU.Build.0 = Debug|Any CPU
		{BF782B32-E9C0-44B9-973E-AE7A402B0972}.Release|Any CPU.ActiveCfg = Release|Any CPU
		{BF782B32-E9C0-44B9-973E-AE7A402B0972}.Release|Any CPU.Build.0 = Release|Any CPU
	EndGlobalSection
	GlobalSection(SolutionProperties) = preSolution
		HideSolutionNode = FALSE
	EndGlobalSection
	GlobalSection(NestedProjects) = preSolution
		{B02DBE16-44FB-4668-BF7D-EC11411E0AC6} = {17E1CE77-1409-490F-A996-10E824755FA8}
		{51F88DDE-822C-4AF8-941F-D82F7E3BDABC} = {17E1CE77-1409-490F-A996-10E824755FA8}
		{D80A4B1E-1812-4123-817D-29BB8956F0BC} = {17E1CE77-1409-490F-A996-10E824755FA8}
		{E040340E-EBB2-4650-8E19-EE46EB684E14} = {274D3097-801D-4430-940E-C729B88902DD}
		{64A73790-B7A5-4868-98AF-1C316C00DAA9} = {17E1CE77-1409-490F-A996-10E824755FA8}
		{00319FBF-9EE6-4294-B30A-5C276A834824} = {17E1CE77-1409-490F-A996-10E824755FA8}
		{4F27F222-A522-4D26-B98F-E45333A91CD0} = {17E1CE77-1409-490F-A996-10E824755FA8}
		{CFF208AA-6106-481A-8E29-2A1ABBB53D5F} = {17E1CE77-1409-490F-A996-10E824755FA8}
		{CFD13DBB-36D9-43E1-8E78-A29D2236BE79} = {17E1CE77-1409-490F-A996-10E824755FA8}
		{ECC51890-E3B6-4D06-A7A7-92128A211617} = {17E1CE77-1409-490F-A996-10E824755FA8}
		{BA490271-E2B6-479C-A4ED-5E55BB4FE007} = {17E1CE77-1409-490F-A996-10E824755FA8}
		{92E0F22F-8ED3-4973-91F5-55D32B61176A} = {17E1CE77-1409-490F-A996-10E824755FA8}
		{C0F167E2-671C-401C-9A73-8BF1F0B38CFD} = {17E1CE77-1409-490F-A996-10E824755FA8}
		{23EF8201-AA7E-4EA2-AA20-F17FE9C721EB} = {17E1CE77-1409-490F-A996-10E824755FA8}
		{F403A114-E991-4C95-9AE2-FDEC3ADF044C} = {17E1CE77-1409-490F-A996-10E824755FA8}
		{B00DDE66-DEB8-4330-9E62-7393B2BA4859} = {17E1CE77-1409-490F-A996-10E824755FA8}
		{9336D246-AE7B-4FEE-B7FD-484CCE715E21} = {17E1CE77-1409-490F-A996-10E824755FA8}
		{54716BF5-5BC3-45E5-96B2-295B60AC6496} = {17E1CE77-1409-490F-A996-10E824755FA8}
		{0E27BECA-1945-4DDC-AA67-93A9D4E13EE9} = {17E1CE77-1409-490F-A996-10E824755FA8}
		{45413EBE-985A-432B-A020-E54CA9AF9F6E} = {17E1CE77-1409-490F-A996-10E824755FA8}
		{072D223C-EC45-48EB-A59A-E63B2A39EE37} = {17E1CE77-1409-490F-A996-10E824755FA8}
		{BD96DFB6-5106-46BC-B163-FAAABECBC728} = {22866D51-333F-41FD-B065-B5B6CB255D7D}
		{8A3CFBD1-E1D8-4E7A-B8CA-D356CEF16020} = {22866D51-333F-41FD-B065-B5B6CB255D7D}
		{DB79F5B0-D045-4E09-A52A-7DCC6F304981} = {22866D51-333F-41FD-B065-B5B6CB255D7D}
		{0853C91A-B86A-4765-B992-B88E88AA80C0} = {22866D51-333F-41FD-B065-B5B6CB255D7D}
		{A7D391BE-03D5-4EFF-A44E-C986764219F3} = {22866D51-333F-41FD-B065-B5B6CB255D7D}
		{18D02CA6-A2D9-456F-8400-F0CEDFC4D275} = {22866D51-333F-41FD-B065-B5B6CB255D7D}
		{B5F2D8A5-15F1-4A72-B9A7-65D1E94FAFCF} = {22866D51-333F-41FD-B065-B5B6CB255D7D}
		{9A4B3224-04D3-4631-AD12-8CB40D359E76} = {22866D51-333F-41FD-B065-B5B6CB255D7D}
		{99C51774-D8BE-433C-B659-704DC542A9B8} = {22866D51-333F-41FD-B065-B5B6CB255D7D}
		{896EE8BD-EE98-4715-BF6F-1F7509D433FC} = {22866D51-333F-41FD-B065-B5B6CB255D7D}
		{F88685DC-B1E9-41A2-BAF1-311A886CE109} = {22866D51-333F-41FD-B065-B5B6CB255D7D}
		{F8DCD1AB-FB2D-4E75-AAE0-CDB9F45F0A3B} = {22866D51-333F-41FD-B065-B5B6CB255D7D}
		{C06A6C6F-FA1A-4103-A4FE-A4307B454F87} = {22866D51-333F-41FD-B065-B5B6CB255D7D}
		{575871E1-3183-4D75-815D-5AD8ACA9C6EB} = {22866D51-333F-41FD-B065-B5B6CB255D7D}
		{9B9EF495-47C8-406C-ADE1-B31253FCDCAC} = {22866D51-333F-41FD-B065-B5B6CB255D7D}
		{0B4A0600-E527-4E64-B5D3-7839E16A925D} = {FAB5E597-9513-4454-8517-F58BE4038A1B}
		{35F69BB7-9BDB-422A-95FC-ED27AFFCA680} = {FAB5E597-9513-4454-8517-F58BE4038A1B}
		{54FB8778-BCEA-4A13-8A22-C1010D94875F} = {FAB5E597-9513-4454-8517-F58BE4038A1B}
		{5A7214C5-7136-4C6C-95C0-366769146DC9} = {FAB5E597-9513-4454-8517-F58BE4038A1B}
		{CDF9928F-60D3-46B7-BCC3-170D3B2C6A8D} = {FAB5E597-9513-4454-8517-F58BE4038A1B}
		{39888A7A-52A1-4AB5-BCC9-599725C78D15} = {FAB5E597-9513-4454-8517-F58BE4038A1B}
		{BF782B32-E9C0-44B9-973E-AE7A402B0972} = {FAB5E597-9513-4454-8517-F58BE4038A1B}
	EndGlobalSection
	GlobalSection(ExtensibilityGlobals) = postSolution
		SolutionGuid = {0512AB00-7901-4B24-A1E6-7AD7ACCD632F}
	EndGlobalSection
EndGlobal
