
Microsoft Visual Studio Solution File, Format Version 12.00
# Visual Studio Version 16
VisualStudioVersion = 16.0.28803.156
MinimumVisualStudioVersion = 10.0.40219.1
Project("{FAE04EC0-301F-11D3-BF4B-00C04F79EFBC}") = "API Docs", "API Docs.csproj", "{4EE0A9F6-DF99-4786-9349-2CFBDC289BE3}"
EndProject
Project("{FAE04EC0-301F-11D3-BF4B-00C04F79EFBC}") = "Commercial", "..\1 Fundamental\1.2\Commercial\Commercial.csproj", "{2793060D-8F90-4A08-8CC3-2D9DB25CA0EC}"
EndProject
Project("{FAE04EC0-301F-11D3-BF4B-00C04F79EFBC}") = "Geometry", "..\1 Fundamental\1.2\Geometry\Geometry.csproj", "{0963F331-A8F5-421A-AA88-1AFE70D321D7}"
EndProject
Project("{FAE04EC0-301F-11D3-BF4B-00C04F79EFBC}") = "Generics", "..\1 Fundamental\1.3\Generics\Generics.csproj", "{52B10C1B-78F7-493B-AB00-58EFD921FDA6}"
EndProject
Project("{FAE04EC0-301F-11D3-BF4B-00C04F79EFBC}") = "Measurement", "..\1 Fundamental\1.4\Measurement\Measurement.csproj", "{AF538402-F108-4A7E-89A4-381973C81558}"
EndProject
Project("{FAE04EC0-301F-11D3-BF4B-00C04F79EFBC}") = "UnionFind", "..\1 Fundamental\1.5\UnionFind\UnionFind.csproj", "{B18B7737-DFDD-4319-AB4F-DB6AC3352A3D}"
EndProject
Project("{FAE04EC0-301F-11D3-BF4B-00C04F79EFBC}") = "Sort", "..\2 Sorting\2.1\Sort\Sort.csproj", "{98883E39-656A-4887-8CBA-963C7E8D4A02}"
EndProject
Project("{FAE04EC0-301F-11D3-BF4B-00C04F79EFBC}") = "Merge", "..\2 Sorting\2.2\Merge\Merge.csproj", "{86319415-44D5-4BEB-9BD9-87D7E1EFA36E}"
EndProject
Project("{FAE04EC0-301F-11D3-BF4B-00C04F79EFBC}") = "Quick", "..\2 Sorting\2.3\Quick\Quick.csproj", "{F5FB1710-8260-4D0B-A366-EFF40E64381F}"
EndProject
Project("{FAE04EC0-301F-11D3-BF4B-00C04F79EFBC}") = "PriorityQueue", "..\2 Sorting\2.4\PriorityQueue\PriorityQueue.csproj", "{E040340E-EBB2-4650-8E19-EE46EB684E14}"
EndProject
Project("{FAE04EC0-301F-11D3-BF4B-00C04F79EFBC}") = "SortApplication", "..\2 Sorting\2.5\SortApplication\SortApplication.csproj", "{121D6B05-A47F-4C1C-BAD8-EE4E5A245C8E}"
EndProject
Project("{FAE04EC0-301F-11D3-BF4B-00C04F79EFBC}") = "SymbolTable", "..\3 Searching\3.1\SymbolTable\SymbolTable.csproj", "{3B220D25-5761-4853-9428-A4595D71EB60}"
EndProject
Project("{FAE04EC0-301F-11D3-BF4B-00C04F79EFBC}") = "BinarySearchTree", "..\3 Searching\3.2\BinarySearchTree\BinarySearchTree.csproj", "{7735D249-58C0-4489-9577-0AD1FEF14A40}"
EndProject
Global
	GlobalSection(SolutionConfigurationPlatforms) = preSolution
		Debug|Any CPU = Debug|Any CPU
		Release|Any CPU = Release|Any CPU
	EndGlobalSection
	GlobalSection(ProjectConfigurationPlatforms) = postSolution
		{4EE0A9F6-DF99-4786-9349-2CFBDC289BE3}.Debug|Any CPU.ActiveCfg = Debug|Any CPU
		{4EE0A9F6-DF99-4786-9349-2CFBDC289BE3}.Debug|Any CPU.Build.0 = Debug|Any CPU
		{4EE0A9F6-DF99-4786-9349-2CFBDC289BE3}.Release|Any CPU.ActiveCfg = Release|Any CPU
		{4EE0A9F6-DF99-4786-9349-2CFBDC289BE3}.Release|Any CPU.Build.0 = Release|Any CPU
		{2793060D-8F90-4A08-8CC3-2D9DB25CA0EC}.Debug|Any CPU.ActiveCfg = Debug|Any CPU
		{2793060D-8F90-4A08-8CC3-2D9DB25CA0EC}.Debug|Any CPU.Build.0 = Debug|Any CPU
		{2793060D-8F90-4A08-8CC3-2D9DB25CA0EC}.Release|Any CPU.ActiveCfg = Release|Any CPU
		{2793060D-8F90-4A08-8CC3-2D9DB25CA0EC}.Release|Any CPU.Build.0 = Release|Any CPU
		{0963F331-A8F5-421A-AA88-1AFE70D321D7}.Debug|Any CPU.ActiveCfg = Debug|Any CPU
		{0963F331-A8F5-421A-AA88-1AFE70D321D7}.Debug|Any CPU.Build.0 = Debug|Any CPU
		{0963F331-A8F5-421A-AA88-1AFE70D321D7}.Release|Any CPU.ActiveCfg = Release|Any CPU
		{0963F331-A8F5-421A-AA88-1AFE70D321D7}.Release|Any CPU.Build.0 = Release|Any CPU
		{52B10C1B-78F7-493B-AB00-58EFD921FDA6}.Debug|Any CPU.ActiveCfg = Debug|Any CPU
		{52B10C1B-78F7-493B-AB00-58EFD921FDA6}.Debug|Any CPU.Build.0 = Debug|Any CPU
		{52B10C1B-78F7-493B-AB00-58EFD921FDA6}.Release|Any CPU.ActiveCfg = Release|Any CPU
		{52B10C1B-78F7-493B-AB00-58EFD921FDA6}.Release|Any CPU.Build.0 = Release|Any CPU
		{AF538402-F108-4A7E-89A4-381973C81558}.Debug|Any CPU.ActiveCfg = Debug|Any CPU
		{AF538402-F108-4A7E-89A4-381973C81558}.Debug|Any CPU.Build.0 = Debug|Any CPU
		{AF538402-F108-4A7E-89A4-381973C81558}.Release|Any CPU.ActiveCfg = Release|Any CPU
		{AF538402-F108-4A7E-89A4-381973C81558}.Release|Any CPU.Build.0 = Release|Any CPU
		{B18B7737-DFDD-4319-AB4F-DB6AC3352A3D}.Debug|Any CPU.ActiveCfg = Debug|Any CPU
		{B18B7737-DFDD-4319-AB4F-DB6AC3352A3D}.Debug|Any CPU.Build.0 = Debug|Any CPU
		{B18B7737-DFDD-4319-AB4F-DB6AC3352A3D}.Release|Any CPU.ActiveCfg = Release|Any CPU
		{B18B7737-DFDD-4319-AB4F-DB6AC3352A3D}.Release|Any CPU.Build.0 = Release|Any CPU
		{98883E39-656A-4887-8CBA-963C7E8D4A02}.Debug|Any CPU.ActiveCfg = Debug|Any CPU
		{98883E39-656A-4887-8CBA-963C7E8D4A02}.Debug|Any CPU.Build.0 = Debug|Any CPU
		{98883E39-656A-4887-8CBA-963C7E8D4A02}.Release|Any CPU.ActiveCfg = Release|Any CPU
		{98883E39-656A-4887-8CBA-963C7E8D4A02}.Release|Any CPU.Build.0 = Release|Any CPU
		{86319415-44D5-4BEB-9BD9-87D7E1EFA36E}.Debug|Any CPU.ActiveCfg = Debug|Any CPU
		{86319415-44D5-4BEB-9BD9-87D7E1EFA36E}.Debug|Any CPU.Build.0 = Debug|Any CPU
		{86319415-44D5-4BEB-9BD9-87D7E1EFA36E}.Release|Any CPU.ActiveCfg = Release|Any CPU
		{86319415-44D5-4BEB-9BD9-87D7E1EFA36E}.Release|Any CPU.Build.0 = Release|Any CPU
		{F5FB1710-8260-4D0B-A366-EFF40E64381F}.Debug|Any CPU.ActiveCfg = Debug|Any CPU
		{F5FB1710-8260-4D0B-A366-EFF40E64381F}.Debug|Any CPU.Build.0 = Debug|Any CPU
		{F5FB1710-8260-4D0B-A366-EFF40E64381F}.Release|Any CPU.ActiveCfg = Release|Any CPU
		{F5FB1710-8260-4D0B-A366-EFF40E64381F}.Release|Any CPU.Build.0 = Release|Any CPU
		{E040340E-EBB2-4650-8E19-EE46EB684E14}.Debug|Any CPU.ActiveCfg = Debug|Any CPU
		{E040340E-EBB2-4650-8E19-EE46EB684E14}.Debug|Any CPU.Build.0 = Debug|Any CPU
		{E040340E-EBB2-4650-8E19-EE46EB684E14}.Release|Any CPU.ActiveCfg = Release|Any CPU
		{E040340E-EBB2-4650-8E19-EE46EB684E14}.Release|Any CPU.Build.0 = Release|Any CPU
		{121D6B05-A47F-4C1C-BAD8-EE4E5A245C8E}.Debug|Any CPU.ActiveCfg = Debug|Any CPU
		{121D6B05-A47F-4C1C-BAD8-EE4E5A245C8E}.Debug|Any CPU.Build.0 = Debug|Any CPU
		{121D6B05-A47F-4C1C-BAD8-EE4E5A245C8E}.Release|Any CPU.ActiveCfg = Release|Any CPU
		{121D6B05-A47F-4C1C-BAD8-EE4E5A245C8E}.Release|Any CPU.Build.0 = Release|Any CPU
		{3B220D25-5761-4853-9428-A4595D71EB60}.Debug|Any CPU.ActiveCfg = Debug|Any CPU
		{3B220D25-5761-4853-9428-A4595D71EB60}.Debug|Any CPU.Build.0 = Debug|Any CPU
		{3B220D25-5761-4853-9428-A4595D71EB60}.Release|Any CPU.ActiveCfg = Release|Any CPU
		{3B220D25-5761-4853-9428-A4595D71EB60}.Release|Any CPU.Build.0 = Release|Any CPU
		{7735D249-58C0-4489-9577-0AD1FEF14A40}.Debug|Any CPU.ActiveCfg = Debug|Any CPU
		{7735D249-58C0-4489-9577-0AD1FEF14A40}.Debug|Any CPU.Build.0 = Debug|Any CPU
		{7735D249-58C0-4489-9577-0AD1FEF14A40}.Release|Any CPU.ActiveCfg = Release|Any CPU
		{7735D249-58C0-4489-9577-0AD1FEF14A40}.Release|Any CPU.Build.0 = Release|Any CPU
	EndGlobalSection
	GlobalSection(SolutionProperties) = preSolution
		HideSolutionNode = FALSE
	EndGlobalSection
	GlobalSection(ExtensibilityGlobals) = postSolution
		SolutionGuid = {4EC4CAB2-1E3C-454E-89AF-6D7605567412}
	EndGlobalSection
EndGlobal
