
Microsoft Visual Studio Solution File, Format Version 12.00
# Visual Studio 15
VisualStudioVersion = 15.0.28307.168
MinimumVisualStudioVersion = 10.0.40219.1
Project("{2150E333-8FDC-42A3-9474-1A3956D46DE8}") = "0-类库", "0-类库", "{E8CA8D96-5562-43ED-A641-630B2FF9C06E}"
EndProject
Project("{2150E333-8FDC-42A3-9474-1A3956D46DE8}") = "1-基础题（2.5.1~2.5.11）", "1-基础题（2.5.1~2.5.11）", "{2EBD2398-5A7C-4BF4-AD3B-5DB4AD8AC999}"
EndProject
Project("{2150E333-8FDC-42A3-9474-1A3956D46DE8}") = "2-提高题（2.5.12~2.5.30）", "2-提高题（2.5.12~2.5.30）", "{1A462E74-56F3-4003-A45E-859EAAD218C3}"
EndProject
Project("{2150E333-8FDC-42A3-9474-1A3956D46DE8}") = "3-实验题（2.5.31~2.5.33）", "3-实验题（2.5.31~2.5.33）", "{5DAEC033-90FE-4E9F-9662-7085E7FEB848}"
EndProject
Project("{FAE04EC0-301F-11D3-BF4B-00C04F79EFBC}") = "SortApplication", "SortApplication\SortApplication.csproj", "{121D6B05-A47F-4C1C-BAD8-EE4E5A245C8E}"
EndProject
Project("{FAE04EC0-301F-11D3-BF4B-00C04F79EFBC}") = "2.5.1", "2.5.1\2.5.1.csproj", "{CC3F5E6E-EE3B-41DA-8098-50D38CD55A7F}"
EndProject
Project("{FAE04EC0-301F-11D3-BF4B-00C04F79EFBC}") = "2.5.2", "2.5.2\2.5.2.csproj", "{68779663-E3B1-40AD-BF76-1CDD15BF3C42}"
EndProject
Project("{FAE04EC0-301F-11D3-BF4B-00C04F79EFBC}") = "2.5.3", "2.5.3\2.5.3.csproj", "{0BD88768-2190-4BE9-AE4F-7FBE59E495B5}"
EndProject
Project("{FAE04EC0-301F-11D3-BF4B-00C04F79EFBC}") = "2.5.4", "2.5.4\2.5.4.csproj", "{B0D85603-5873-4491-ACAB-A0C299ED9B60}"
EndProject
Project("{FAE04EC0-301F-11D3-BF4B-00C04F79EFBC}") = "2.5.5", "2.5.5\2.5.5.csproj", "{093918DF-C391-4824-BD01-FA2C7BF1F311}"
EndProject
Project("{FAE04EC0-301F-11D3-BF4B-00C04F79EFBC}") = "2.5.6", "2.5.6\2.5.6.csproj", "{C34A21B4-33A4-434D-A17F-BE0E92803CCA}"
EndProject
Project("{FAE04EC0-301F-11D3-BF4B-00C04F79EFBC}") = "2.5.7", "2.5.7\2.5.7.csproj", "{F85A0396-6B6C-4694-8D65-B25FA8BA951E}"
EndProject
Project("{FAE04EC0-301F-11D3-BF4B-00C04F79EFBC}") = "2.5.8", "2.5.8\2.5.8.csproj", "{3EBA3D61-E1DF-4842-AC40-5ABC7F10E86B}"
EndProject
Project("{FAE04EC0-301F-11D3-BF4B-00C04F79EFBC}") = "2.5.9", "2.5.9\2.5.9.csproj", "{48D735F4-DE74-4332-A274-7A888F4B5CAA}"
EndProject
Project("{FAE04EC0-301F-11D3-BF4B-00C04F79EFBC}") = "2.5.10", "2.5.10\2.5.10.csproj", "{AE4E57EE-9891-4DDB-96B1-B875371BC222}"
EndProject
Project("{FAE04EC0-301F-11D3-BF4B-00C04F79EFBC}") = "2.5.11", "2.5.11\2.5.11.csproj", "{647C0E3A-EF78-4291-B738-7768998C47A9}"
EndProject
Project("{FAE04EC0-301F-11D3-BF4B-00C04F79EFBC}") = "2.5.12", "2.5.12\2.5.12.csproj", "{842C6914-DA5D-49A7-B7F1-6C576C242781}"
EndProject
Project("{FAE04EC0-301F-11D3-BF4B-00C04F79EFBC}") = "2.5.13", "2.5.13\2.5.13.csproj", "{3216EFE2-CA05-4815-9C4F-25E39995480E}"
EndProject
Project("{FAE04EC0-301F-11D3-BF4B-00C04F79EFBC}") = "2.5.14", "2.5.14\2.5.14.csproj", "{10B64505-47A7-48F2-BED7-81EDF389F3E6}"
EndProject
Project("{FAE04EC0-301F-11D3-BF4B-00C04F79EFBC}") = "2.5.15", "2.5.15\2.5.15.csproj", "{7ADD5177-650B-45D5-9799-94C2A58754F6}"
EndProject
Project("{FAE04EC0-301F-11D3-BF4B-00C04F79EFBC}") = "2.5.16", "2.5.16\2.5.16.csproj", "{E9F742AB-5D12-473E-A0B3-0C136D764B24}"
EndProject
Project("{FAE04EC0-301F-11D3-BF4B-00C04F79EFBC}") = "2.5.17", "2.5.17\2.5.17.csproj", "{41E36C2E-D971-4E06-B061-90EF11456D58}"
EndProject
Project("{FAE04EC0-301F-11D3-BF4B-00C04F79EFBC}") = "2.5.18", "2.5.18\2.5.18.csproj", "{A31D2131-5182-4993-A16C-E5437789872B}"
EndProject
Project("{FAE04EC0-301F-11D3-BF4B-00C04F79EFBC}") = "2.5.19", "2.5.19\2.5.19.csproj", "{F7C3E56D-885D-47E2-A3E2-F60F5D049B01}"
EndProject
Project("{FAE04EC0-301F-11D3-BF4B-00C04F79EFBC}") = "2.5.20", "2.5.20\2.5.20.csproj", "{2AD08AB3-D83C-439A-95D9-5E22101BB27D}"
EndProject
Project("{FAE04EC0-301F-11D3-BF4B-00C04F79EFBC}") = "2.5.21", "2.5.21\2.5.21.csproj", "{B71D2D1F-8964-4C04-8EC1-988E115C0932}"
EndProject
Project("{FAE04EC0-301F-11D3-BF4B-00C04F79EFBC}") = "2.5.22", "2.5.22\2.5.22.csproj", "{F3FB6DB6-C7F8-4B58-B413-F0E1A80CF3BC}"
EndProject
Project("{FAE04EC0-301F-11D3-BF4B-00C04F79EFBC}") = "2.5.23", "2.5.23\2.5.23.csproj", "{37C9028E-CE0A-4426-B434-AAF2D8EAE979}"
EndProject
Project("{FAE04EC0-301F-11D3-BF4B-00C04F79EFBC}") = "2.5.24", "2.5.24\2.5.24.csproj", "{19219227-886E-4382-B3A3-E348F1D9C876}"
EndProject
Project("{FAE04EC0-301F-11D3-BF4B-00C04F79EFBC}") = "2.5.25", "2.5.25\2.5.25.csproj", "{8BDF7852-D7E4-44A6-9725-FC13759CCCDF}"
EndProject
Project("{FAE04EC0-301F-11D3-BF4B-00C04F79EFBC}") = "2.5.26", "2.5.26\2.5.26.csproj", "{5791301D-2875-4271-91F0-C25B60C5E651}"
EndProject
Project("{FAE04EC0-301F-11D3-BF4B-00C04F79EFBC}") = "2.5.27", "2.5.27\2.5.27.csproj", "{48A29B3D-CC81-42D5-B96D-75B877931551}"
EndProject
Project("{FAE04EC0-301F-11D3-BF4B-00C04F79EFBC}") = "2.5.28", "2.5.28\2.5.28.csproj", "{F8747E30-4260-482A-8C9A-452BC8AF8C75}"
EndProject
Project("{FAE04EC0-301F-11D3-BF4B-00C04F79EFBC}") = "2.5.29", "2.5.29\2.5.29.csproj", "{CB41C082-3578-4F21-9142-FA664CE99C40}"
EndProject
Project("{FAE04EC0-301F-11D3-BF4B-00C04F79EFBC}") = "2.5.30", "2.5.30\2.5.30.csproj", "{DB234AC2-2228-483F-9456-0ADD6005F802}"
EndProject
Project("{FAE04EC0-301F-11D3-BF4B-00C04F79EFBC}") = "2.5.31", "2.5.31\2.5.31.csproj", "{70DE5FD0-A4DB-4B67-B89B-EB73EB62AC24}"
EndProject
Project("{FAE04EC0-301F-11D3-BF4B-00C04F79EFBC}") = "2.5.32", "2.5.32\2.5.32.csproj", "{8673F7CD-C504-4704-8C3F-7137CFCBC78D}"
EndProject
Project("{FAE04EC0-301F-11D3-BF4B-00C04F79EFBC}") = "2.5.33", "2.5.33\2.5.33.csproj", "{71E47859-80B4-4C75-B1FC-2C022B7E13E9}"
EndProject
Global
	GlobalSection(SolutionConfigurationPlatforms) = preSolution
		Debug|Any CPU = Debug|Any CPU
		Release|Any CPU = Release|Any CPU
	EndGlobalSection
	GlobalSection(ProjectConfigurationPlatforms) = postSolution
		{121D6B05-A47F-4C1C-BAD8-EE4E5A245C8E}.Debug|Any CPU.ActiveCfg = Debug|Any CPU
		{121D6B05-A47F-4C1C-BAD8-EE4E5A245C8E}.Debug|Any CPU.Build.0 = Debug|Any CPU
		{121D6B05-A47F-4C1C-BAD8-EE4E5A245C8E}.Release|Any CPU.ActiveCfg = Release|Any CPU
		{121D6B05-A47F-4C1C-BAD8-EE4E5A245C8E}.Release|Any CPU.Build.0 = Release|Any CPU
		{CC3F5E6E-EE3B-41DA-8098-50D38CD55A7F}.Debug|Any CPU.ActiveCfg = Debug|Any CPU
		{CC3F5E6E-EE3B-41DA-8098-50D38CD55A7F}.Debug|Any CPU.Build.0 = Debug|Any CPU
		{CC3F5E6E-EE3B-41DA-8098-50D38CD55A7F}.Release|Any CPU.ActiveCfg = Release|Any CPU
		{CC3F5E6E-EE3B-41DA-8098-50D38CD55A7F}.Release|Any CPU.Build.0 = Release|Any CPU
		{68779663-E3B1-40AD-BF76-1CDD15BF3C42}.Debug|Any CPU.ActiveCfg = Debug|Any CPU
		{68779663-E3B1-40AD-BF76-1CDD15BF3C42}.Debug|Any CPU.Build.0 = Debug|Any CPU
		{68779663-E3B1-40AD-BF76-1CDD15BF3C42}.Release|Any CPU.ActiveCfg = Release|Any CPU
		{68779663-E3B1-40AD-BF76-1CDD15BF3C42}.Release|Any CPU.Build.0 = Release|Any CPU
		{0BD88768-2190-4BE9-AE4F-7FBE59E495B5}.Debug|Any CPU.ActiveCfg = Debug|Any CPU
		{0BD88768-2190-4BE9-AE4F-7FBE59E495B5}.Debug|Any CPU.Build.0 = Debug|Any CPU
		{0BD88768-2190-4BE9-AE4F-7FBE59E495B5}.Release|Any CPU.ActiveCfg = Release|Any CPU
		{0BD88768-2190-4BE9-AE4F-7FBE59E495B5}.Release|Any CPU.Build.0 = Release|Any CPU
		{B0D85603-5873-4491-ACAB-A0C299ED9B60}.Debug|Any CPU.ActiveCfg = Debug|Any CPU
		{B0D85603-5873-4491-ACAB-A0C299ED9B60}.Debug|Any CPU.Build.0 = Debug|Any CPU
		{B0D85603-5873-4491-ACAB-A0C299ED9B60}.Release|Any CPU.ActiveCfg = Release|Any CPU
		{B0D85603-5873-4491-ACAB-A0C299ED9B60}.Release|Any CPU.Build.0 = Release|Any CPU
		{093918DF-C391-4824-BD01-FA2C7BF1F311}.Debug|Any CPU.ActiveCfg = Debug|Any CPU
		{093918DF-C391-4824-BD01-FA2C7BF1F311}.Debug|Any CPU.Build.0 = Debug|Any CPU
		{093918DF-C391-4824-BD01-FA2C7BF1F311}.Release|Any CPU.ActiveCfg = Release|Any CPU
		{093918DF-C391-4824-BD01-FA2C7BF1F311}.Release|Any CPU.Build.0 = Release|Any CPU
		{C34A21B4-33A4-434D-A17F-BE0E92803CCA}.Debug|Any CPU.ActiveCfg = Debug|Any CPU
		{C34A21B4-33A4-434D-A17F-BE0E92803CCA}.Debug|Any CPU.Build.0 = Debug|Any CPU
		{C34A21B4-33A4-434D-A17F-BE0E92803CCA}.Release|Any CPU.ActiveCfg = Release|Any CPU
		{C34A21B4-33A4-434D-A17F-BE0E92803CCA}.Release|Any CPU.Build.0 = Release|Any CPU
		{F85A0396-6B6C-4694-8D65-B25FA8BA951E}.Debug|Any CPU.ActiveCfg = Debug|Any CPU
		{F85A0396-6B6C-4694-8D65-B25FA8BA951E}.Debug|Any CPU.Build.0 = Debug|Any CPU
		{F85A0396-6B6C-4694-8D65-B25FA8BA951E}.Release|Any CPU.ActiveCfg = Release|Any CPU
		{F85A0396-6B6C-4694-8D65-B25FA8BA951E}.Release|Any CPU.Build.0 = Release|Any CPU
		{3EBA3D61-E1DF-4842-AC40-5ABC7F10E86B}.Debug|Any CPU.ActiveCfg = Debug|Any CPU
		{3EBA3D61-E1DF-4842-AC40-5ABC7F10E86B}.Debug|Any CPU.Build.0 = Debug|Any CPU
		{3EBA3D61-E1DF-4842-AC40-5ABC7F10E86B}.Release|Any CPU.ActiveCfg = Release|Any CPU
		{3EBA3D61-E1DF-4842-AC40-5ABC7F10E86B}.Release|Any CPU.Build.0 = Release|Any CPU
		{48D735F4-DE74-4332-A274-7A888F4B5CAA}.Debug|Any CPU.ActiveCfg = Debug|Any CPU
		{48D735F4-DE74-4332-A274-7A888F4B5CAA}.Debug|Any CPU.Build.0 = Debug|Any CPU
		{48D735F4-DE74-4332-A274-7A888F4B5CAA}.Release|Any CPU.ActiveCfg = Release|Any CPU
		{48D735F4-DE74-4332-A274-7A888F4B5CAA}.Release|Any CPU.Build.0 = Release|Any CPU
		{AE4E57EE-9891-4DDB-96B1-B875371BC222}.Debug|Any CPU.ActiveCfg = Debug|Any CPU
		{AE4E57EE-9891-4DDB-96B1-B875371BC222}.Debug|Any CPU.Build.0 = Debug|Any CPU
		{AE4E57EE-9891-4DDB-96B1-B875371BC222}.Release|Any CPU.ActiveCfg = Release|Any CPU
		{AE4E57EE-9891-4DDB-96B1-B875371BC222}.Release|Any CPU.Build.0 = Release|Any CPU
		{647C0E3A-EF78-4291-B738-7768998C47A9}.Debug|Any CPU.ActiveCfg = Debug|Any CPU
		{647C0E3A-EF78-4291-B738-7768998C47A9}.Debug|Any CPU.Build.0 = Debug|Any CPU
		{647C0E3A-EF78-4291-B738-7768998C47A9}.Release|Any CPU.ActiveCfg = Release|Any CPU
		{647C0E3A-EF78-4291-B738-7768998C47A9}.Release|Any CPU.Build.0 = Release|Any CPU
		{842C6914-DA5D-49A7-B7F1-6C576C242781}.Debug|Any CPU.ActiveCfg = Debug|Any CPU
		{842C6914-DA5D-49A7-B7F1-6C576C242781}.Debug|Any CPU.Build.0 = Debug|Any CPU
		{842C6914-DA5D-49A7-B7F1-6C576C242781}.Release|Any CPU.ActiveCfg = Release|Any CPU
		{842C6914-DA5D-49A7-B7F1-6C576C242781}.Release|Any CPU.Build.0 = Release|Any CPU
		{3216EFE2-CA05-4815-9C4F-25E39995480E}.Debug|Any CPU.ActiveCfg = Debug|Any CPU
		{3216EFE2-CA05-4815-9C4F-25E39995480E}.Debug|Any CPU.Build.0 = Debug|Any CPU
		{3216EFE2-CA05-4815-9C4F-25E39995480E}.Release|Any CPU.ActiveCfg = Release|Any CPU
		{3216EFE2-CA05-4815-9C4F-25E39995480E}.Release|Any CPU.Build.0 = Release|Any CPU
		{10B64505-47A7-48F2-BED7-81EDF389F3E6}.Debug|Any CPU.ActiveCfg = Debug|Any CPU
		{10B64505-47A7-48F2-BED7-81EDF389F3E6}.Debug|Any CPU.Build.0 = Debug|Any CPU
		{10B64505-47A7-48F2-BED7-81EDF389F3E6}.Release|Any CPU.ActiveCfg = Release|Any CPU
		{10B64505-47A7-48F2-BED7-81EDF389F3E6}.Release|Any CPU.Build.0 = Release|Any CPU
		{7ADD5177-650B-45D5-9799-94C2A58754F6}.Debug|Any CPU.ActiveCfg = Debug|Any CPU
		{7ADD5177-650B-45D5-9799-94C2A58754F6}.Debug|Any CPU.Build.0 = Debug|Any CPU
		{7ADD5177-650B-45D5-9799-94C2A58754F6}.Release|Any CPU.ActiveCfg = Release|Any CPU
		{7ADD5177-650B-45D5-9799-94C2A58754F6}.Release|Any CPU.Build.0 = Release|Any CPU
		{E9F742AB-5D12-473E-A0B3-0C136D764B24}.Debug|Any CPU.ActiveCfg = Debug|Any CPU
		{E9F742AB-5D12-473E-A0B3-0C136D764B24}.Debug|Any CPU.Build.0 = Debug|Any CPU
		{E9F742AB-5D12-473E-A0B3-0C136D764B24}.Release|Any CPU.ActiveCfg = Release|Any CPU
		{E9F742AB-5D12-473E-A0B3-0C136D764B24}.Release|Any CPU.Build.0 = Release|Any CPU
		{41E36C2E-D971-4E06-B061-90EF11456D58}.Debug|Any CPU.ActiveCfg = Debug|Any CPU
		{41E36C2E-D971-4E06-B061-90EF11456D58}.Debug|Any CPU.Build.0 = Debug|Any CPU
		{41E36C2E-D971-4E06-B061-90EF11456D58}.Release|Any CPU.ActiveCfg = Release|Any CPU
		{41E36C2E-D971-4E06-B061-90EF11456D58}.Release|Any CPU.Build.0 = Release|Any CPU
		{A31D2131-5182-4993-A16C-E5437789872B}.Debug|Any CPU.ActiveCfg = Debug|Any CPU
		{A31D2131-5182-4993-A16C-E5437789872B}.Debug|Any CPU.Build.0 = Debug|Any CPU
		{A31D2131-5182-4993-A16C-E5437789872B}.Release|Any CPU.ActiveCfg = Release|Any CPU
		{A31D2131-5182-4993-A16C-E5437789872B}.Release|Any CPU.Build.0 = Release|Any CPU
		{F7C3E56D-885D-47E2-A3E2-F60F5D049B01}.Debug|Any CPU.ActiveCfg = Debug|Any CPU
		{F7C3E56D-885D-47E2-A3E2-F60F5D049B01}.Debug|Any CPU.Build.0 = Debug|Any CPU
		{F7C3E56D-885D-47E2-A3E2-F60F5D049B01}.Release|Any CPU.ActiveCfg = Release|Any CPU
		{F7C3E56D-885D-47E2-A3E2-F60F5D049B01}.Release|Any CPU.Build.0 = Release|Any CPU
		{2AD08AB3-D83C-439A-95D9-5E22101BB27D}.Debug|Any CPU.ActiveCfg = Debug|Any CPU
		{2AD08AB3-D83C-439A-95D9-5E22101BB27D}.Debug|Any CPU.Build.0 = Debug|Any CPU
		{2AD08AB3-D83C-439A-95D9-5E22101BB27D}.Release|Any CPU.ActiveCfg = Release|Any CPU
		{2AD08AB3-D83C-439A-95D9-5E22101BB27D}.Release|Any CPU.Build.0 = Release|Any CPU
		{B71D2D1F-8964-4C04-8EC1-988E115C0932}.Debug|Any CPU.ActiveCfg = Debug|Any CPU
		{B71D2D1F-8964-4C04-8EC1-988E115C0932}.Debug|Any CPU.Build.0 = Debug|Any CPU
		{B71D2D1F-8964-4C04-8EC1-988E115C0932}.Release|Any CPU.ActiveCfg = Release|Any CPU
		{B71D2D1F-8964-4C04-8EC1-988E115C0932}.Release|Any CPU.Build.0 = Release|Any CPU
		{F3FB6DB6-C7F8-4B58-B413-F0E1A80CF3BC}.Debug|Any CPU.ActiveCfg = Debug|Any CPU
		{F3FB6DB6-C7F8-4B58-B413-F0E1A80CF3BC}.Debug|Any CPU.Build.0 = Debug|Any CPU
		{F3FB6DB6-C7F8-4B58-B413-F0E1A80CF3BC}.Release|Any CPU.ActiveCfg = Release|Any CPU
		{F3FB6DB6-C7F8-4B58-B413-F0E1A80CF3BC}.Release|Any CPU.Build.0 = Release|Any CPU
		{37C9028E-CE0A-4426-B434-AAF2D8EAE979}.Debug|Any CPU.ActiveCfg = Debug|Any CPU
		{37C9028E-CE0A-4426-B434-AAF2D8EAE979}.Debug|Any CPU.Build.0 = Debug|Any CPU
		{37C9028E-CE0A-4426-B434-AAF2D8EAE979}.Release|Any CPU.ActiveCfg = Release|Any CPU
		{37C9028E-CE0A-4426-B434-AAF2D8EAE979}.Release|Any CPU.Build.0 = Release|Any CPU
		{19219227-886E-4382-B3A3-E348F1D9C876}.Debug|Any CPU.ActiveCfg = Debug|Any CPU
		{19219227-886E-4382-B3A3-E348F1D9C876}.Debug|Any CPU.Build.0 = Debug|Any CPU
		{19219227-886E-4382-B3A3-E348F1D9C876}.Release|Any CPU.ActiveCfg = Release|Any CPU
		{19219227-886E-4382-B3A3-E348F1D9C876}.Release|Any CPU.Build.0 = Release|Any CPU
		{8BDF7852-D7E4-44A6-9725-FC13759CCCDF}.Debug|Any CPU.ActiveCfg = Debug|Any CPU
		{8BDF7852-D7E4-44A6-9725-FC13759CCCDF}.Debug|Any CPU.Build.0 = Debug|Any CPU
		{8BDF7852-D7E4-44A6-9725-FC13759CCCDF}.Release|Any CPU.ActiveCfg = Release|Any CPU
		{8BDF7852-D7E4-44A6-9725-FC13759CCCDF}.Release|Any CPU.Build.0 = Release|Any CPU
		{5791301D-2875-4271-91F0-C25B60C5E651}.Debug|Any CPU.ActiveCfg = Debug|Any CPU
		{5791301D-2875-4271-91F0-C25B60C5E651}.Debug|Any CPU.Build.0 = Debug|Any CPU
		{5791301D-2875-4271-91F0-C25B60C5E651}.Release|Any CPU.ActiveCfg = Release|Any CPU
		{5791301D-2875-4271-91F0-C25B60C5E651}.Release|Any CPU.Build.0 = Release|Any CPU
		{48A29B3D-CC81-42D5-B96D-75B877931551}.Debug|Any CPU.ActiveCfg = Debug|Any CPU
		{48A29B3D-CC81-42D5-B96D-75B877931551}.Debug|Any CPU.Build.0 = Debug|Any CPU
		{48A29B3D-CC81-42D5-B96D-75B877931551}.Release|Any CPU.ActiveCfg = Release|Any CPU
		{48A29B3D-CC81-42D5-B96D-75B877931551}.Release|Any CPU.Build.0 = Release|Any CPU
		{F8747E30-4260-482A-8C9A-452BC8AF8C75}.Debug|Any CPU.ActiveCfg = Debug|Any CPU
		{F8747E30-4260-482A-8C9A-452BC8AF8C75}.Debug|Any CPU.Build.0 = Debug|Any CPU
		{F8747E30-4260-482A-8C9A-452BC8AF8C75}.Release|Any CPU.ActiveCfg = Release|Any CPU
		{F8747E30-4260-482A-8C9A-452BC8AF8C75}.Release|Any CPU.Build.0 = Release|Any CPU
		{CB41C082-3578-4F21-9142-FA664CE99C40}.Debug|Any CPU.ActiveCfg = Debug|Any CPU
		{CB41C082-3578-4F21-9142-FA664CE99C40}.Debug|Any CPU.Build.0 = Debug|Any CPU
		{CB41C082-3578-4F21-9142-FA664CE99C40}.Release|Any CPU.ActiveCfg = Release|Any CPU
		{CB41C082-3578-4F21-9142-FA664CE99C40}.Release|Any CPU.Build.0 = Release|Any CPU
		{DB234AC2-2228-483F-9456-0ADD6005F802}.Debug|Any CPU.ActiveCfg = Debug|Any CPU
		{DB234AC2-2228-483F-9456-0ADD6005F802}.Debug|Any CPU.Build.0 = Debug|Any CPU
		{DB234AC2-2228-483F-9456-0ADD6005F802}.Release|Any CPU.ActiveCfg = Release|Any CPU
		{DB234AC2-2228-483F-9456-0ADD6005F802}.Release|Any CPU.Build.0 = Release|Any CPU
		{70DE5FD0-A4DB-4B67-B89B-EB73EB62AC24}.Debug|Any CPU.ActiveCfg = Debug|Any CPU
		{70DE5FD0-A4DB-4B67-B89B-EB73EB62AC24}.Debug|Any CPU.Build.0 = Debug|Any CPU
		{70DE5FD0-A4DB-4B67-B89B-EB73EB62AC24}.Release|Any CPU.ActiveCfg = Release|Any CPU
		{70DE5FD0-A4DB-4B67-B89B-EB73EB62AC24}.Release|Any CPU.Build.0 = Release|Any CPU
		{8673F7CD-C504-4704-8C3F-7137CFCBC78D}.Debug|Any CPU.ActiveCfg = Debug|Any CPU
		{8673F7CD-C504-4704-8C3F-7137CFCBC78D}.Debug|Any CPU.Build.0 = Debug|Any CPU
		{8673F7CD-C504-4704-8C3F-7137CFCBC78D}.Release|Any CPU.ActiveCfg = Release|Any CPU
		{8673F7CD-C504-4704-8C3F-7137CFCBC78D}.Release|Any CPU.Build.0 = Release|Any CPU
		{71E47859-80B4-4C75-B1FC-2C022B7E13E9}.Debug|Any CPU.ActiveCfg = Debug|Any CPU
		{71E47859-80B4-4C75-B1FC-2C022B7E13E9}.Debug|Any CPU.Build.0 = Debug|Any CPU
		{71E47859-80B4-4C75-B1FC-2C022B7E13E9}.Release|Any CPU.ActiveCfg = Release|Any CPU
		{71E47859-80B4-4C75-B1FC-2C022B7E13E9}.Release|Any CPU.Build.0 = Release|Any CPU
	EndGlobalSection
	GlobalSection(SolutionProperties) = preSolution
		HideSolutionNode = FALSE
	EndGlobalSection
	GlobalSection(NestedProjects) = preSolution
		{121D6B05-A47F-4C1C-BAD8-EE4E5A245C8E} = {E8CA8D96-5562-43ED-A641-630B2FF9C06E}
		{CC3F5E6E-EE3B-41DA-8098-50D38CD55A7F} = {2EBD2398-5A7C-4BF4-AD3B-5DB4AD8AC999}
		{68779663-E3B1-40AD-BF76-1CDD15BF3C42} = {2EBD2398-5A7C-4BF4-AD3B-5DB4AD8AC999}
		{0BD88768-2190-4BE9-AE4F-7FBE59E495B5} = {2EBD2398-5A7C-4BF4-AD3B-5DB4AD8AC999}
		{B0D85603-5873-4491-ACAB-A0C299ED9B60} = {2EBD2398-5A7C-4BF4-AD3B-5DB4AD8AC999}
		{093918DF-C391-4824-BD01-FA2C7BF1F311} = {2EBD2398-5A7C-4BF4-AD3B-5DB4AD8AC999}
		{C34A21B4-33A4-434D-A17F-BE0E92803CCA} = {2EBD2398-5A7C-4BF4-AD3B-5DB4AD8AC999}
		{F85A0396-6B6C-4694-8D65-B25FA8BA951E} = {2EBD2398-5A7C-4BF4-AD3B-5DB4AD8AC999}
		{3EBA3D61-E1DF-4842-AC40-5ABC7F10E86B} = {2EBD2398-5A7C-4BF4-AD3B-5DB4AD8AC999}
		{48D735F4-DE74-4332-A274-7A888F4B5CAA} = {2EBD2398-5A7C-4BF4-AD3B-5DB4AD8AC999}
		{AE4E57EE-9891-4DDB-96B1-B875371BC222} = {2EBD2398-5A7C-4BF4-AD3B-5DB4AD8AC999}
		{647C0E3A-EF78-4291-B738-7768998C47A9} = {2EBD2398-5A7C-4BF4-AD3B-5DB4AD8AC999}
		{842C6914-DA5D-49A7-B7F1-6C576C242781} = {1A462E74-56F3-4003-A45E-859EAAD218C3}
		{3216EFE2-CA05-4815-9C4F-25E39995480E} = {1A462E74-56F3-4003-A45E-859EAAD218C3}
		{10B64505-47A7-48F2-BED7-81EDF389F3E6} = {1A462E74-56F3-4003-A45E-859EAAD218C3}
		{7ADD5177-650B-45D5-9799-94C2A58754F6} = {1A462E74-56F3-4003-A45E-859EAAD218C3}
		{E9F742AB-5D12-473E-A0B3-0C136D764B24} = {1A462E74-56F3-4003-A45E-859EAAD218C3}
		{41E36C2E-D971-4E06-B061-90EF11456D58} = {1A462E74-56F3-4003-A45E-859EAAD218C3}
		{A31D2131-5182-4993-A16C-E5437789872B} = {1A462E74-56F3-4003-A45E-859EAAD218C3}
		{F7C3E56D-885D-47E2-A3E2-F60F5D049B01} = {1A462E74-56F3-4003-A45E-859EAAD218C3}
		{2AD08AB3-D83C-439A-95D9-5E22101BB27D} = {1A462E74-56F3-4003-A45E-859EAAD218C3}
		{B71D2D1F-8964-4C04-8EC1-988E115C0932} = {1A462E74-56F3-4003-A45E-859EAAD218C3}
		{F3FB6DB6-C7F8-4B58-B413-F0E1A80CF3BC} = {1A462E74-56F3-4003-A45E-859EAAD218C3}
		{37C9028E-CE0A-4426-B434-AAF2D8EAE979} = {1A462E74-56F3-4003-A45E-859EAAD218C3}
		{19219227-886E-4382-B3A3-E348F1D9C876} = {1A462E74-56F3-4003-A45E-859EAAD218C3}
		{8BDF7852-D7E4-44A6-9725-FC13759CCCDF} = {1A462E74-56F3-4003-A45E-859EAAD218C3}
		{5791301D-2875-4271-91F0-C25B60C5E651} = {1A462E74-56F3-4003-A45E-859EAAD218C3}
		{48A29B3D-CC81-42D5-B96D-75B877931551} = {1A462E74-56F3-4003-A45E-859EAAD218C3}
		{F8747E30-4260-482A-8C9A-452BC8AF8C75} = {1A462E74-56F3-4003-A45E-859EAAD218C3}
		{CB41C082-3578-4F21-9142-FA664CE99C40} = {1A462E74-56F3-4003-A45E-859EAAD218C3}
		{DB234AC2-2228-483F-9456-0ADD6005F802} = {1A462E74-56F3-4003-A45E-859EAAD218C3}
		{70DE5FD0-A4DB-4B67-B89B-EB73EB62AC24} = {5DAEC033-90FE-4E9F-9662-7085E7FEB848}
		{8673F7CD-C504-4704-8C3F-7137CFCBC78D} = {5DAEC033-90FE-4E9F-9662-7085E7FEB848}
		{71E47859-80B4-4C75-B1FC-2C022B7E13E9} = {5DAEC033-90FE-4E9F-9662-7085E7FEB848}
	EndGlobalSection
	GlobalSection(ExtensibilityGlobals) = postSolution
		SolutionGuid = {BBC3B685-A3C3-48C2-A9D5-2B416DB6A461}
	EndGlobalSection
EndGlobal
